// !$*UTF8*$!
{
	archiveVersion = 1;
	classes = {
	};
	objectVersion = 46;
	objects = {

/* Begin PBXBuildFile section */
		1D3623260D0F684500981E51 /* AppDelegate.m in Sources */ = {isa = PBXBuildFile; fileRef = 1D3623250D0F684500981E51 /* AppDelegate.m */; };
		1D60589B0D05DD56006BFB54 /* main.m in Sources */ = {isa = PBXBuildFile; fileRef = 29B97316FDCFA39411CA2CEA /* main.m */; };
		1D60589F0D05DD5A006BFB54 /* Foundation.framework in Frameworks */ = {isa = PBXBuildFile; fileRef = 1D30AB110D05D00D00671497 /* Foundation.framework */; };
		1DF5F4E00D08C38300B7A737 /* UIKit.framework in Frameworks */ = {isa = PBXBuildFile; fileRef = 1DF5F4DF0D08C38300B7A737 /* UIKit.framework */; settings = {ATTRIBUTES = (Weak, ); }; };
		1F766FE113BBADB100FB74C0 /* Localizable.strings in Resources */ = {isa = PBXBuildFile; fileRef = 1F766FDC13BBADB100FB74C0 /* Localizable.strings */; };
		1F766FE213BBADB100FB74C0 /* Localizable.strings in Resources */ = {isa = PBXBuildFile; fileRef = 1F766FDF13BBADB100FB74C0 /* Localizable.strings */; };
		288765FD0DF74451002DB57D /* CoreGraphics.framework in Frameworks */ = {isa = PBXBuildFile; fileRef = 288765FC0DF74451002DB57D /* CoreGraphics.framework */; };
		301BF552109A68D80062928A /* libCordova.a in Frameworks */ = {isa = PBXBuildFile; fileRef = 301BF535109A57CC0062928A /* libCordova.a */; };
		301BF570109A69640062928A /* www in Resources */ = {isa = PBXBuildFile; fileRef = 301BF56E109A69640062928A /* www */; };
		301BF5B5109A6A2B0062928A /* AddressBook.framework in Frameworks */ = {isa = PBXBuildFile; fileRef = 301BF5B4109A6A2B0062928A /* AddressBook.framework */; };
		301BF5B7109A6A2B0062928A /* AddressBookUI.framework in Frameworks */ = {isa = PBXBuildFile; fileRef = 301BF5B6109A6A2B0062928A /* AddressBookUI.framework */; };
		301BF5B9109A6A2B0062928A /* AudioToolbox.framework in Frameworks */ = {isa = PBXBuildFile; fileRef = 301BF5B8109A6A2B0062928A /* AudioToolbox.framework */; };
		301BF5BB109A6A2B0062928A /* AVFoundation.framework in Frameworks */ = {isa = PBXBuildFile; fileRef = 301BF5BA109A6A2B0062928A /* AVFoundation.framework */; settings = {ATTRIBUTES = (Weak, ); }; };
		301BF5BD109A6A2B0062928A /* CFNetwork.framework in Frameworks */ = {isa = PBXBuildFile; fileRef = 301BF5BC109A6A2B0062928A /* CFNetwork.framework */; };
		301BF5BF109A6A2B0062928A /* CoreLocation.framework in Frameworks */ = {isa = PBXBuildFile; fileRef = 301BF5BE109A6A2B0062928A /* CoreLocation.framework */; };
		301BF5C1109A6A2B0062928A /* MediaPlayer.framework in Frameworks */ = {isa = PBXBuildFile; fileRef = 301BF5C0109A6A2B0062928A /* MediaPlayer.framework */; };
		301BF5C3109A6A2B0062928A /* QuartzCore.framework in Frameworks */ = {isa = PBXBuildFile; fileRef = 301BF5C2109A6A2B0062928A /* QuartzCore.framework */; };
		301BF5C5109A6A2B0062928A /* SystemConfiguration.framework in Frameworks */ = {isa = PBXBuildFile; fileRef = 301BF5C4109A6A2B0062928A /* SystemConfiguration.framework */; };
		302D95F114D2391D003F00A1 /* MainViewController.m in Sources */ = {isa = PBXBuildFile; fileRef = 302D95EF14D2391D003F00A1 /* MainViewController.m */; };
		302D95F214D2391D003F00A1 /* MainViewController.xib in Resources */ = {isa = PBXBuildFile; fileRef = 302D95F014D2391D003F00A1 /* MainViewController.xib */; };
		305D5FD1115AB8F900A74A75 /* MobileCoreServices.framework in Frameworks */ = {isa = PBXBuildFile; fileRef = 305D5FD0115AB8F900A74A75 /* MobileCoreServices.framework */; };
		3072F99713A8081B00425683 /* Capture.bundle in Resources */ = {isa = PBXBuildFile; fileRef = 3072F99613A8081B00425683 /* Capture.bundle */; };
		3088BBBD154F3926009F9C59 /* Default-Landscape@2x~ipad.png in Resources */ = {isa = PBXBuildFile; fileRef = 3088BBB7154F3926009F9C59 /* Default-Landscape@2x~ipad.png */; };
		3088BBBE154F3926009F9C59 /* Default-Landscape~ipad.png in Resources */ = {isa = PBXBuildFile; fileRef = 3088BBB8154F3926009F9C59 /* Default-Landscape~ipad.png */; };
		3088BBBF154F3926009F9C59 /* Default-Portrait@2x~ipad.png in Resources */ = {isa = PBXBuildFile; fileRef = 3088BBB9154F3926009F9C59 /* Default-Portrait@2x~ipad.png */; };
		3088BBC0154F3926009F9C59 /* Default-Portrait~ipad.png in Resources */ = {isa = PBXBuildFile; fileRef = 3088BBBA154F3926009F9C59 /* Default-Portrait~ipad.png */; };
		3088BBC1154F3926009F9C59 /* Default@2x~iphone.png in Resources */ = {isa = PBXBuildFile; fileRef = 3088BBBB154F3926009F9C59 /* Default@2x~iphone.png */; };
		3088BBC2154F3926009F9C59 /* Default~iphone.png in Resources */ = {isa = PBXBuildFile; fileRef = 3088BBBC154F3926009F9C59 /* Default~iphone.png */; };
		308D05371370CCF300D202BF /* icon-72.png in Resources */ = {isa = PBXBuildFile; fileRef = 308D052E1370CCF300D202BF /* icon-72.png */; };
		308D05381370CCF300D202BF /* icon.png in Resources */ = {isa = PBXBuildFile; fileRef = 308D052F1370CCF300D202BF /* icon.png */; };
		308D05391370CCF300D202BF /* icon@2x.png in Resources */ = {isa = PBXBuildFile; fileRef = 308D05301370CCF300D202BF /* icon@2x.png */; };
		30A0434814DC770100060A13 /* Localizable.strings in Resources */ = {isa = PBXBuildFile; fileRef = 30A0434314DC770100060A13 /* Localizable.strings */; };
		30A0434914DC770100060A13 /* Localizable.strings in Resources */ = {isa = PBXBuildFile; fileRef = 30A0434614DC770100060A13 /* Localizable.strings */; };
		30E5649213A7FCAF007403D8 /* CoreMedia.framework in Frameworks */ = {isa = PBXBuildFile; fileRef = 30E5649113A7FCAF007403D8 /* CoreMedia.framework */; settings = {ATTRIBUTES = (Weak, ); }; };
		D4A0D8761607E02300AEF8BB /* Default-568h@2x~iphone.png in Resources */ = {isa = PBXBuildFile; fileRef = D4A0D8751607E02300AEF8BB /* Default-568h@2x~iphone.png */; };
		F6FA7CBD16AFDD3900AD8974 /* EJAudioSourceAVAudio.m in Sources */ = {isa = PBXBuildFile; fileRef = F6FA7C6D16AFDD3900AD8974 /* EJAudioSourceAVAudio.m */; };
		F6FA7CBE16AFDD3900AD8974 /* EJAudioSourceOpenAL.m in Sources */ = {isa = PBXBuildFile; fileRef = F6FA7C6F16AFDD3900AD8974 /* EJAudioSourceOpenAL.m */; };
		F6FA7CBF16AFDD3900AD8974 /* EJBindingAudio.m in Sources */ = {isa = PBXBuildFile; fileRef = F6FA7C7116AFDD3900AD8974 /* EJBindingAudio.m */; };
		F6FA7CC016AFDD3900AD8974 /* EJOpenALBuffer.m in Sources */ = {isa = PBXBuildFile; fileRef = F6FA7C7316AFDD3900AD8974 /* EJOpenALBuffer.m */; };
		F6FA7CC116AFDD3900AD8974 /* EJOpenALManager.m in Sources */ = {isa = PBXBuildFile; fileRef = F6FA7C7516AFDD3900AD8974 /* EJOpenALManager.m */; };
		F6FA7CC216AFDD3900AD8974 /* EJBindingBase.m in Sources */ = {isa = PBXBuildFile; fileRef = F6FA7C7716AFDD3900AD8974 /* EJBindingBase.m */; };
		F6FA7CC316AFDD3900AD8974 /* EJBindingEjectaCore.m in Sources */ = {isa = PBXBuildFile; fileRef = F6FA7C7916AFDD3900AD8974 /* EJBindingEjectaCore.m */; };
		F6FA7CC416AFDD3900AD8974 /* EJBindingEventedBase.m in Sources */ = {isa = PBXBuildFile; fileRef = F6FA7C7B16AFDD3900AD8974 /* EJBindingEventedBase.m */; };
		F6FA7CC516AFDD3900AD8974 /* EAGLView.m in Sources */ = {isa = PBXBuildFile; fileRef = F6FA7C7E16AFDD3900AD8974 /* EAGLView.m */; };
		F6FA7CC616AFDD3900AD8974 /* EJBindingCanvas.m in Sources */ = {isa = PBXBuildFile; fileRef = F6FA7C8016AFDD3900AD8974 /* EJBindingCanvas.m */; };
		F6FA7CC716AFDD3900AD8974 /* EJBindingImage.m in Sources */ = {isa = PBXBuildFile; fileRef = F6FA7C8216AFDD3900AD8974 /* EJBindingImage.m */; };
		F6FA7CC816AFDD3900AD8974 /* EJBindingImageData.m in Sources */ = {isa = PBXBuildFile; fileRef = F6FA7C8416AFDD3900AD8974 /* EJBindingImageData.m */; };
		F6FA7CC916AFDD3900AD8974 /* EJCanvasContext.m in Sources */ = {isa = PBXBuildFile; fileRef = F6FA7C8616AFDD3900AD8974 /* EJCanvasContext.m */; };
		F6FA7CCA16AFDD3900AD8974 /* EJCanvasContextScreen.m in Sources */ = {isa = PBXBuildFile; fileRef = F6FA7C8816AFDD3900AD8974 /* EJCanvasContextScreen.m */; };
		F6FA7CCB16AFDD3900AD8974 /* EJCanvasContextTexture.m in Sources */ = {isa = PBXBuildFile; fileRef = F6FA7C8A16AFDD3900AD8974 /* EJCanvasContextTexture.m */; };
		F6FA7CCC16AFDD3900AD8974 /* EJFont.m in Sources */ = {isa = PBXBuildFile; fileRef = F6FA7C8E16AFDD3900AD8974 /* EJFont.m */; };
		F6FA7CCD16AFDD3900AD8974 /* EJImageData.m in Sources */ = {isa = PBXBuildFile; fileRef = F6FA7C9016AFDD3900AD8974 /* EJImageData.m */; };
		F6FA7CCE16AFDD3900AD8974 /* EJPath.mm in Sources */ = {isa = PBXBuildFile; fileRef = F6FA7C9216AFDD3900AD8974 /* EJPath.mm */; };
		F6FA7CCF16AFDD3900AD8974 /* EJTexture.m in Sources */ = {isa = PBXBuildFile; fileRef = F6FA7C9416AFDD3900AD8974 /* EJTexture.m */; };
		F6FA7CD016AFDD3900AD8974 /* EJConvert.m in Sources */ = {isa = PBXBuildFile; fileRef = F6FA7C9616AFDD3900AD8974 /* EJConvert.m */; };
		F6FA7CD116AFDD3900AD8974 /* EJTimer.m in Sources */ = {isa = PBXBuildFile; fileRef = F6FA7C9816AFDD3900AD8974 /* EJTimer.m */; };
		F6FA7CD216AFDD3900AD8974 /* EJBindingAccelerometer.m in Sources */ = {isa = PBXBuildFile; fileRef = F6FA7C9B16AFDD3900AD8974 /* EJBindingAccelerometer.m */; };
		F6FA7CD316AFDD3900AD8974 /* EJBindingAdBanner.m in Sources */ = {isa = PBXBuildFile; fileRef = F6FA7C9D16AFDD3900AD8974 /* EJBindingAdBanner.m */; };
		F6FA7CD416AFDD3900AD8974 /* EJBindingGameCenter.m in Sources */ = {isa = PBXBuildFile; fileRef = F6FA7C9F16AFDD3900AD8974 /* EJBindingGameCenter.m */; };
		F6FA7CD516AFDD3900AD8974 /* EJBindingHttpRequest.m in Sources */ = {isa = PBXBuildFile; fileRef = F6FA7CA116AFDD3900AD8974 /* EJBindingHttpRequest.m */; };
		F6FA7CD616AFDD3900AD8974 /* EJBindingLocalStorage.m in Sources */ = {isa = PBXBuildFile; fileRef = F6FA7CA316AFDD3900AD8974 /* EJBindingLocalStorage.m */; };
		F6FA7CD716AFDD3900AD8974 /* EJBindingTouchInput.m in Sources */ = {isa = PBXBuildFile; fileRef = F6FA7CA516AFDD3900AD8974 /* EJBindingTouchInput.m */; };
		F6FA7CD816AFDD3900AD8974 /* EJBindingWizViewManager.m in Sources */ = {isa = PBXBuildFile; fileRef = F6FA7CA716AFDD3900AD8974 /* EJBindingWizViewManager.m */; };
		F6FA7CD916AFDD3900AD8974 /* libJavaScriptCore.a in Frameworks */ = {isa = PBXBuildFile; fileRef = F6FA7CB116AFDD3900AD8974 /* libJavaScriptCore.a */; };
		F6FA7CDA16AFDD3900AD8974 /* lodepng.c in Sources */ = {isa = PBXBuildFile; fileRef = F6FA7CB416AFDD3900AD8974 /* lodepng.c */; };
		F6FA7CDB16AFDD3900AD8974 /* WizCanvasView.m in Sources */ = {isa = PBXBuildFile; fileRef = F6FA7CB716AFDD3900AD8974 /* WizCanvasView.m */; };
		F6FA7CDC16AFDD3900AD8974 /* WizViewManagerPlugin.m in Sources */ = {isa = PBXBuildFile; fileRef = F6FA7CBA16AFDD3900AD8974 /* WizViewManagerPlugin.m */; };
		F6FA7CDD16AFDD3900AD8974 /* WizWebView.m in Sources */ = {isa = PBXBuildFile; fileRef = F6FA7CBC16AFDD3900AD8974 /* WizWebView.m */; };
		F6FA7CDF16AFDEC200AD8974 /* iAd.framework in Frameworks */ = {isa = PBXBuildFile; fileRef = F6FA7CDE16AFDEC200AD8974 /* iAd.framework */; };
		F6FA7CE116AFDEF000AD8974 /* CoreText.framework in Frameworks */ = {isa = PBXBuildFile; fileRef = F6FA7CE016AFDEF000AD8974 /* CoreText.framework */; };
		F6FA7CE316AFDF0F00AD8974 /* OpenGLES.framework in Frameworks */ = {isa = PBXBuildFile; fileRef = F6FA7CE216AFDF0F00AD8974 /* OpenGLES.framework */; };
		F6FA7CE516AFDF1C00AD8974 /* GameKit.framework in Frameworks */ = {isa = PBXBuildFile; fileRef = F6FA7CE416AFDF1C00AD8974 /* GameKit.framework */; };
		F6FA7CE716AFDF6200AD8974 /* OpenAL.framework in Frameworks */ = {isa = PBXBuildFile; fileRef = F6FA7CE616AFDF6200AD8974 /* OpenAL.framework */; };
		F6FA7CE916AFDFA300AD8974 /* libicucore.dylib in Frameworks */ = {isa = PBXBuildFile; fileRef = F6FA7CE816AFDFA300AD8974 /* libicucore.dylib */; };
		F840E1F1165FE0F500CFE078 /* config.xml in Resources */ = {isa = PBXBuildFile; fileRef = F840E1F0165FE0F500CFE078 /* config.xml */; };
/* End PBXBuildFile section */

/* Begin PBXContainerItemProxy section */
		301BF534109A57CC0062928A /* PBXContainerItemProxy */ = {
			isa = PBXContainerItemProxy;
			containerPortal = 301BF52D109A57CC0062928A /* CordovaLib.xcodeproj */;
			proxyType = 2;
			remoteGlobalIDString = D2AAC07E0554694100DB518D;
			remoteInfo = CordovaLib;
		};
		301BF550109A68C00062928A /* PBXContainerItemProxy */ = {
			isa = PBXContainerItemProxy;
			containerPortal = 301BF52D109A57CC0062928A /* CordovaLib.xcodeproj */;
			proxyType = 1;
			remoteGlobalIDString = D2AAC07D0554694100DB518D;
			remoteInfo = CordovaLib;
		};
/* End PBXContainerItemProxy section */

/* Begin PBXFileReference section */
		1D30AB110D05D00D00671497 /* Foundation.framework */ = {isa = PBXFileReference; lastKnownFileType = wrapper.framework; name = Foundation.framework; path = System/Library/Frameworks/Foundation.framework; sourceTree = SDKROOT; };
		1D3623240D0F684500981E51 /* AppDelegate.h */ = {isa = PBXFileReference; fileEncoding = 4; lastKnownFileType = sourcecode.c.h; path = AppDelegate.h; sourceTree = "<group>"; };
		1D3623250D0F684500981E51 /* AppDelegate.m */ = {isa = PBXFileReference; fileEncoding = 4; lastKnownFileType = sourcecode.c.objc; path = AppDelegate.m; sourceTree = "<group>"; };
		1D6058910D05DD3D006BFB54 /* exampleWizViewManager.app */ = {isa = PBXFileReference; explicitFileType = wrapper.application; includeInIndex = 0; path = exampleWizViewManager.app; sourceTree = BUILT_PRODUCTS_DIR; };
		1DF5F4DF0D08C38300B7A737 /* UIKit.framework */ = {isa = PBXFileReference; lastKnownFileType = wrapper.framework; name = UIKit.framework; path = System/Library/Frameworks/UIKit.framework; sourceTree = SDKROOT; };
		1F766FDD13BBADB100FB74C0 /* en */ = {isa = PBXFileReference; lastKnownFileType = text.plist.strings; name = en; path = Localizable.strings; sourceTree = "<group>"; };
		1F766FE013BBADB100FB74C0 /* es */ = {isa = PBXFileReference; lastKnownFileType = text.plist.strings; name = es; path = Localizable.strings; sourceTree = "<group>"; };
		288765FC0DF74451002DB57D /* CoreGraphics.framework */ = {isa = PBXFileReference; lastKnownFileType = wrapper.framework; name = CoreGraphics.framework; path = System/Library/Frameworks/CoreGraphics.framework; sourceTree = SDKROOT; };
		29B97316FDCFA39411CA2CEA /* main.m */ = {isa = PBXFileReference; fileEncoding = 4; lastKnownFileType = sourcecode.c.objc; path = main.m; sourceTree = "<group>"; };
		301BF52D109A57CC0062928A /* CordovaLib.xcodeproj */ = {isa = PBXFileReference; lastKnownFileType = "wrapper.pb-project"; name = CordovaLib.xcodeproj; path = CordovaLib/CordovaLib.xcodeproj; sourceTree = "<group>"; };
		301BF56E109A69640062928A /* www */ = {isa = PBXFileReference; lastKnownFileType = folder; path = www; sourceTree = SOURCE_ROOT; };
		301BF5B4109A6A2B0062928A /* AddressBook.framework */ = {isa = PBXFileReference; lastKnownFileType = wrapper.framework; name = AddressBook.framework; path = System/Library/Frameworks/AddressBook.framework; sourceTree = SDKROOT; };
		301BF5B6109A6A2B0062928A /* AddressBookUI.framework */ = {isa = PBXFileReference; lastKnownFileType = wrapper.framework; name = AddressBookUI.framework; path = System/Library/Frameworks/AddressBookUI.framework; sourceTree = SDKROOT; };
		301BF5B8109A6A2B0062928A /* AudioToolbox.framework */ = {isa = PBXFileReference; lastKnownFileType = wrapper.framework; name = AudioToolbox.framework; path = System/Library/Frameworks/AudioToolbox.framework; sourceTree = SDKROOT; };
		301BF5BA109A6A2B0062928A /* AVFoundation.framework */ = {isa = PBXFileReference; lastKnownFileType = wrapper.framework; name = AVFoundation.framework; path = System/Library/Frameworks/AVFoundation.framework; sourceTree = SDKROOT; };
		301BF5BC109A6A2B0062928A /* CFNetwork.framework */ = {isa = PBXFileReference; lastKnownFileType = wrapper.framework; name = CFNetwork.framework; path = System/Library/Frameworks/CFNetwork.framework; sourceTree = SDKROOT; };
		301BF5BE109A6A2B0062928A /* CoreLocation.framework */ = {isa = PBXFileReference; lastKnownFileType = wrapper.framework; name = CoreLocation.framework; path = System/Library/Frameworks/CoreLocation.framework; sourceTree = SDKROOT; };
		301BF5C0109A6A2B0062928A /* MediaPlayer.framework */ = {isa = PBXFileReference; lastKnownFileType = wrapper.framework; name = MediaPlayer.framework; path = System/Library/Frameworks/MediaPlayer.framework; sourceTree = SDKROOT; };
		301BF5C2109A6A2B0062928A /* QuartzCore.framework */ = {isa = PBXFileReference; lastKnownFileType = wrapper.framework; name = QuartzCore.framework; path = System/Library/Frameworks/QuartzCore.framework; sourceTree = SDKROOT; };
		301BF5C4109A6A2B0062928A /* SystemConfiguration.framework */ = {isa = PBXFileReference; lastKnownFileType = wrapper.framework; name = SystemConfiguration.framework; path = System/Library/Frameworks/SystemConfiguration.framework; sourceTree = SDKROOT; };
		302D95EE14D2391D003F00A1 /* MainViewController.h */ = {isa = PBXFileReference; fileEncoding = 4; lastKnownFileType = sourcecode.c.h; path = MainViewController.h; sourceTree = "<group>"; };
		302D95EF14D2391D003F00A1 /* MainViewController.m */ = {isa = PBXFileReference; fileEncoding = 4; lastKnownFileType = sourcecode.c.objc; path = MainViewController.m; sourceTree = "<group>"; };
		302D95F014D2391D003F00A1 /* MainViewController.xib */ = {isa = PBXFileReference; fileEncoding = 4; lastKnownFileType = file.xib; path = MainViewController.xib; sourceTree = "<group>"; };
		305D5FD0115AB8F900A74A75 /* MobileCoreServices.framework */ = {isa = PBXFileReference; lastKnownFileType = wrapper.framework; name = MobileCoreServices.framework; path = System/Library/Frameworks/MobileCoreServices.framework; sourceTree = SDKROOT; };
		3072F99613A8081B00425683 /* Capture.bundle */ = {isa = PBXFileReference; lastKnownFileType = "wrapper.plug-in"; path = Capture.bundle; sourceTree = "<group>"; };
		3088BBB7154F3926009F9C59 /* Default-Landscape@2x~ipad.png */ = {isa = PBXFileReference; lastKnownFileType = image.png; path = "Default-Landscape@2x~ipad.png"; sourceTree = "<group>"; };
		3088BBB8154F3926009F9C59 /* Default-Landscape~ipad.png */ = {isa = PBXFileReference; lastKnownFileType = image.png; path = "Default-Landscape~ipad.png"; sourceTree = "<group>"; };
		3088BBB9154F3926009F9C59 /* Default-Portrait@2x~ipad.png */ = {isa = PBXFileReference; lastKnownFileType = image.png; path = "Default-Portrait@2x~ipad.png"; sourceTree = "<group>"; };
		3088BBBA154F3926009F9C59 /* Default-Portrait~ipad.png */ = {isa = PBXFileReference; lastKnownFileType = image.png; path = "Default-Portrait~ipad.png"; sourceTree = "<group>"; };
		3088BBBB154F3926009F9C59 /* Default@2x~iphone.png */ = {isa = PBXFileReference; lastKnownFileType = image.png; path = "Default@2x~iphone.png"; sourceTree = "<group>"; };
		3088BBBC154F3926009F9C59 /* Default~iphone.png */ = {isa = PBXFileReference; lastKnownFileType = image.png; path = "Default~iphone.png"; sourceTree = "<group>"; };
		308D052E1370CCF300D202BF /* icon-72.png */ = {isa = PBXFileReference; lastKnownFileType = image.png; path = "icon-72.png"; sourceTree = "<group>"; };
		308D052F1370CCF300D202BF /* icon.png */ = {isa = PBXFileReference; lastKnownFileType = image.png; path = icon.png; sourceTree = "<group>"; };
		308D05301370CCF300D202BF /* icon@2x.png */ = {isa = PBXFileReference; lastKnownFileType = image.png; path = "icon@2x.png"; sourceTree = "<group>"; };
		30A0434414DC770100060A13 /* de */ = {isa = PBXFileReference; lastKnownFileType = text.plist.strings; name = de; path = Localizable.strings; sourceTree = "<group>"; };
		30A0434714DC770100060A13 /* se */ = {isa = PBXFileReference; lastKnownFileType = text.plist.strings; name = se; path = Localizable.strings; sourceTree = "<group>"; };
		30E5649113A7FCAF007403D8 /* CoreMedia.framework */ = {isa = PBXFileReference; lastKnownFileType = wrapper.framework; name = CoreMedia.framework; path = System/Library/Frameworks/CoreMedia.framework; sourceTree = SDKROOT; };
		32CA4F630368D1EE00C91783 /* exampleWizViewManager-Prefix.pch */ = {isa = PBXFileReference; fileEncoding = 4; lastKnownFileType = sourcecode.c.h; path = "exampleWizViewManager-Prefix.pch"; sourceTree = "<group>"; };
		8D1107310486CEB800E47090 /* exampleWizViewManager-Info.plist */ = {isa = PBXFileReference; fileEncoding = 4; lastKnownFileType = text.plist.xml; name = "exampleWizViewManager-Info.plist"; path = "../exampleWizViewManager-Info.plist"; plistStructureDefinitionIdentifier = "com.apple.xcode.plist.structure-definition.iphone.info-plist"; sourceTree = "<group>"; };
		D4A0D8751607E02300AEF8BB /* Default-568h@2x~iphone.png */ = {isa = PBXFileReference; lastKnownFileType = image.png; path = "Default-568h@2x~iphone.png"; sourceTree = "<group>"; };
		F6FA7C6B16AFDD3900AD8974 /* EJAudioSource.h */ = {isa = PBXFileReference; fileEncoding = 4; lastKnownFileType = sourcecode.c.h; path = EJAudioSource.h; sourceTree = "<group>"; };
		F6FA7C6C16AFDD3900AD8974 /* EJAudioSourceAVAudio.h */ = {isa = PBXFileReference; fileEncoding = 4; lastKnownFileType = sourcecode.c.h; path = EJAudioSourceAVAudio.h; sourceTree = "<group>"; };
		F6FA7C6D16AFDD3900AD8974 /* EJAudioSourceAVAudio.m */ = {isa = PBXFileReference; fileEncoding = 4; lastKnownFileType = sourcecode.c.objc; path = EJAudioSourceAVAudio.m; sourceTree = "<group>"; };
		F6FA7C6E16AFDD3900AD8974 /* EJAudioSourceOpenAL.h */ = {isa = PBXFileReference; fileEncoding = 4; lastKnownFileType = sourcecode.c.h; path = EJAudioSourceOpenAL.h; sourceTree = "<group>"; };
		F6FA7C6F16AFDD3900AD8974 /* EJAudioSourceOpenAL.m */ = {isa = PBXFileReference; fileEncoding = 4; lastKnownFileType = sourcecode.c.objc; path = EJAudioSourceOpenAL.m; sourceTree = "<group>"; };
		F6FA7C7016AFDD3900AD8974 /* EJBindingAudio.h */ = {isa = PBXFileReference; fileEncoding = 4; lastKnownFileType = sourcecode.c.h; path = EJBindingAudio.h; sourceTree = "<group>"; };
		F6FA7C7116AFDD3900AD8974 /* EJBindingAudio.m */ = {isa = PBXFileReference; fileEncoding = 4; lastKnownFileType = sourcecode.c.objc; path = EJBindingAudio.m; sourceTree = "<group>"; };
		F6FA7C7216AFDD3900AD8974 /* EJOpenALBuffer.h */ = {isa = PBXFileReference; fileEncoding = 4; lastKnownFileType = sourcecode.c.h; path = EJOpenALBuffer.h; sourceTree = "<group>"; };
		F6FA7C7316AFDD3900AD8974 /* EJOpenALBuffer.m */ = {isa = PBXFileReference; fileEncoding = 4; lastKnownFileType = sourcecode.c.objc; path = EJOpenALBuffer.m; sourceTree = "<group>"; };
		F6FA7C7416AFDD3900AD8974 /* EJOpenALManager.h */ = {isa = PBXFileReference; fileEncoding = 4; lastKnownFileType = sourcecode.c.h; path = EJOpenALManager.h; sourceTree = "<group>"; };
		F6FA7C7516AFDD3900AD8974 /* EJOpenALManager.m */ = {isa = PBXFileReference; fileEncoding = 4; lastKnownFileType = sourcecode.c.objc; path = EJOpenALManager.m; sourceTree = "<group>"; };
		F6FA7C7616AFDD3900AD8974 /* EJBindingBase.h */ = {isa = PBXFileReference; fileEncoding = 4; lastKnownFileType = sourcecode.c.h; path = EJBindingBase.h; sourceTree = "<group>"; };
		F6FA7C7716AFDD3900AD8974 /* EJBindingBase.m */ = {isa = PBXFileReference; fileEncoding = 4; lastKnownFileType = sourcecode.c.objc; path = EJBindingBase.m; sourceTree = "<group>"; };
		F6FA7C7816AFDD3900AD8974 /* EJBindingEjectaCore.h */ = {isa = PBXFileReference; fileEncoding = 4; lastKnownFileType = sourcecode.c.h; path = EJBindingEjectaCore.h; sourceTree = "<group>"; };
		F6FA7C7916AFDD3900AD8974 /* EJBindingEjectaCore.m */ = {isa = PBXFileReference; fileEncoding = 4; lastKnownFileType = sourcecode.c.objc; path = EJBindingEjectaCore.m; sourceTree = "<group>"; };
		F6FA7C7A16AFDD3900AD8974 /* EJBindingEventedBase.h */ = {isa = PBXFileReference; fileEncoding = 4; lastKnownFileType = sourcecode.c.h; path = EJBindingEventedBase.h; sourceTree = "<group>"; };
		F6FA7C7B16AFDD3900AD8974 /* EJBindingEventedBase.m */ = {isa = PBXFileReference; fileEncoding = 4; lastKnownFileType = sourcecode.c.objc; path = EJBindingEventedBase.m; sourceTree = "<group>"; };
		F6FA7C7D16AFDD3900AD8974 /* EAGLView.h */ = {isa = PBXFileReference; fileEncoding = 4; lastKnownFileType = sourcecode.c.h; path = EAGLView.h; sourceTree = "<group>"; };
		F6FA7C7E16AFDD3900AD8974 /* EAGLView.m */ = {isa = PBXFileReference; fileEncoding = 4; lastKnownFileType = sourcecode.c.objc; path = EAGLView.m; sourceTree = "<group>"; };
		F6FA7C7F16AFDD3900AD8974 /* EJBindingCanvas.h */ = {isa = PBXFileReference; fileEncoding = 4; lastKnownFileType = sourcecode.c.h; path = EJBindingCanvas.h; sourceTree = "<group>"; };
		F6FA7C8016AFDD3900AD8974 /* EJBindingCanvas.m */ = {isa = PBXFileReference; fileEncoding = 4; lastKnownFileType = sourcecode.c.objc; path = EJBindingCanvas.m; sourceTree = "<group>"; };
		F6FA7C8116AFDD3900AD8974 /* EJBindingImage.h */ = {isa = PBXFileReference; fileEncoding = 4; lastKnownFileType = sourcecode.c.h; path = EJBindingImage.h; sourceTree = "<group>"; };
		F6FA7C8216AFDD3900AD8974 /* EJBindingImage.m */ = {isa = PBXFileReference; fileEncoding = 4; lastKnownFileType = sourcecode.c.objc; path = EJBindingImage.m; sourceTree = "<group>"; };
		F6FA7C8316AFDD3900AD8974 /* EJBindingImageData.h */ = {isa = PBXFileReference; fileEncoding = 4; lastKnownFileType = sourcecode.c.h; path = EJBindingImageData.h; sourceTree = "<group>"; };
		F6FA7C8416AFDD3900AD8974 /* EJBindingImageData.m */ = {isa = PBXFileReference; fileEncoding = 4; lastKnownFileType = sourcecode.c.objc; path = EJBindingImageData.m; sourceTree = "<group>"; };
		F6FA7C8516AFDD3900AD8974 /* EJCanvasContext.h */ = {isa = PBXFileReference; fileEncoding = 4; lastKnownFileType = sourcecode.c.h; path = EJCanvasContext.h; sourceTree = "<group>"; };
		F6FA7C8616AFDD3900AD8974 /* EJCanvasContext.m */ = {isa = PBXFileReference; fileEncoding = 4; lastKnownFileType = sourcecode.c.objc; path = EJCanvasContext.m; sourceTree = "<group>"; };
		F6FA7C8716AFDD3900AD8974 /* EJCanvasContextScreen.h */ = {isa = PBXFileReference; fileEncoding = 4; lastKnownFileType = sourcecode.c.h; path = EJCanvasContextScreen.h; sourceTree = "<group>"; };
		F6FA7C8816AFDD3900AD8974 /* EJCanvasContextScreen.m */ = {isa = PBXFileReference; fileEncoding = 4; lastKnownFileType = sourcecode.c.objc; path = EJCanvasContextScreen.m; sourceTree = "<group>"; };
		F6FA7C8916AFDD3900AD8974 /* EJCanvasContextTexture.h */ = {isa = PBXFileReference; fileEncoding = 4; lastKnownFileType = sourcecode.c.h; path = EJCanvasContextTexture.h; sourceTree = "<group>"; };
		F6FA7C8A16AFDD3900AD8974 /* EJCanvasContextTexture.m */ = {isa = PBXFileReference; fileEncoding = 4; lastKnownFileType = sourcecode.c.objc; path = EJCanvasContextTexture.m; sourceTree = "<group>"; };
		F6FA7C8B16AFDD3900AD8974 /* EJCanvasTypes.h */ = {isa = PBXFileReference; fileEncoding = 4; lastKnownFileType = sourcecode.c.h; path = EJCanvasTypes.h; sourceTree = "<group>"; };
		F6FA7C8C16AFDD3900AD8974 /* EJDrawable.h */ = {isa = PBXFileReference; fileEncoding = 4; lastKnownFileType = sourcecode.c.h; path = EJDrawable.h; sourceTree = "<group>"; };
		F6FA7C8D16AFDD3900AD8974 /* EJFont.h */ = {isa = PBXFileReference; fileEncoding = 4; lastKnownFileType = sourcecode.c.h; path = EJFont.h; sourceTree = "<group>"; };
		F6FA7C8E16AFDD3900AD8974 /* EJFont.m */ = {isa = PBXFileReference; fileEncoding = 4; lastKnownFileType = sourcecode.c.objc; path = EJFont.m; sourceTree = "<group>"; };
		F6FA7C8F16AFDD3900AD8974 /* EJImageData.h */ = {isa = PBXFileReference; fileEncoding = 4; lastKnownFileType = sourcecode.c.h; path = EJImageData.h; sourceTree = "<group>"; };
		F6FA7C9016AFDD3900AD8974 /* EJImageData.m */ = {isa = PBXFileReference; fileEncoding = 4; lastKnownFileType = sourcecode.c.objc; path = EJImageData.m; sourceTree = "<group>"; };
		F6FA7C9116AFDD3900AD8974 /* EJPath.h */ = {isa = PBXFileReference; fileEncoding = 4; lastKnownFileType = sourcecode.c.h; path = EJPath.h; sourceTree = "<group>"; };
		F6FA7C9216AFDD3900AD8974 /* EJPath.mm */ = {isa = PBXFileReference; fileEncoding = 4; lastKnownFileType = sourcecode.cpp.objcpp; path = EJPath.mm; sourceTree = "<group>"; };
		F6FA7C9316AFDD3900AD8974 /* EJTexture.h */ = {isa = PBXFileReference; fileEncoding = 4; lastKnownFileType = sourcecode.c.h; path = EJTexture.h; sourceTree = "<group>"; };
		F6FA7C9416AFDD3900AD8974 /* EJTexture.m */ = {isa = PBXFileReference; fileEncoding = 4; lastKnownFileType = sourcecode.c.objc; path = EJTexture.m; sourceTree = "<group>"; };
		F6FA7C9516AFDD3900AD8974 /* EJConvert.h */ = {isa = PBXFileReference; fileEncoding = 4; lastKnownFileType = sourcecode.c.h; path = EJConvert.h; sourceTree = "<group>"; };
		F6FA7C9616AFDD3900AD8974 /* EJConvert.m */ = {isa = PBXFileReference; fileEncoding = 4; lastKnownFileType = sourcecode.c.objc; path = EJConvert.m; sourceTree = "<group>"; };
		F6FA7C9716AFDD3900AD8974 /* EJTimer.h */ = {isa = PBXFileReference; fileEncoding = 4; lastKnownFileType = sourcecode.c.h; path = EJTimer.h; sourceTree = "<group>"; };
		F6FA7C9816AFDD3900AD8974 /* EJTimer.m */ = {isa = PBXFileReference; fileEncoding = 4; lastKnownFileType = sourcecode.c.objc; path = EJTimer.m; sourceTree = "<group>"; };
		F6FA7C9A16AFDD3900AD8974 /* EJBindingAccelerometer.h */ = {isa = PBXFileReference; fileEncoding = 4; lastKnownFileType = sourcecode.c.h; path = EJBindingAccelerometer.h; sourceTree = "<group>"; };
		F6FA7C9B16AFDD3900AD8974 /* EJBindingAccelerometer.m */ = {isa = PBXFileReference; fileEncoding = 4; lastKnownFileType = sourcecode.c.objc; path = EJBindingAccelerometer.m; sourceTree = "<group>"; };
		F6FA7C9C16AFDD3900AD8974 /* EJBindingAdBanner.h */ = {isa = PBXFileReference; fileEncoding = 4; lastKnownFileType = sourcecode.c.h; path = EJBindingAdBanner.h; sourceTree = "<group>"; };
		F6FA7C9D16AFDD3900AD8974 /* EJBindingAdBanner.m */ = {isa = PBXFileReference; fileEncoding = 4; lastKnownFileType = sourcecode.c.objc; path = EJBindingAdBanner.m; sourceTree = "<group>"; };
		F6FA7C9E16AFDD3900AD8974 /* EJBindingGameCenter.h */ = {isa = PBXFileReference; fileEncoding = 4; lastKnownFileType = sourcecode.c.h; path = EJBindingGameCenter.h; sourceTree = "<group>"; };
		F6FA7C9F16AFDD3900AD8974 /* EJBindingGameCenter.m */ = {isa = PBXFileReference; fileEncoding = 4; lastKnownFileType = sourcecode.c.objc; path = EJBindingGameCenter.m; sourceTree = "<group>"; };
		F6FA7CA016AFDD3900AD8974 /* EJBindingHttpRequest.h */ = {isa = PBXFileReference; fileEncoding = 4; lastKnownFileType = sourcecode.c.h; path = EJBindingHttpRequest.h; sourceTree = "<group>"; };
		F6FA7CA116AFDD3900AD8974 /* EJBindingHttpRequest.m */ = {isa = PBXFileReference; fileEncoding = 4; lastKnownFileType = sourcecode.c.objc; path = EJBindingHttpRequest.m; sourceTree = "<group>"; };
		F6FA7CA216AFDD3900AD8974 /* EJBindingLocalStorage.h */ = {isa = PBXFileReference; fileEncoding = 4; lastKnownFileType = sourcecode.c.h; path = EJBindingLocalStorage.h; sourceTree = "<group>"; };
		F6FA7CA316AFDD3900AD8974 /* EJBindingLocalStorage.m */ = {isa = PBXFileReference; fileEncoding = 4; lastKnownFileType = sourcecode.c.objc; path = EJBindingLocalStorage.m; sourceTree = "<group>"; };
		F6FA7CA416AFDD3900AD8974 /* EJBindingTouchInput.h */ = {isa = PBXFileReference; fileEncoding = 4; lastKnownFileType = sourcecode.c.h; path = EJBindingTouchInput.h; sourceTree = "<group>"; };
		F6FA7CA516AFDD3900AD8974 /* EJBindingTouchInput.m */ = {isa = PBXFileReference; fileEncoding = 4; lastKnownFileType = sourcecode.c.objc; path = EJBindingTouchInput.m; sourceTree = "<group>"; };
		F6FA7CA616AFDD3900AD8974 /* EJBindingWizViewManager.h */ = {isa = PBXFileReference; fileEncoding = 4; lastKnownFileType = sourcecode.c.h; path = EJBindingWizViewManager.h; sourceTree = "<group>"; };
		F6FA7CA716AFDD3900AD8974 /* EJBindingWizViewManager.m */ = {isa = PBXFileReference; fileEncoding = 4; lastKnownFileType = sourcecode.c.objc; path = EJBindingWizViewManager.m; sourceTree = "<group>"; };
		F6FA7CA916AFDD3900AD8974 /* JavaScript.h */ = {isa = PBXFileReference; fileEncoding = 4; lastKnownFileType = sourcecode.c.h; path = JavaScript.h; sourceTree = "<group>"; };
		F6FA7CAA16AFDD3900AD8974 /* JavaScriptCore.h */ = {isa = PBXFileReference; fileEncoding = 4; lastKnownFileType = sourcecode.c.h; path = JavaScriptCore.h; sourceTree = "<group>"; };
		F6FA7CAB16AFDD3900AD8974 /* JSBase.h */ = {isa = PBXFileReference; fileEncoding = 4; lastKnownFileType = sourcecode.c.h; path = JSBase.h; sourceTree = "<group>"; };
		F6FA7CAC16AFDD3900AD8974 /* JSContextRef.h */ = {isa = PBXFileReference; fileEncoding = 4; lastKnownFileType = sourcecode.c.h; path = JSContextRef.h; sourceTree = "<group>"; };
		F6FA7CAD16AFDD3900AD8974 /* JSObjectRef.h */ = {isa = PBXFileReference; fileEncoding = 4; lastKnownFileType = sourcecode.c.h; path = JSObjectRef.h; sourceTree = "<group>"; };
		F6FA7CAE16AFDD3900AD8974 /* JSStringRef.h */ = {isa = PBXFileReference; fileEncoding = 4; lastKnownFileType = sourcecode.c.h; path = JSStringRef.h; sourceTree = "<group>"; };
		F6FA7CAF16AFDD3900AD8974 /* JSStringRefCF.h */ = {isa = PBXFileReference; fileEncoding = 4; lastKnownFileType = sourcecode.c.h; path = JSStringRefCF.h; sourceTree = "<group>"; };
		F6FA7CB016AFDD3900AD8974 /* JSValueRef.h */ = {isa = PBXFileReference; fileEncoding = 4; lastKnownFileType = sourcecode.c.h; path = JSValueRef.h; sourceTree = "<group>"; };
		F6FA7CB116AFDD3900AD8974 /* libJavaScriptCore.a */ = {isa = PBXFileReference; lastKnownFileType = archive.ar; path = libJavaScriptCore.a; sourceTree = "<group>"; };
		F6FA7CB216AFDD3900AD8974 /* WebKitAvailability.h */ = {isa = PBXFileReference; fileEncoding = 4; lastKnownFileType = sourcecode.c.h; path = WebKitAvailability.h; sourceTree = "<group>"; };
		F6FA7CB416AFDD3900AD8974 /* lodepng.c */ = {isa = PBXFileReference; fileEncoding = 4; lastKnownFileType = sourcecode.c.c; path = lodepng.c; sourceTree = "<group>"; };
		F6FA7CB516AFDD3900AD8974 /* lodepng.h */ = {isa = PBXFileReference; fileEncoding = 4; lastKnownFileType = sourcecode.c.h; path = lodepng.h; sourceTree = "<group>"; };
		F6FA7CB616AFDD3900AD8974 /* WizCanvasView.h */ = {isa = PBXFileReference; fileEncoding = 4; lastKnownFileType = sourcecode.c.h; path = WizCanvasView.h; sourceTree = "<group>"; };
		F6FA7CB716AFDD3900AD8974 /* WizCanvasView.m */ = {isa = PBXFileReference; fileEncoding = 4; lastKnownFileType = sourcecode.c.objc; path = WizCanvasView.m; sourceTree = "<group>"; };
		F6FA7CB816AFDD3900AD8974 /* WizDebugLog.h */ = {isa = PBXFileReference; fileEncoding = 4; lastKnownFileType = sourcecode.c.h; path = WizDebugLog.h; sourceTree = "<group>"; };
		F6FA7CB916AFDD3900AD8974 /* WizViewManagerPlugin.h */ = {isa = PBXFileReference; fileEncoding = 4; lastKnownFileType = sourcecode.c.h; path = WizViewManagerPlugin.h; sourceTree = "<group>"; };
		F6FA7CBA16AFDD3900AD8974 /* WizViewManagerPlugin.m */ = {isa = PBXFileReference; fileEncoding = 4; lastKnownFileType = sourcecode.c.objc; path = WizViewManagerPlugin.m; sourceTree = "<group>"; };
		F6FA7CBB16AFDD3900AD8974 /* WizWebView.h */ = {isa = PBXFileReference; fileEncoding = 4; lastKnownFileType = sourcecode.c.h; path = WizWebView.h; sourceTree = "<group>"; };
		F6FA7CBC16AFDD3900AD8974 /* WizWebView.m */ = {isa = PBXFileReference; fileEncoding = 4; lastKnownFileType = sourcecode.c.objc; path = WizWebView.m; sourceTree = "<group>"; };
		F6FA7CDE16AFDEC200AD8974 /* iAd.framework */ = {isa = PBXFileReference; lastKnownFileType = wrapper.framework; name = iAd.framework; path = System/Library/Frameworks/iAd.framework; sourceTree = SDKROOT; };
		F6FA7CE016AFDEF000AD8974 /* CoreText.framework */ = {isa = PBXFileReference; lastKnownFileType = wrapper.framework; name = CoreText.framework; path = System/Library/Frameworks/CoreText.framework; sourceTree = SDKROOT; };
		F6FA7CE216AFDF0F00AD8974 /* OpenGLES.framework */ = {isa = PBXFileReference; lastKnownFileType = wrapper.framework; name = OpenGLES.framework; path = System/Library/Frameworks/OpenGLES.framework; sourceTree = SDKROOT; };
		F6FA7CE416AFDF1C00AD8974 /* GameKit.framework */ = {isa = PBXFileReference; lastKnownFileType = wrapper.framework; name = GameKit.framework; path = System/Library/Frameworks/GameKit.framework; sourceTree = SDKROOT; };
		F6FA7CE616AFDF6200AD8974 /* OpenAL.framework */ = {isa = PBXFileReference; lastKnownFileType = wrapper.framework; name = OpenAL.framework; path = System/Library/Frameworks/OpenAL.framework; sourceTree = SDKROOT; };
		F6FA7CE816AFDFA300AD8974 /* libicucore.dylib */ = {isa = PBXFileReference; lastKnownFileType = "compiled.mach-o.dylib"; name = libicucore.dylib; path = usr/lib/libicucore.dylib; sourceTree = SDKROOT; };
		F840E1F0165FE0F500CFE078 /* config.xml */ = {isa = PBXFileReference; lastKnownFileType = text.xml; name = config.xml; path = exampleWizViewManager/config.xml; sourceTree = "<group>"; };
/* End PBXFileReference section */

/* Begin PBXFrameworksBuildPhase section */
		1D60588F0D05DD3D006BFB54 /* Frameworks */ = {
			isa = PBXFrameworksBuildPhase;
			buildActionMask = 2147483647;
			files = (
				F6FA7CE916AFDFA300AD8974 /* libicucore.dylib in Frameworks */,
				F6FA7CE716AFDF6200AD8974 /* OpenAL.framework in Frameworks */,
				F6FA7CE516AFDF1C00AD8974 /* GameKit.framework in Frameworks */,
				F6FA7CE316AFDF0F00AD8974 /* OpenGLES.framework in Frameworks */,
				F6FA7CE116AFDEF000AD8974 /* CoreText.framework in Frameworks */,
				F6FA7CDF16AFDEC200AD8974 /* iAd.framework in Frameworks */,
				301BF552109A68D80062928A /* libCordova.a in Frameworks */,
				1D60589F0D05DD5A006BFB54 /* Foundation.framework in Frameworks */,
				1DF5F4E00D08C38300B7A737 /* UIKit.framework in Frameworks */,
				288765FD0DF74451002DB57D /* CoreGraphics.framework in Frameworks */,
				301BF5B5109A6A2B0062928A /* AddressBook.framework in Frameworks */,
				301BF5B7109A6A2B0062928A /* AddressBookUI.framework in Frameworks */,
				301BF5B9109A6A2B0062928A /* AudioToolbox.framework in Frameworks */,
				301BF5BB109A6A2B0062928A /* AVFoundation.framework in Frameworks */,
				301BF5BD109A6A2B0062928A /* CFNetwork.framework in Frameworks */,
				301BF5BF109A6A2B0062928A /* CoreLocation.framework in Frameworks */,
				301BF5C1109A6A2B0062928A /* MediaPlayer.framework in Frameworks */,
				301BF5C3109A6A2B0062928A /* QuartzCore.framework in Frameworks */,
				301BF5C5109A6A2B0062928A /* SystemConfiguration.framework in Frameworks */,
				305D5FD1115AB8F900A74A75 /* MobileCoreServices.framework in Frameworks */,
				30E5649213A7FCAF007403D8 /* CoreMedia.framework in Frameworks */,
				F6FA7CD916AFDD3900AD8974 /* libJavaScriptCore.a in Frameworks */,
			);
			runOnlyForDeploymentPostprocessing = 0;
		};
/* End PBXFrameworksBuildPhase section */

/* Begin PBXGroup section */
		080E96DDFE201D6D7F000001 /* Classes */ = {
			isa = PBXGroup;
			children = (
				302D95EE14D2391D003F00A1 /* MainViewController.h */,
				302D95EF14D2391D003F00A1 /* MainViewController.m */,
				302D95F014D2391D003F00A1 /* MainViewController.xib */,
				1D3623240D0F684500981E51 /* AppDelegate.h */,
				1D3623250D0F684500981E51 /* AppDelegate.m */,
			);
			name = Classes;
			path = exampleWizViewManager/Classes;
			sourceTree = SOURCE_ROOT;
		};
		19C28FACFE9D520D11CA2CBB /* Products */ = {
			isa = PBXGroup;
			children = (
				1D6058910D05DD3D006BFB54 /* exampleWizViewManager.app */,
			);
			name = Products;
			sourceTree = "<group>";
		};
		1F766FDB13BBADB100FB74C0 /* en.lproj */ = {
			isa = PBXGroup;
			children = (
				1F766FDC13BBADB100FB74C0 /* Localizable.strings */,
			);
			path = en.lproj;
			sourceTree = "<group>";
		};
		1F766FDE13BBADB100FB74C0 /* es.lproj */ = {
			isa = PBXGroup;
			children = (
				1F766FDF13BBADB100FB74C0 /* Localizable.strings */,
			);
			path = es.lproj;
			sourceTree = "<group>";
		};
		29B97314FDCFA39411CA2CEA /* CustomTemplate */ = {
			isa = PBXGroup;
			children = (
				080E96DDFE201D6D7F000001 /* Classes */,
				F840E1F0165FE0F500CFE078 /* config.xml */,
				301BF52D109A57CC0062928A /* CordovaLib.xcodeproj */,
				29B97323FDCFA39411CA2CEA /* Frameworks */,
				29B97315FDCFA39411CA2CEA /* Other Sources */,
				307C750510C5A3420062BCA9 /* Plugins */,
				19C28FACFE9D520D11CA2CBB /* Products */,
				29B97317FDCFA39411CA2CEA /* Resources */,
				301BF56E109A69640062928A /* www */,
			);
			name = CustomTemplate;
			sourceTree = "<group>";
		};
		29B97315FDCFA39411CA2CEA /* Other Sources */ = {
			isa = PBXGroup;
			children = (
				32CA4F630368D1EE00C91783 /* exampleWizViewManager-Prefix.pch */,
				29B97316FDCFA39411CA2CEA /* main.m */,
			);
			name = "Other Sources";
			path = exampleWizViewManager;
			sourceTree = "<group>";
		};
		29B97317FDCFA39411CA2CEA /* Resources */ = {
			isa = PBXGroup;
			children = (
				30A0434214DC770100060A13 /* de.lproj */,
				30A0434514DC770100060A13 /* se.lproj */,
				1F766FDB13BBADB100FB74C0 /* en.lproj */,
				1F766FDE13BBADB100FB74C0 /* es.lproj */,
				3072F99613A8081B00425683 /* Capture.bundle */,
				308D052D1370CCF300D202BF /* icons */,
				308D05311370CCF300D202BF /* splash */,
				8D1107310486CEB800E47090 /* exampleWizViewManager-Info.plist */,
			);
			name = Resources;
			path = exampleWizViewManager/Resources;
			sourceTree = "<group>";
		};
		29B97323FDCFA39411CA2CEA /* Frameworks */ = {
			isa = PBXGroup;
			children = (
				301BF5B4109A6A2B0062928A /* AddressBook.framework */,
				301BF5B6109A6A2B0062928A /* AddressBookUI.framework */,
				301BF5B8109A6A2B0062928A /* AudioToolbox.framework */,
				301BF5BA109A6A2B0062928A /* AVFoundation.framework */,
				301BF5BC109A6A2B0062928A /* CFNetwork.framework */,
				288765FC0DF74451002DB57D /* CoreGraphics.framework */,
				301BF5BE109A6A2B0062928A /* CoreLocation.framework */,
				30E5649113A7FCAF007403D8 /* CoreMedia.framework */,
				F6FA7CE016AFDEF000AD8974 /* CoreText.framework */,
				1D30AB110D05D00D00671497 /* Foundation.framework */,
				F6FA7CE416AFDF1C00AD8974 /* GameKit.framework */,
				F6FA7CDE16AFDEC200AD8974 /* iAd.framework */,
				F6FA7CE816AFDFA300AD8974 /* libicucore.dylib */,
				301BF5C0109A6A2B0062928A /* MediaPlayer.framework */,
				305D5FD0115AB8F900A74A75 /* MobileCoreServices.framework */,
				F6FA7CE616AFDF6200AD8974 /* OpenAL.framework */,
				F6FA7CE216AFDF0F00AD8974 /* OpenGLES.framework */,
				301BF5C2109A6A2B0062928A /* QuartzCore.framework */,
				301BF5C4109A6A2B0062928A /* SystemConfiguration.framework */,
				1DF5F4DF0D08C38300B7A737 /* UIKit.framework */,
			);
			name = Frameworks;
			sourceTree = "<group>";
		};
		301BF52E109A57CC0062928A /* Products */ = {
			isa = PBXGroup;
			children = (
				301BF535109A57CC0062928A /* libCordova.a */,
			);
			name = Products;
			sourceTree = "<group>";
		};
		307C750510C5A3420062BCA9 /* Plugins */ = {
			isa = PBXGroup;
			children = (
				F6FA7C6816AFDD3900AD8974 /* WizViewManagerPlugin */,
			);
			name = Plugins;
			path = exampleWizViewManager/Plugins;
			sourceTree = SOURCE_ROOT;
		};
		308D052D1370CCF300D202BF /* icons */ = {
			isa = PBXGroup;
			children = (
				308D052E1370CCF300D202BF /* icon-72.png */,
				308D052F1370CCF300D202BF /* icon.png */,
				308D05301370CCF300D202BF /* icon@2x.png */,
			);
			path = icons;
			sourceTree = "<group>";
		};
		308D05311370CCF300D202BF /* splash */ = {
			isa = PBXGroup;
			children = (
				D4A0D8751607E02300AEF8BB /* Default-568h@2x~iphone.png */,
				3088BBB7154F3926009F9C59 /* Default-Landscape@2x~ipad.png */,
				3088BBB8154F3926009F9C59 /* Default-Landscape~ipad.png */,
				3088BBB9154F3926009F9C59 /* Default-Portrait@2x~ipad.png */,
				3088BBBA154F3926009F9C59 /* Default-Portrait~ipad.png */,
				3088BBBB154F3926009F9C59 /* Default@2x~iphone.png */,
				3088BBBC154F3926009F9C59 /* Default~iphone.png */,
			);
			path = splash;
			sourceTree = "<group>";
		};
		30A0434214DC770100060A13 /* de.lproj */ = {
			isa = PBXGroup;
			children = (
				30A0434314DC770100060A13 /* Localizable.strings */,
			);
			path = de.lproj;
			sourceTree = "<group>";
		};
		30A0434514DC770100060A13 /* se.lproj */ = {
			isa = PBXGroup;
			children = (
				30A0434614DC770100060A13 /* Localizable.strings */,
			);
			path = se.lproj;
			sourceTree = "<group>";
		};
		F6FA7C6816AFDD3900AD8974 /* WizViewManagerPlugin */ = {
			isa = PBXGroup;
			children = (
				F6FA7C6916AFDD3900AD8974 /* Ejecta */,
				F6FA7CA816AFDD3900AD8974 /* JavaScriptCore */,
				F6FA7CB316AFDD3900AD8974 /* lodepng */,
				F6FA7CB616AFDD3900AD8974 /* WizCanvasView.h */,
				F6FA7CB716AFDD3900AD8974 /* WizCanvasView.m */,
				F6FA7CB816AFDD3900AD8974 /* WizDebugLog.h */,
				F6FA7CB916AFDD3900AD8974 /* WizViewManagerPlugin.h */,
				F6FA7CBA16AFDD3900AD8974 /* WizViewManagerPlugin.m */,
				F6FA7CBB16AFDD3900AD8974 /* WizWebView.h */,
				F6FA7CBC16AFDD3900AD8974 /* WizWebView.m */,
			);
			name = WizViewManagerPlugin;
			path = ../../../../ios/project/Plugins/WizViewManagerPlugin;
			sourceTree = "<group>";
		};
		F6FA7C6916AFDD3900AD8974 /* Ejecta */ = {
			isa = PBXGroup;
			children = (
				F6FA7C6A16AFDD3900AD8974 /* EJAudio */,
				F6FA7C7616AFDD3900AD8974 /* EJBindingBase.h */,
				F6FA7C7716AFDD3900AD8974 /* EJBindingBase.m */,
				F6FA7C7816AFDD3900AD8974 /* EJBindingEjectaCore.h */,
				F6FA7C7916AFDD3900AD8974 /* EJBindingEjectaCore.m */,
				F6FA7C7A16AFDD3900AD8974 /* EJBindingEventedBase.h */,
				F6FA7C7B16AFDD3900AD8974 /* EJBindingEventedBase.m */,
				F6FA7C7C16AFDD3900AD8974 /* EJCanvas */,
				F6FA7C9516AFDD3900AD8974 /* EJConvert.h */,
				F6FA7C9616AFDD3900AD8974 /* EJConvert.m */,
				F6FA7C9716AFDD3900AD8974 /* EJTimer.h */,
				F6FA7C9816AFDD3900AD8974 /* EJTimer.m */,
				F6FA7C9916AFDD3900AD8974 /* EJUtils */,
			);
			path = Ejecta;
			sourceTree = "<group>";
		};
		F6FA7C6A16AFDD3900AD8974 /* EJAudio */ = {
			isa = PBXGroup;
			children = (
				F6FA7C6B16AFDD3900AD8974 /* EJAudioSource.h */,
				F6FA7C6C16AFDD3900AD8974 /* EJAudioSourceAVAudio.h */,
				F6FA7C6D16AFDD3900AD8974 /* EJAudioSourceAVAudio.m */,
				F6FA7C6E16AFDD3900AD8974 /* EJAudioSourceOpenAL.h */,
				F6FA7C6F16AFDD3900AD8974 /* EJAudioSourceOpenAL.m */,
				F6FA7C7016AFDD3900AD8974 /* EJBindingAudio.h */,
				F6FA7C7116AFDD3900AD8974 /* EJBindingAudio.m */,
				F6FA7C7216AFDD3900AD8974 /* EJOpenALBuffer.h */,
				F6FA7C7316AFDD3900AD8974 /* EJOpenALBuffer.m */,
				F6FA7C7416AFDD3900AD8974 /* EJOpenALManager.h */,
				F6FA7C7516AFDD3900AD8974 /* EJOpenALManager.m */,
			);
			path = EJAudio;
			sourceTree = "<group>";
		};
		F6FA7C7C16AFDD3900AD8974 /* EJCanvas */ = {
			isa = PBXGroup;
			children = (
				F6FA7C7D16AFDD3900AD8974 /* EAGLView.h */,
				F6FA7C7E16AFDD3900AD8974 /* EAGLView.m */,
				F6FA7C7F16AFDD3900AD8974 /* EJBindingCanvas.h */,
				F6FA7C8016AFDD3900AD8974 /* EJBindingCanvas.m */,
				F6FA7C8116AFDD3900AD8974 /* EJBindingImage.h */,
				F6FA7C8216AFDD3900AD8974 /* EJBindingImage.m */,
				F6FA7C8316AFDD3900AD8974 /* EJBindingImageData.h */,
				F6FA7C8416AFDD3900AD8974 /* EJBindingImageData.m */,
				F6FA7C8516AFDD3900AD8974 /* EJCanvasContext.h */,
				F6FA7C8616AFDD3900AD8974 /* EJCanvasContext.m */,
				F6FA7C8716AFDD3900AD8974 /* EJCanvasContextScreen.h */,
				F6FA7C8816AFDD3900AD8974 /* EJCanvasContextScreen.m */,
				F6FA7C8916AFDD3900AD8974 /* EJCanvasContextTexture.h */,
				F6FA7C8A16AFDD3900AD8974 /* EJCanvasContextTexture.m */,
				F6FA7C8B16AFDD3900AD8974 /* EJCanvasTypes.h */,
				F6FA7C8C16AFDD3900AD8974 /* EJDrawable.h */,
				F6FA7C8D16AFDD3900AD8974 /* EJFont.h */,
				F6FA7C8E16AFDD3900AD8974 /* EJFont.m */,
				F6FA7C8F16AFDD3900AD8974 /* EJImageData.h */,
				F6FA7C9016AFDD3900AD8974 /* EJImageData.m */,
				F6FA7C9116AFDD3900AD8974 /* EJPath.h */,
				F6FA7C9216AFDD3900AD8974 /* EJPath.mm */,
				F6FA7C9316AFDD3900AD8974 /* EJTexture.h */,
				F6FA7C9416AFDD3900AD8974 /* EJTexture.m */,
			);
			path = EJCanvas;
			sourceTree = "<group>";
		};
		F6FA7C9916AFDD3900AD8974 /* EJUtils */ = {
			isa = PBXGroup;
			children = (
				F6FA7C9A16AFDD3900AD8974 /* EJBindingAccelerometer.h */,
				F6FA7C9B16AFDD3900AD8974 /* EJBindingAccelerometer.m */,
				F6FA7C9C16AFDD3900AD8974 /* EJBindingAdBanner.h */,
				F6FA7C9D16AFDD3900AD8974 /* EJBindingAdBanner.m */,
				F6FA7C9E16AFDD3900AD8974 /* EJBindingGameCenter.h */,
				F6FA7C9F16AFDD3900AD8974 /* EJBindingGameCenter.m */,
				F6FA7CA016AFDD3900AD8974 /* EJBindingHttpRequest.h */,
				F6FA7CA116AFDD3900AD8974 /* EJBindingHttpRequest.m */,
				F6FA7CA216AFDD3900AD8974 /* EJBindingLocalStorage.h */,
				F6FA7CA316AFDD3900AD8974 /* EJBindingLocalStorage.m */,
				F6FA7CA416AFDD3900AD8974 /* EJBindingTouchInput.h */,
				F6FA7CA516AFDD3900AD8974 /* EJBindingTouchInput.m */,
				F6FA7CA616AFDD3900AD8974 /* EJBindingWizViewManager.h */,
				F6FA7CA716AFDD3900AD8974 /* EJBindingWizViewManager.m */,
			);
			path = EJUtils;
			sourceTree = "<group>";
		};
		F6FA7CA816AFDD3900AD8974 /* JavaScriptCore */ = {
			isa = PBXGroup;
			children = (
				F6FA7CA916AFDD3900AD8974 /* JavaScript.h */,
				F6FA7CAA16AFDD3900AD8974 /* JavaScriptCore.h */,
				F6FA7CAB16AFDD3900AD8974 /* JSBase.h */,
				F6FA7CAC16AFDD3900AD8974 /* JSContextRef.h */,
				F6FA7CAD16AFDD3900AD8974 /* JSObjectRef.h */,
				F6FA7CAE16AFDD3900AD8974 /* JSStringRef.h */,
				F6FA7CAF16AFDD3900AD8974 /* JSStringRefCF.h */,
				F6FA7CB016AFDD3900AD8974 /* JSValueRef.h */,
				F6FA7CB116AFDD3900AD8974 /* libJavaScriptCore.a */,
				F6FA7CB216AFDD3900AD8974 /* WebKitAvailability.h */,
			);
			path = JavaScriptCore;
			sourceTree = "<group>";
		};
		F6FA7CB316AFDD3900AD8974 /* lodepng */ = {
			isa = PBXGroup;
			children = (
				F6FA7CB416AFDD3900AD8974 /* lodepng.c */,
				F6FA7CB516AFDD3900AD8974 /* lodepng.h */,
			);
			path = lodepng;
			sourceTree = "<group>";
		};
/* End PBXGroup section */

/* Begin PBXNativeTarget section */
		1D6058900D05DD3D006BFB54 /* exampleWizViewManager */ = {
			isa = PBXNativeTarget;
			buildConfigurationList = 1D6058960D05DD3E006BFB54 /* Build configuration list for PBXNativeTarget "exampleWizViewManager" */;
			buildPhases = (
				F6FA7BE416AFD70C00AD8974 /* Copy content to www folder */,
				304B58A110DAC018002A0835 /* Touch www folder */,
				1D60588D0D05DD3D006BFB54 /* Resources */,
				1D60588E0D05DD3D006BFB54 /* Sources */,
				1D60588F0D05DD3D006BFB54 /* Frameworks */,
			);
			buildRules = (
			);
			dependencies = (
				301BF551109A68C00062928A /* PBXTargetDependency */,
			);
			name = exampleWizViewManager;
			productName = exampleWizViewManager;
			productReference = 1D6058910D05DD3D006BFB54 /* exampleWizViewManager.app */;
			productType = "com.apple.product-type.application";
		};
/* End PBXNativeTarget section */

/* Begin PBXProject section */
		29B97313FDCFA39411CA2CEA /* Project object */ = {
			isa = PBXProject;
			attributes = {
				LastUpgradeCheck = 0430;
			};
			buildConfigurationList = C01FCF4E08A954540054247B /* Build configuration list for PBXProject "exampleWizViewManager" */;
			compatibilityVersion = "Xcode 3.2";
			developmentRegion = English;
			hasScannedForEncodings = 1;
			knownRegions = (
				English,
				Japanese,
				French,
				German,
				en,
				es,
				de,
				se,
			);
			mainGroup = 29B97314FDCFA39411CA2CEA /* CustomTemplate */;
			projectDirPath = "";
			projectReferences = (
				{
					ProductGroup = 301BF52E109A57CC0062928A /* Products */;
					ProjectRef = 301BF52D109A57CC0062928A /* CordovaLib.xcodeproj */;
				},
			);
			projectRoot = "";
			targets = (
				1D6058900D05DD3D006BFB54 /* exampleWizViewManager */,
			);
		};
/* End PBXProject section */

/* Begin PBXReferenceProxy section */
		301BF535109A57CC0062928A /* libCordova.a */ = {
			isa = PBXReferenceProxy;
			fileType = archive.ar;
			path = libCordova.a;
			remoteRef = 301BF534109A57CC0062928A /* PBXContainerItemProxy */;
			sourceTree = BUILT_PRODUCTS_DIR;
		};
/* End PBXReferenceProxy section */

/* Begin PBXResourcesBuildPhase section */
		1D60588D0D05DD3D006BFB54 /* Resources */ = {
			isa = PBXResourcesBuildPhase;
			buildActionMask = 2147483647;
			files = (
				F840E1F1165FE0F500CFE078 /* config.xml in Resources */,
				301BF570109A69640062928A /* www in Resources */,
				308D05371370CCF300D202BF /* icon-72.png in Resources */,
				308D05381370CCF300D202BF /* icon.png in Resources */,
				308D05391370CCF300D202BF /* icon@2x.png in Resources */,
				3072F99713A8081B00425683 /* Capture.bundle in Resources */,
				1F766FE113BBADB100FB74C0 /* Localizable.strings in Resources */,
				1F766FE213BBADB100FB74C0 /* Localizable.strings in Resources */,
				302D95F214D2391D003F00A1 /* MainViewController.xib in Resources */,
				30A0434814DC770100060A13 /* Localizable.strings in Resources */,
				30A0434914DC770100060A13 /* Localizable.strings in Resources */,
				3088BBBD154F3926009F9C59 /* Default-Landscape@2x~ipad.png in Resources */,
				3088BBBE154F3926009F9C59 /* Default-Landscape~ipad.png in Resources */,
				3088BBBF154F3926009F9C59 /* Default-Portrait@2x~ipad.png in Resources */,
				3088BBC0154F3926009F9C59 /* Default-Portrait~ipad.png in Resources */,
				3088BBC1154F3926009F9C59 /* Default@2x~iphone.png in Resources */,
				3088BBC2154F3926009F9C59 /* Default~iphone.png in Resources */,
				D4A0D8761607E02300AEF8BB /* Default-568h@2x~iphone.png in Resources */,
			);
			runOnlyForDeploymentPostprocessing = 0;
		};
/* End PBXResourcesBuildPhase section */

/* Begin PBXShellScriptBuildPhase section */
		304B58A110DAC018002A0835 /* Touch www folder */ = {
			isa = PBXShellScriptBuildPhase;
			buildActionMask = 2147483647;
			files = (
			);
			inputPaths = (
			);
			name = "Touch www folder";
			outputPaths = (
			);
			runOnlyForDeploymentPostprocessing = 0;
			shellPath = /bin/sh;
			shellScript = "touch -cm ${PROJECT_DIR}/www";
		};
		F6FA7BE416AFD70C00AD8974 /* Copy content to www folder */ = {
			isa = PBXShellScriptBuildPhase;
			buildActionMask = 2147483647;
			files = (
			);
			inputPaths = (
			);
			name = "Copy content to www folder";
			outputPaths = (
			);
			runOnlyForDeploymentPostprocessing = 0;
			shellPath = /bin/sh;
			shellScript = "cp -r $PROJECT_DIR/../www $PROJECT_DIR\ncp -r $PROJECT_DIR/../../www/phonegap $PROJECT_DIR/www";
		};
/* End PBXShellScriptBuildPhase section */

/* Begin PBXSourcesBuildPhase section */
		1D60588E0D05DD3D006BFB54 /* Sources */ = {
			isa = PBXSourcesBuildPhase;
			buildActionMask = 2147483647;
			files = (
				1D60589B0D05DD56006BFB54 /* main.m in Sources */,
				1D3623260D0F684500981E51 /* AppDelegate.m in Sources */,
				302D95F114D2391D003F00A1 /* MainViewController.m in Sources */,
				F6FA7CBD16AFDD3900AD8974 /* EJAudioSourceAVAudio.m in Sources */,
				F6FA7CBE16AFDD3900AD8974 /* EJAudioSourceOpenAL.m in Sources */,
				F6FA7CBF16AFDD3900AD8974 /* EJBindingAudio.m in Sources */,
				F6FA7CC016AFDD3900AD8974 /* EJOpenALBuffer.m in Sources */,
				F6FA7CC116AFDD3900AD8974 /* EJOpenALManager.m in Sources */,
				F6FA7CC216AFDD3900AD8974 /* EJBindingBase.m in Sources */,
				F6FA7CC316AFDD3900AD8974 /* EJBindingEjectaCore.m in Sources */,
				F6FA7CC416AFDD3900AD8974 /* EJBindingEventedBase.m in Sources */,
				F6FA7CC516AFDD3900AD8974 /* EAGLView.m in Sources */,
				F6FA7CC616AFDD3900AD8974 /* EJBindingCanvas.m in Sources */,
				F6FA7CC716AFDD3900AD8974 /* EJBindingImage.m in Sources */,
				F6FA7CC816AFDD3900AD8974 /* EJBindingImageData.m in Sources */,
				F6FA7CC916AFDD3900AD8974 /* EJCanvasContext.m in Sources */,
				F6FA7CCA16AFDD3900AD8974 /* EJCanvasContextScreen.m in Sources */,
				F6FA7CCB16AFDD3900AD8974 /* EJCanvasContextTexture.m in Sources */,
				F6FA7CCC16AFDD3900AD8974 /* EJFont.m in Sources */,
				F6FA7CCD16AFDD3900AD8974 /* EJImageData.m in Sources */,
				F6FA7CCE16AFDD3900AD8974 /* EJPath.mm in Sources */,
				F6FA7CCF16AFDD3900AD8974 /* EJTexture.m in Sources */,
				F6FA7CD016AFDD3900AD8974 /* EJConvert.m in Sources */,
				F6FA7CD116AFDD3900AD8974 /* EJTimer.m in Sources */,
				F6FA7CD216AFDD3900AD8974 /* EJBindingAccelerometer.m in Sources */,
				F6FA7CD316AFDD3900AD8974 /* EJBindingAdBanner.m in Sources */,
				F6FA7CD416AFDD3900AD8974 /* EJBindingGameCenter.m in Sources */,
				F6FA7CD516AFDD3900AD8974 /* EJBindingHttpRequest.m in Sources */,
				F6FA7CD616AFDD3900AD8974 /* EJBindingLocalStorage.m in Sources */,
				F6FA7CD716AFDD3900AD8974 /* EJBindingTouchInput.m in Sources */,
				F6FA7CD816AFDD3900AD8974 /* EJBindingWizViewManager.m in Sources */,
				F6FA7CDA16AFDD3900AD8974 /* lodepng.c in Sources */,
				F6FA7CDB16AFDD3900AD8974 /* WizCanvasView.m in Sources */,
				F6FA7CDC16AFDD3900AD8974 /* WizViewManagerPlugin.m in Sources */,
				F6FA7CDD16AFDD3900AD8974 /* WizWebView.m in Sources */,
			);
			runOnlyForDeploymentPostprocessing = 0;
		};
/* End PBXSourcesBuildPhase section */

/* Begin PBXTargetDependency section */
		301BF551109A68C00062928A /* PBXTargetDependency */ = {
			isa = PBXTargetDependency;
			name = CordovaLib;
			targetProxy = 301BF550109A68C00062928A /* PBXContainerItemProxy */;
		};
/* End PBXTargetDependency section */

/* Begin PBXVariantGroup section */
		1F766FDC13BBADB100FB74C0 /* Localizable.strings */ = {
			isa = PBXVariantGroup;
			children = (
				1F766FDD13BBADB100FB74C0 /* en */,
			);
			name = Localizable.strings;
			sourceTree = "<group>";
		};
		1F766FDF13BBADB100FB74C0 /* Localizable.strings */ = {
			isa = PBXVariantGroup;
			children = (
				1F766FE013BBADB100FB74C0 /* es */,
			);
			name = Localizable.strings;
			sourceTree = "<group>";
		};
		30A0434314DC770100060A13 /* Localizable.strings */ = {
			isa = PBXVariantGroup;
			children = (
				30A0434414DC770100060A13 /* de */,
			);
			name = Localizable.strings;
			sourceTree = "<group>";
		};
		30A0434614DC770100060A13 /* Localizable.strings */ = {
			isa = PBXVariantGroup;
			children = (
				30A0434714DC770100060A13 /* se */,
			);
			name = Localizable.strings;
			sourceTree = "<group>";
		};
/* End PBXVariantGroup section */

/* Begin XCBuildConfiguration section */
		1D6058940D05DD3E006BFB54 /* Debug */ = {
			isa = XCBuildConfiguration;
			buildSettings = {
				ALWAYS_SEARCH_USER_PATHS = NO;
				CLANG_ENABLE_OBJC_ARC = NO;
				CLANG_WARN_OBJCPP_ARC_ABI = YES;
				COPY_PHASE_STRIP = NO;
				GCC_DYNAMIC_NO_PIC = NO;
				GCC_OPTIMIZATION_LEVEL = 0;
				GCC_PRECOMPILE_PREFIX_HEADER = YES;
				GCC_PREFIX_HEADER = "exampleWizViewManager/exampleWizViewManager-Prefix.pch";
				GCC_THUMB_SUPPORT = NO;
				GCC_VERSION = com.apple.compilers.llvm.clang.1_0;
				HEADER_SEARCH_PATHS = (
					"\"$(TARGET_BUILD_DIR)/usr/local/lib/include\"",
					"\"$(OBJROOT)/UninstalledProducts/include\"",
					"\"$(BUILT_PRODUCTS_DIR)\"",
					"\"$(SRCROOT)/../../ios/project/Plugins/WizViewManagerPlugin\"",
				);
				INFOPLIST_FILE = "exampleWizViewManager/exampleWizViewManager-Info.plist";
				IPHONEOS_DEPLOYMENT_TARGET = 5.0;
				LIBRARY_SEARCH_PATHS = (
					"$(inherited)",
					"\"$(SRCROOT)/../../ios/project/Plugins/WizViewManagerPlugin/JavaScriptCore\"",
				);
				PRODUCT_NAME = exampleWizViewManager;
				TARGETED_DEVICE_FAMILY = "1,2";
			};
			name = Debug;
		};
		1D6058950D05DD3E006BFB54 /* Release */ = {
			isa = XCBuildConfiguration;
			buildSettings = {
				ALWAYS_SEARCH_USER_PATHS = NO;
				CLANG_ENABLE_OBJC_ARC = NO;
				CLANG_WARN_OBJCPP_ARC_ABI = YES;
				COPY_PHASE_STRIP = YES;
				GCC_PRECOMPILE_PREFIX_HEADER = YES;
				GCC_PREFIX_HEADER = "exampleWizViewManager/exampleWizViewManager-Prefix.pch";
				GCC_THUMB_SUPPORT = NO;
				GCC_VERSION = com.apple.compilers.llvm.clang.1_0;
				HEADER_SEARCH_PATHS = (
					"\"$(TARGET_BUILD_DIR)/usr/local/lib/include\"",
					"\"$(OBJROOT)/UninstalledProducts/include\"",
					"\"$(BUILT_PRODUCTS_DIR)\"",
					"\"$(SRCROOT)/../../ios/project/Plugins/WizViewManagerPlugin\"",
				);
				INFOPLIST_FILE = "exampleWizViewManager/exampleWizViewManager-Info.plist";
				IPHONEOS_DEPLOYMENT_TARGET = 5.0;
				LIBRARY_SEARCH_PATHS = (
					"$(inherited)",
					"\"$(SRCROOT)/../../ios/project/Plugins/WizViewManagerPlugin/JavaScriptCore\"",
				);
				PRODUCT_NAME = exampleWizViewManager;
				TARGETED_DEVICE_FAMILY = "1,2";
			};
			name = Release;
		};
		C01FCF4F08A954540054247B /* Debug */ = {
			isa = XCBuildConfiguration;
			buildSettings = {
				ARCHS = "$(ARCHS_STANDARD_32_BIT)";
				"CODE_SIGN_IDENTITY[sdk=iphoneos*]" = "iPhone Developer";
				GCC_C_LANGUAGE_STANDARD = c99;
				GCC_THUMB_SUPPORT = NO;
				GCC_VERSION = com.apple.compilers.llvm.clang.1_0;
				GCC_WARN_ABOUT_RETURN_TYPE = YES;
				GCC_WARN_UNUSED_VARIABLE = YES;
				HEADER_SEARCH_PATHS = (
					"\"$(TARGET_BUILD_DIR)/usr/local/lib/include\"",
					"\"$(OBJROOT)/UninstalledProducts/include\"",
					"\"$(BUILT_PRODUCTS_DIR)\"",
				);
				IPHONEOS_DEPLOYMENT_TARGET = 5.0;
				OTHER_LDFLAGS = (
					"-weak_framework",
					CoreFoundation,
					"-weak_framework",
					UIKit,
					"-weak_framework",
					AVFoundation,
					"-weak_framework",
					CoreMedia,
					"-weak-lSystem",
					"-all_load",
					"-Obj-C",
				);
				SDKROOT = iphoneos;
				SKIP_INSTALL = NO;
				USER_HEADER_SEARCH_PATHS = "";
			};
			name = Debug;
		};
		C01FCF5008A954540054247B /* Release */ = {
			isa = XCBuildConfiguration;
			buildSettings = {
				ARCHS = "$(ARCHS_STANDARD_32_BIT)";
				"CODE_SIGN_IDENTITY[sdk=iphoneos*]" = "iPhone Developer";
				GCC_C_LANGUAGE_STANDARD = c99;
				GCC_THUMB_SUPPORT = NO;
				GCC_VERSION = com.apple.compilers.llvm.clang.1_0;
				GCC_WARN_ABOUT_RETURN_TYPE = YES;
				GCC_WARN_UNUSED_VARIABLE = YES;
				HEADER_SEARCH_PATHS = (
					"\"$(TARGET_BUILD_DIR)/usr/local/lib/include\"",
					"\"$(OBJROOT)/UninstalledProducts/include\"",
					"\"$(BUILT_PRODUCTS_DIR)\"",
				);
				IPHONEOS_DEPLOYMENT_TARGET = 5.0;
				OTHER_LDFLAGS = (
					"-weak_framework",
					CoreFoundation,
					"-weak_framework",
					UIKit,
					"-weak_framework",
					AVFoundation,
					"-weak_framework",
					CoreMedia,
					"-weak-lSystem",
					"-all_load",
					"-Obj-C",
				);
				SDKROOT = iphoneos;
				SKIP_INSTALL = NO;
				USER_HEADER_SEARCH_PATHS = "";
			};
			name = Release;
		};
/* End XCBuildConfiguration section */

/* Begin XCConfigurationList section */
		1D6058960D05DD3E006BFB54 /* Build configuration list for PBXNativeTarget "exampleWizViewManager" */ = {
			isa = XCConfigurationList;
			buildConfigurations = (
				1D6058940D05DD3E006BFB54 /* Debug */,
				1D6058950D05DD3E006BFB54 /* Release */,
			);
			defaultConfigurationIsVisible = 0;
			defaultConfigurationName = Release;
		};
		C01FCF4E08A954540054247B /* Build configuration list for PBXProject "exampleWizViewManager" */ = {
			isa = XCConfigurationList;
			buildConfigurations = (
				C01FCF4F08A954540054247B /* Debug */,
				C01FCF5008A954540054247B /* Release */,
			);
			defaultConfigurationIsVisible = 0;
			defaultConfigurationName = Release;
		};
/* End XCConfigurationList section */
	};
	rootObject = 29B97313FDCFA39411CA2CEA /* Project object */;
}
