// !$*UTF8*$!
{
	archiveVersion = 1;
	classes = {
	};
	objectVersion = 46;
	objects = {

/* Begin PBXBuildFile section */
		411FA62D16551D1D00411ABE /* OpenAL.framework in Frameworks */ = {isa = PBXBuildFile; fileRef = 411FA62B16551D1D00411ABE /* OpenAL.framework */; };
		411FA62E16551D1D00411ABE /* OpenGLES.framework in Frameworks */ = {isa = PBXBuildFile; fileRef = 411FA62C16551D1D00411ABE /* OpenGLES.framework */; };
		411FA63016551D3200411ABE /* libstdc++.dylib in Frameworks */ = {isa = PBXBuildFile; fileRef = 411FA62F16551D3200411ABE /* libstdc++.dylib */; };
		411FA63216551D3B00411ABE /* libicucore.dylib in Frameworks */ = {isa = PBXBuildFile; fileRef = 411FA63116551D3B00411ABE /* libicucore.dylib */; };
		41ADA02F165648FF004F93A6 /* CoreText.framework in Frameworks */ = {isa = PBXBuildFile; fileRef = 41ADA02E165648FE004F93A6 /* CoreText.framework */; };
		41ADA0311656492D004F93A6 /* GameKit.framework in Frameworks */ = {isa = PBXBuildFile; fileRef = 41ADA0301656492C004F93A6 /* GameKit.framework */; };
		41ADA0331656499F004F93A6 /* iAd.framework in Frameworks */ = {isa = PBXBuildFile; fileRef = 41ADA0321656499F004F93A6 /* iAd.framework */; settings = {ATTRIBUTES = (Weak, ); }; };
		41D70C8816647D1C008CAE2E /* EJAudioSourceAVAudio.m in Sources */ = {isa = PBXBuildFile; fileRef = 41D70C3816647D1C008CAE2E /* EJAudioSourceAVAudio.m */; };
		41D70C8916647D1C008CAE2E /* EJAudioSourceOpenAL.m in Sources */ = {isa = PBXBuildFile; fileRef = 41D70C3A16647D1C008CAE2E /* EJAudioSourceOpenAL.m */; };
		41D70C8A16647D1C008CAE2E /* EJBindingAudio.m in Sources */ = {isa = PBXBuildFile; fileRef = 41D70C3C16647D1C008CAE2E /* EJBindingAudio.m */; };
		41D70C8B16647D1C008CAE2E /* EJOpenALBuffer.m in Sources */ = {isa = PBXBuildFile; fileRef = 41D70C3E16647D1C008CAE2E /* EJOpenALBuffer.m */; };
		41D70C8C16647D1C008CAE2E /* EJOpenALManager.m in Sources */ = {isa = PBXBuildFile; fileRef = 41D70C4016647D1C008CAE2E /* EJOpenALManager.m */; };
		41D70C8D16647D1C008CAE2E /* EJBindingBase.m in Sources */ = {isa = PBXBuildFile; fileRef = 41D70C4216647D1C008CAE2E /* EJBindingBase.m */; };
		41D70C8E16647D1C008CAE2E /* EJBindingEjectaCore.m in Sources */ = {isa = PBXBuildFile; fileRef = 41D70C4416647D1C008CAE2E /* EJBindingEjectaCore.m */; };
		41D70C8F16647D1C008CAE2E /* EJBindingEventedBase.m in Sources */ = {isa = PBXBuildFile; fileRef = 41D70C4616647D1C008CAE2E /* EJBindingEventedBase.m */; };
		41D70C9016647D1C008CAE2E /* EAGLView.m in Sources */ = {isa = PBXBuildFile; fileRef = 41D70C4916647D1C008CAE2E /* EAGLView.m */; };
		41D70C9116647D1C008CAE2E /* EJBindingCanvas.m in Sources */ = {isa = PBXBuildFile; fileRef = 41D70C4B16647D1C008CAE2E /* EJBindingCanvas.m */; };
		41D70C9216647D1C008CAE2E /* EJBindingImage.m in Sources */ = {isa = PBXBuildFile; fileRef = 41D70C4D16647D1C008CAE2E /* EJBindingImage.m */; };
		41D70C9316647D1C008CAE2E /* EJBindingImageData.m in Sources */ = {isa = PBXBuildFile; fileRef = 41D70C4F16647D1C008CAE2E /* EJBindingImageData.m */; };
		41D70C9416647D1C008CAE2E /* EJCanvasContext.m in Sources */ = {isa = PBXBuildFile; fileRef = 41D70C5116647D1C008CAE2E /* EJCanvasContext.m */; };
		41D70C9516647D1C008CAE2E /* EJCanvasContextScreen.m in Sources */ = {isa = PBXBuildFile; fileRef = 41D70C5316647D1C008CAE2E /* EJCanvasContextScreen.m */; };
		41D70C9616647D1C008CAE2E /* EJCanvasContextTexture.m in Sources */ = {isa = PBXBuildFile; fileRef = 41D70C5516647D1C008CAE2E /* EJCanvasContextTexture.m */; };
		41D70C9716647D1C008CAE2E /* EJFont.m in Sources */ = {isa = PBXBuildFile; fileRef = 41D70C5916647D1C008CAE2E /* EJFont.m */; };
		41D70C9816647D1C008CAE2E /* EJImageData.m in Sources */ = {isa = PBXBuildFile; fileRef = 41D70C5B16647D1C008CAE2E /* EJImageData.m */; };
		41D70C9916647D1C008CAE2E /* EJPath.mm in Sources */ = {isa = PBXBuildFile; fileRef = 41D70C5D16647D1C008CAE2E /* EJPath.mm */; };
		41D70C9A16647D1C008CAE2E /* EJTexture.m in Sources */ = {isa = PBXBuildFile; fileRef = 41D70C5F16647D1C008CAE2E /* EJTexture.m */; };
		41D70C9B16647D1C008CAE2E /* EJConvert.m in Sources */ = {isa = PBXBuildFile; fileRef = 41D70C6116647D1C008CAE2E /* EJConvert.m */; };
		41D70C9C16647D1C008CAE2E /* EJTimer.m in Sources */ = {isa = PBXBuildFile; fileRef = 41D70C6316647D1C008CAE2E /* EJTimer.m */; };
		41D70C9D16647D1C008CAE2E /* EJBindingAccelerometer.m in Sources */ = {isa = PBXBuildFile; fileRef = 41D70C6616647D1C008CAE2E /* EJBindingAccelerometer.m */; };
		41D70C9E16647D1C008CAE2E /* EJBindingAdBanner.m in Sources */ = {isa = PBXBuildFile; fileRef = 41D70C6816647D1C008CAE2E /* EJBindingAdBanner.m */; };
		41D70C9F16647D1C008CAE2E /* EJBindingGameCenter.m in Sources */ = {isa = PBXBuildFile; fileRef = 41D70C6A16647D1C008CAE2E /* EJBindingGameCenter.m */; };
		41D70CA016647D1C008CAE2E /* EJBindingHttpRequest.m in Sources */ = {isa = PBXBuildFile; fileRef = 41D70C6C16647D1C008CAE2E /* EJBindingHttpRequest.m */; };
		41D70CA116647D1C008CAE2E /* EJBindingLocalStorage.m in Sources */ = {isa = PBXBuildFile; fileRef = 41D70C6E16647D1C008CAE2E /* EJBindingLocalStorage.m */; };
		41D70CA216647D1C008CAE2E /* EJBindingTouchInput.m in Sources */ = {isa = PBXBuildFile; fileRef = 41D70C7016647D1C008CAE2E /* EJBindingTouchInput.m */; };
		41D70CA316647D1C008CAE2E /* EJBindingWizViewManager.m in Sources */ = {isa = PBXBuildFile; fileRef = 41D70C7216647D1C008CAE2E /* EJBindingWizViewManager.m */; };
		41D70CA416647D1C008CAE2E /* libJavaScriptCore.a in Frameworks */ = {isa = PBXBuildFile; fileRef = 41D70C7C16647D1C008CAE2E /* libJavaScriptCore.a */; };
		41D70CA516647D1C008CAE2E /* lodepng.c in Sources */ = {isa = PBXBuildFile; fileRef = 41D70C7F16647D1C008CAE2E /* lodepng.c */; };
		41D70CA616647D1C008CAE2E /* WizCanvasView.m in Sources */ = {isa = PBXBuildFile; fileRef = 41D70C8216647D1C008CAE2E /* WizCanvasView.m */; };
		41D70CA716647D1C008CAE2E /* WizViewManagerPlugin.m in Sources */ = {isa = PBXBuildFile; fileRef = 41D70C8516647D1C008CAE2E /* WizViewManagerPlugin.m */; };
		41D70CA816647D1C008CAE2E /* WizWebView.m in Sources */ = {isa = PBXBuildFile; fileRef = 41D70C8716647D1C008CAE2E /* WizWebView.m */; };
		F60BBF831647C4900085B8FF /* Foundation.framework in Frameworks */ = {isa = PBXBuildFile; fileRef = F60BBF821647C4900085B8FF /* Foundation.framework */; };
		F60BBF851647C4900085B8FF /* UIKit.framework in Frameworks */ = {isa = PBXBuildFile; fileRef = F60BBF841647C4900085B8FF /* UIKit.framework */; };
		F60BBF871647C4900085B8FF /* CoreGraphics.framework in Frameworks */ = {isa = PBXBuildFile; fileRef = F60BBF861647C4900085B8FF /* CoreGraphics.framework */; };
		F60BBF891647C4900085B8FF /* AddressBook.framework in Frameworks */ = {isa = PBXBuildFile; fileRef = F60BBF881647C4900085B8FF /* AddressBook.framework */; };
		F60BBF8B1647C4900085B8FF /* AddressBookUI.framework in Frameworks */ = {isa = PBXBuildFile; fileRef = F60BBF8A1647C4900085B8FF /* AddressBookUI.framework */; };
		F60BBF8D1647C4900085B8FF /* AudioToolbox.framework in Frameworks */ = {isa = PBXBuildFile; fileRef = F60BBF8C1647C4900085B8FF /* AudioToolbox.framework */; };
		F60BBF8F1647C4900085B8FF /* AVFoundation.framework in Frameworks */ = {isa = PBXBuildFile; fileRef = F60BBF8E1647C4900085B8FF /* AVFoundation.framework */; };
		F60BBF911647C4900085B8FF /* CoreLocation.framework in Frameworks */ = {isa = PBXBuildFile; fileRef = F60BBF901647C4900085B8FF /* CoreLocation.framework */; };
		F60BBF931647C4900085B8FF /* MediaPlayer.framework in Frameworks */ = {isa = PBXBuildFile; fileRef = F60BBF921647C4900085B8FF /* MediaPlayer.framework */; };
		F60BBF951647C4900085B8FF /* QuartzCore.framework in Frameworks */ = {isa = PBXBuildFile; fileRef = F60BBF941647C4900085B8FF /* QuartzCore.framework */; };
		F60BBF971647C4900085B8FF /* SystemConfiguration.framework in Frameworks */ = {isa = PBXBuildFile; fileRef = F60BBF961647C4900085B8FF /* SystemConfiguration.framework */; };
		F60BBF991647C4900085B8FF /* MobileCoreServices.framework in Frameworks */ = {isa = PBXBuildFile; fileRef = F60BBF981647C4900085B8FF /* MobileCoreServices.framework */; };
		F60BBF9B1647C4900085B8FF /* CoreMedia.framework in Frameworks */ = {isa = PBXBuildFile; fileRef = F60BBF9A1647C4900085B8FF /* CoreMedia.framework */; };
		F60BBFA11647C4900085B8FF /* InfoPlist.strings in Resources */ = {isa = PBXBuildFile; fileRef = F60BBF9F1647C4900085B8FF /* InfoPlist.strings */; };
		F60BBFA31647C4910085B8FF /* main.m in Sources */ = {isa = PBXBuildFile; fileRef = F60BBFA21647C4910085B8FF /* main.m */; };
		F60BBFAB1647C4910085B8FF /* Localizable.strings in Resources */ = {isa = PBXBuildFile; fileRef = F60BBFA91647C4910085B8FF /* Localizable.strings */; };
		F60BBFAF1647C4910085B8FF /* Localizable.strings in Resources */ = {isa = PBXBuildFile; fileRef = F60BBFAD1647C4910085B8FF /* Localizable.strings */; };
		F60BBFB31647C4910085B8FF /* Localizable.strings in Resources */ = {isa = PBXBuildFile; fileRef = F60BBFB11647C4910085B8FF /* Localizable.strings */; };
		F60BBFB71647C4910085B8FF /* Localizable.strings in Resources */ = {isa = PBXBuildFile; fileRef = F60BBFB51647C4910085B8FF /* Localizable.strings */; };
		F60BBFBA1647C4910085B8FF /* icon.png in Resources */ = {isa = PBXBuildFile; fileRef = F60BBFB91647C4910085B8FF /* icon.png */; };
		F60BBFBC1647C4910085B8FF /* icon@2x.png in Resources */ = {isa = PBXBuildFile; fileRef = F60BBFBB1647C4910085B8FF /* icon@2x.png */; };
		F60BBFBE1647C4910085B8FF /* icon-72.png in Resources */ = {isa = PBXBuildFile; fileRef = F60BBFBD1647C4910085B8FF /* icon-72.png */; };
		F60BBFC11647C4910085B8FF /* Default~iphone.png in Resources */ = {isa = PBXBuildFile; fileRef = F60BBFC01647C4910085B8FF /* Default~iphone.png */; };
		F60BBFC31647C4910085B8FF /* Default@2x~iphone.png in Resources */ = {isa = PBXBuildFile; fileRef = F60BBFC21647C4910085B8FF /* Default@2x~iphone.png */; };
		F60BBFC51647C4910085B8FF /* Capture.bundle in Resources */ = {isa = PBXBuildFile; fileRef = F60BBFC41647C4910085B8FF /* Capture.bundle */; };
		F60BBFC71647C4910085B8FF /* Cordova.plist in Resources */ = {isa = PBXBuildFile; fileRef = F60BBFC61647C4910085B8FF /* Cordova.plist */; };
		F60BBFCB1647C4910085B8FF /* AppDelegate.m in Sources */ = {isa = PBXBuildFile; fileRef = F60BBFCA1647C4910085B8FF /* AppDelegate.m */; };
		F60BBFCE1647C4910085B8FF /* MainViewController.m in Sources */ = {isa = PBXBuildFile; fileRef = F60BBFCD1647C4910085B8FF /* MainViewController.m */; };
		F60BBFD01647C4910085B8FF /* MainViewController.xib in Resources */ = {isa = PBXBuildFile; fileRef = F60BBFCF1647C4910085B8FF /* MainViewController.xib */; };
		F60BBFE31647C7970085B8FF /* www in Resources */ = {isa = PBXBuildFile; fileRef = F60BBFE21647C7970085B8FF /* www */; };
		F60BBFF81647C9D00085B8FF /* Default-568h@2x.png in Resources */ = {isa = PBXBuildFile; fileRef = F60BBFF71647C9D00085B8FF /* Default-568h@2x.png */; };
/* End PBXBuildFile section */

/* Begin PBXFileReference section */
		411FA62B16551D1D00411ABE /* OpenAL.framework */ = {isa = PBXFileReference; lastKnownFileType = wrapper.framework; name = OpenAL.framework; path = System/Library/Frameworks/OpenAL.framework; sourceTree = SDKROOT; };
		411FA62C16551D1D00411ABE /* OpenGLES.framework */ = {isa = PBXFileReference; lastKnownFileType = wrapper.framework; name = OpenGLES.framework; path = System/Library/Frameworks/OpenGLES.framework; sourceTree = SDKROOT; };
		411FA62F16551D3200411ABE /* libstdc++.dylib */ = {isa = PBXFileReference; lastKnownFileType = "compiled.mach-o.dylib"; name = "libstdc++.dylib"; path = "usr/lib/libstdc++.dylib"; sourceTree = SDKROOT; };
		411FA63116551D3B00411ABE /* libicucore.dylib */ = {isa = PBXFileReference; lastKnownFileType = "compiled.mach-o.dylib"; name = libicucore.dylib; path = usr/lib/libicucore.dylib; sourceTree = SDKROOT; };
		41ADA02E165648FE004F93A6 /* CoreText.framework */ = {isa = PBXFileReference; lastKnownFileType = wrapper.framework; name = CoreText.framework; path = System/Library/Frameworks/CoreText.framework; sourceTree = SDKROOT; };
		41ADA0301656492C004F93A6 /* GameKit.framework */ = {isa = PBXFileReference; lastKnownFileType = wrapper.framework; name = GameKit.framework; path = System/Library/Frameworks/GameKit.framework; sourceTree = SDKROOT; };
		41ADA0321656499F004F93A6 /* iAd.framework */ = {isa = PBXFileReference; lastKnownFileType = wrapper.framework; name = iAd.framework; path = System/Library/Frameworks/iAd.framework; sourceTree = SDKROOT; };
		41D70C3616647D1C008CAE2E /* EJAudioSource.h */ = {isa = PBXFileReference; fileEncoding = 4; lastKnownFileType = sourcecode.c.h; path = EJAudioSource.h; sourceTree = "<group>"; };
		41D70C3716647D1C008CAE2E /* EJAudioSourceAVAudio.h */ = {isa = PBXFileReference; fileEncoding = 4; lastKnownFileType = sourcecode.c.h; path = EJAudioSourceAVAudio.h; sourceTree = "<group>"; };
		41D70C3816647D1C008CAE2E /* EJAudioSourceAVAudio.m */ = {isa = PBXFileReference; fileEncoding = 4; lastKnownFileType = sourcecode.c.objc; path = EJAudioSourceAVAudio.m; sourceTree = "<group>"; };
		41D70C3916647D1C008CAE2E /* EJAudioSourceOpenAL.h */ = {isa = PBXFileReference; fileEncoding = 4; lastKnownFileType = sourcecode.c.h; path = EJAudioSourceOpenAL.h; sourceTree = "<group>"; };
		41D70C3A16647D1C008CAE2E /* EJAudioSourceOpenAL.m */ = {isa = PBXFileReference; fileEncoding = 4; lastKnownFileType = sourcecode.c.objc; path = EJAudioSourceOpenAL.m; sourceTree = "<group>"; };
		41D70C3B16647D1C008CAE2E /* EJBindingAudio.h */ = {isa = PBXFileReference; fileEncoding = 4; lastKnownFileType = sourcecode.c.h; path = EJBindingAudio.h; sourceTree = "<group>"; };
		41D70C3C16647D1C008CAE2E /* EJBindingAudio.m */ = {isa = PBXFileReference; fileEncoding = 4; lastKnownFileType = sourcecode.c.objc; path = EJBindingAudio.m; sourceTree = "<group>"; };
		41D70C3D16647D1C008CAE2E /* EJOpenALBuffer.h */ = {isa = PBXFileReference; fileEncoding = 4; lastKnownFileType = sourcecode.c.h; path = EJOpenALBuffer.h; sourceTree = "<group>"; };
		41D70C3E16647D1C008CAE2E /* EJOpenALBuffer.m */ = {isa = PBXFileReference; fileEncoding = 4; lastKnownFileType = sourcecode.c.objc; path = EJOpenALBuffer.m; sourceTree = "<group>"; };
		41D70C3F16647D1C008CAE2E /* EJOpenALManager.h */ = {isa = PBXFileReference; fileEncoding = 4; lastKnownFileType = sourcecode.c.h; path = EJOpenALManager.h; sourceTree = "<group>"; };
		41D70C4016647D1C008CAE2E /* EJOpenALManager.m */ = {isa = PBXFileReference; fileEncoding = 4; lastKnownFileType = sourcecode.c.objc; path = EJOpenALManager.m; sourceTree = "<group>"; };
		41D70C4116647D1C008CAE2E /* EJBindingBase.h */ = {isa = PBXFileReference; fileEncoding = 4; lastKnownFileType = sourcecode.c.h; path = EJBindingBase.h; sourceTree = "<group>"; };
		41D70C4216647D1C008CAE2E /* EJBindingBase.m */ = {isa = PBXFileReference; fileEncoding = 4; lastKnownFileType = sourcecode.c.objc; path = EJBindingBase.m; sourceTree = "<group>"; };
		41D70C4316647D1C008CAE2E /* EJBindingEjectaCore.h */ = {isa = PBXFileReference; fileEncoding = 4; lastKnownFileType = sourcecode.c.h; path = EJBindingEjectaCore.h; sourceTree = "<group>"; };
		41D70C4416647D1C008CAE2E /* EJBindingEjectaCore.m */ = {isa = PBXFileReference; fileEncoding = 4; lastKnownFileType = sourcecode.c.objc; path = EJBindingEjectaCore.m; sourceTree = "<group>"; };
		41D70C4516647D1C008CAE2E /* EJBindingEventedBase.h */ = {isa = PBXFileReference; fileEncoding = 4; lastKnownFileType = sourcecode.c.h; path = EJBindingEventedBase.h; sourceTree = "<group>"; };
		41D70C4616647D1C008CAE2E /* EJBindingEventedBase.m */ = {isa = PBXFileReference; fileEncoding = 4; lastKnownFileType = sourcecode.c.objc; path = EJBindingEventedBase.m; sourceTree = "<group>"; };
		41D70C4816647D1C008CAE2E /* EAGLView.h */ = {isa = PBXFileReference; fileEncoding = 4; lastKnownFileType = sourcecode.c.h; path = EAGLView.h; sourceTree = "<group>"; };
		41D70C4916647D1C008CAE2E /* EAGLView.m */ = {isa = PBXFileReference; fileEncoding = 4; lastKnownFileType = sourcecode.c.objc; path = EAGLView.m; sourceTree = "<group>"; };
		41D70C4A16647D1C008CAE2E /* EJBindingCanvas.h */ = {isa = PBXFileReference; fileEncoding = 4; lastKnownFileType = sourcecode.c.h; path = EJBindingCanvas.h; sourceTree = "<group>"; };
		41D70C4B16647D1C008CAE2E /* EJBindingCanvas.m */ = {isa = PBXFileReference; fileEncoding = 4; lastKnownFileType = sourcecode.c.objc; path = EJBindingCanvas.m; sourceTree = "<group>"; };
		41D70C4C16647D1C008CAE2E /* EJBindingImage.h */ = {isa = PBXFileReference; fileEncoding = 4; lastKnownFileType = sourcecode.c.h; path = EJBindingImage.h; sourceTree = "<group>"; };
		41D70C4D16647D1C008CAE2E /* EJBindingImage.m */ = {isa = PBXFileReference; fileEncoding = 4; lastKnownFileType = sourcecode.c.objc; path = EJBindingImage.m; sourceTree = "<group>"; };
		41D70C4E16647D1C008CAE2E /* EJBindingImageData.h */ = {isa = PBXFileReference; fileEncoding = 4; lastKnownFileType = sourcecode.c.h; path = EJBindingImageData.h; sourceTree = "<group>"; };
		41D70C4F16647D1C008CAE2E /* EJBindingImageData.m */ = {isa = PBXFileReference; fileEncoding = 4; lastKnownFileType = sourcecode.c.objc; path = EJBindingImageData.m; sourceTree = "<group>"; };
		41D70C5016647D1C008CAE2E /* EJCanvasContext.h */ = {isa = PBXFileReference; fileEncoding = 4; lastKnownFileType = sourcecode.c.h; path = EJCanvasContext.h; sourceTree = "<group>"; };
		41D70C5116647D1C008CAE2E /* EJCanvasContext.m */ = {isa = PBXFileReference; fileEncoding = 4; lastKnownFileType = sourcecode.c.objc; path = EJCanvasContext.m; sourceTree = "<group>"; };
		41D70C5216647D1C008CAE2E /* EJCanvasContextScreen.h */ = {isa = PBXFileReference; fileEncoding = 4; lastKnownFileType = sourcecode.c.h; path = EJCanvasContextScreen.h; sourceTree = "<group>"; };
		41D70C5316647D1C008CAE2E /* EJCanvasContextScreen.m */ = {isa = PBXFileReference; fileEncoding = 4; lastKnownFileType = sourcecode.c.objc; path = EJCanvasContextScreen.m; sourceTree = "<group>"; };
		41D70C5416647D1C008CAE2E /* EJCanvasContextTexture.h */ = {isa = PBXFileReference; fileEncoding = 4; lastKnownFileType = sourcecode.c.h; path = EJCanvasContextTexture.h; sourceTree = "<group>"; };
		41D70C5516647D1C008CAE2E /* EJCanvasContextTexture.m */ = {isa = PBXFileReference; fileEncoding = 4; lastKnownFileType = sourcecode.c.objc; path = EJCanvasContextTexture.m; sourceTree = "<group>"; };
		41D70C5616647D1C008CAE2E /* EJCanvasTypes.h */ = {isa = PBXFileReference; fileEncoding = 4; lastKnownFileType = sourcecode.c.h; path = EJCanvasTypes.h; sourceTree = "<group>"; };
		41D70C5716647D1C008CAE2E /* EJDrawable.h */ = {isa = PBXFileReference; fileEncoding = 4; lastKnownFileType = sourcecode.c.h; path = EJDrawable.h; sourceTree = "<group>"; };
		41D70C5816647D1C008CAE2E /* EJFont.h */ = {isa = PBXFileReference; fileEncoding = 4; lastKnownFileType = sourcecode.c.h; path = EJFont.h; sourceTree = "<group>"; };
		41D70C5916647D1C008CAE2E /* EJFont.m */ = {isa = PBXFileReference; fileEncoding = 4; lastKnownFileType = sourcecode.c.objc; path = EJFont.m; sourceTree = "<group>"; };
		41D70C5A16647D1C008CAE2E /* EJImageData.h */ = {isa = PBXFileReference; fileEncoding = 4; lastKnownFileType = sourcecode.c.h; path = EJImageData.h; sourceTree = "<group>"; };
		41D70C5B16647D1C008CAE2E /* EJImageData.m */ = {isa = PBXFileReference; fileEncoding = 4; lastKnownFileType = sourcecode.c.objc; path = EJImageData.m; sourceTree = "<group>"; };
		41D70C5C16647D1C008CAE2E /* EJPath.h */ = {isa = PBXFileReference; fileEncoding = 4; lastKnownFileType = sourcecode.c.h; path = EJPath.h; sourceTree = "<group>"; };
		41D70C5D16647D1C008CAE2E /* EJPath.mm */ = {isa = PBXFileReference; fileEncoding = 4; lastKnownFileType = sourcecode.cpp.objcpp; path = EJPath.mm; sourceTree = "<group>"; };
		41D70C5E16647D1C008CAE2E /* EJTexture.h */ = {isa = PBXFileReference; fileEncoding = 4; lastKnownFileType = sourcecode.c.h; path = EJTexture.h; sourceTree = "<group>"; };
		41D70C5F16647D1C008CAE2E /* EJTexture.m */ = {isa = PBXFileReference; fileEncoding = 4; lastKnownFileType = sourcecode.c.objc; path = EJTexture.m; sourceTree = "<group>"; };
		41D70C6016647D1C008CAE2E /* EJConvert.h */ = {isa = PBXFileReference; fileEncoding = 4; lastKnownFileType = sourcecode.c.h; path = EJConvert.h; sourceTree = "<group>"; };
		41D70C6116647D1C008CAE2E /* EJConvert.m */ = {isa = PBXFileReference; fileEncoding = 4; lastKnownFileType = sourcecode.c.objc; path = EJConvert.m; sourceTree = "<group>"; };
		41D70C6216647D1C008CAE2E /* EJTimer.h */ = {isa = PBXFileReference; fileEncoding = 4; lastKnownFileType = sourcecode.c.h; path = EJTimer.h; sourceTree = "<group>"; };
		41D70C6316647D1C008CAE2E /* EJTimer.m */ = {isa = PBXFileReference; fileEncoding = 4; lastKnownFileType = sourcecode.c.objc; path = EJTimer.m; sourceTree = "<group>"; };
		41D70C6516647D1C008CAE2E /* EJBindingAccelerometer.h */ = {isa = PBXFileReference; fileEncoding = 4; lastKnownFileType = sourcecode.c.h; path = EJBindingAccelerometer.h; sourceTree = "<group>"; };
		41D70C6616647D1C008CAE2E /* EJBindingAccelerometer.m */ = {isa = PBXFileReference; fileEncoding = 4; lastKnownFileType = sourcecode.c.objc; path = EJBindingAccelerometer.m; sourceTree = "<group>"; };
		41D70C6716647D1C008CAE2E /* EJBindingAdBanner.h */ = {isa = PBXFileReference; fileEncoding = 4; lastKnownFileType = sourcecode.c.h; path = EJBindingAdBanner.h; sourceTree = "<group>"; };
		41D70C6816647D1C008CAE2E /* EJBindingAdBanner.m */ = {isa = PBXFileReference; fileEncoding = 4; lastKnownFileType = sourcecode.c.objc; path = EJBindingAdBanner.m; sourceTree = "<group>"; };
		41D70C6916647D1C008CAE2E /* EJBindingGameCenter.h */ = {isa = PBXFileReference; fileEncoding = 4; lastKnownFileType = sourcecode.c.h; path = EJBindingGameCenter.h; sourceTree = "<group>"; };
		41D70C6A16647D1C008CAE2E /* EJBindingGameCenter.m */ = {isa = PBXFileReference; fileEncoding = 4; lastKnownFileType = sourcecode.c.objc; path = EJBindingGameCenter.m; sourceTree = "<group>"; };
		41D70C6B16647D1C008CAE2E /* EJBindingHttpRequest.h */ = {isa = PBXFileReference; fileEncoding = 4; lastKnownFileType = sourcecode.c.h; path = EJBindingHttpRequest.h; sourceTree = "<group>"; };
		41D70C6C16647D1C008CAE2E /* EJBindingHttpRequest.m */ = {isa = PBXFileReference; fileEncoding = 4; lastKnownFileType = sourcecode.c.objc; path = EJBindingHttpRequest.m; sourceTree = "<group>"; };
		41D70C6D16647D1C008CAE2E /* EJBindingLocalStorage.h */ = {isa = PBXFileReference; fileEncoding = 4; lastKnownFileType = sourcecode.c.h; path = EJBindingLocalStorage.h; sourceTree = "<group>"; };
		41D70C6E16647D1C008CAE2E /* EJBindingLocalStorage.m */ = {isa = PBXFileReference; fileEncoding = 4; lastKnownFileType = sourcecode.c.objc; path = EJBindingLocalStorage.m; sourceTree = "<group>"; };
		41D70C6F16647D1C008CAE2E /* EJBindingTouchInput.h */ = {isa = PBXFileReference; fileEncoding = 4; lastKnownFileType = sourcecode.c.h; path = EJBindingTouchInput.h; sourceTree = "<group>"; };
		41D70C7016647D1C008CAE2E /* EJBindingTouchInput.m */ = {isa = PBXFileReference; fileEncoding = 4; lastKnownFileType = sourcecode.c.objc; path = EJBindingTouchInput.m; sourceTree = "<group>"; };
		41D70C7116647D1C008CAE2E /* EJBindingWizViewManager.h */ = {isa = PBXFileReference; fileEncoding = 4; lastKnownFileType = sourcecode.c.h; path = EJBindingWizViewManager.h; sourceTree = "<group>"; };
		41D70C7216647D1C008CAE2E /* EJBindingWizViewManager.m */ = {isa = PBXFileReference; fileEncoding = 4; lastKnownFileType = sourcecode.c.objc; path = EJBindingWizViewManager.m; sourceTree = "<group>"; };
		41D70C7416647D1C008CAE2E /* JavaScript.h */ = {isa = PBXFileReference; fileEncoding = 4; lastKnownFileType = sourcecode.c.h; path = JavaScript.h; sourceTree = "<group>"; };
		41D70C7516647D1C008CAE2E /* JavaScriptCore.h */ = {isa = PBXFileReference; fileEncoding = 4; lastKnownFileType = sourcecode.c.h; path = JavaScriptCore.h; sourceTree = "<group>"; };
		41D70C7616647D1C008CAE2E /* JSBase.h */ = {isa = PBXFileReference; fileEncoding = 4; lastKnownFileType = sourcecode.c.h; path = JSBase.h; sourceTree = "<group>"; };
		41D70C7716647D1C008CAE2E /* JSContextRef.h */ = {isa = PBXFileReference; fileEncoding = 4; lastKnownFileType = sourcecode.c.h; path = JSContextRef.h; sourceTree = "<group>"; };
		41D70C7816647D1C008CAE2E /* JSObjectRef.h */ = {isa = PBXFileReference; fileEncoding = 4; lastKnownFileType = sourcecode.c.h; path = JSObjectRef.h; sourceTree = "<group>"; };
		41D70C7916647D1C008CAE2E /* JSStringRef.h */ = {isa = PBXFileReference; fileEncoding = 4; lastKnownFileType = sourcecode.c.h; path = JSStringRef.h; sourceTree = "<group>"; };
		41D70C7A16647D1C008CAE2E /* JSStringRefCF.h */ = {isa = PBXFileReference; fileEncoding = 4; lastKnownFileType = sourcecode.c.h; path = JSStringRefCF.h; sourceTree = "<group>"; };
		41D70C7B16647D1C008CAE2E /* JSValueRef.h */ = {isa = PBXFileReference; fileEncoding = 4; lastKnownFileType = sourcecode.c.h; path = JSValueRef.h; sourceTree = "<group>"; };
		41D70C7C16647D1C008CAE2E /* libJavaScriptCore.a */ = {isa = PBXFileReference; lastKnownFileType = archive.ar; path = libJavaScriptCore.a; sourceTree = "<group>"; };
		41D70C7D16647D1C008CAE2E /* WebKitAvailability.h */ = {isa = PBXFileReference; fileEncoding = 4; lastKnownFileType = sourcecode.c.h; path = WebKitAvailability.h; sourceTree = "<group>"; };
		41D70C7F16647D1C008CAE2E /* lodepng.c */ = {isa = PBXFileReference; fileEncoding = 4; lastKnownFileType = sourcecode.c.c; path = lodepng.c; sourceTree = "<group>"; };
		41D70C8016647D1C008CAE2E /* lodepng.h */ = {isa = PBXFileReference; fileEncoding = 4; lastKnownFileType = sourcecode.c.h; path = lodepng.h; sourceTree = "<group>"; };
		41D70C8116647D1C008CAE2E /* WizCanvasView.h */ = {isa = PBXFileReference; fileEncoding = 4; lastKnownFileType = sourcecode.c.h; path = WizCanvasView.h; sourceTree = "<group>"; };
		41D70C8216647D1C008CAE2E /* WizCanvasView.m */ = {isa = PBXFileReference; fileEncoding = 4; lastKnownFileType = sourcecode.c.objc; path = WizCanvasView.m; sourceTree = "<group>"; };
		41D70C8316647D1C008CAE2E /* WizDebugLog.h */ = {isa = PBXFileReference; fileEncoding = 4; lastKnownFileType = sourcecode.c.h; path = WizDebugLog.h; sourceTree = "<group>"; };
		41D70C8416647D1C008CAE2E /* WizViewManagerPlugin.h */ = {isa = PBXFileReference; fileEncoding = 4; lastKnownFileType = sourcecode.c.h; path = WizViewManagerPlugin.h; sourceTree = "<group>"; };
		41D70C8516647D1C008CAE2E /* WizViewManagerPlugin.m */ = {isa = PBXFileReference; fileEncoding = 4; lastKnownFileType = sourcecode.c.objc; path = WizViewManagerPlugin.m; sourceTree = "<group>"; };
		41D70C8616647D1C008CAE2E /* WizWebView.h */ = {isa = PBXFileReference; fileEncoding = 4; lastKnownFileType = sourcecode.c.h; path = WizWebView.h; sourceTree = "<group>"; };
		41D70C8716647D1C008CAE2E /* WizWebView.m */ = {isa = PBXFileReference; fileEncoding = 4; lastKnownFileType = sourcecode.c.objc; path = WizWebView.m; sourceTree = "<group>"; };
		F60BBF7E1647C4900085B8FF /* exampleWizViewManager.app */ = {isa = PBXFileReference; explicitFileType = wrapper.application; includeInIndex = 0; path = exampleWizViewManager.app; sourceTree = BUILT_PRODUCTS_DIR; };
		F60BBF821647C4900085B8FF /* Foundation.framework */ = {isa = PBXFileReference; lastKnownFileType = wrapper.framework; name = Foundation.framework; path = System/Library/Frameworks/Foundation.framework; sourceTree = SDKROOT; };
		F60BBF841647C4900085B8FF /* UIKit.framework */ = {isa = PBXFileReference; lastKnownFileType = wrapper.framework; name = UIKit.framework; path = System/Library/Frameworks/UIKit.framework; sourceTree = SDKROOT; };
		F60BBF861647C4900085B8FF /* CoreGraphics.framework */ = {isa = PBXFileReference; lastKnownFileType = wrapper.framework; name = CoreGraphics.framework; path = System/Library/Frameworks/CoreGraphics.framework; sourceTree = SDKROOT; };
		F60BBF881647C4900085B8FF /* AddressBook.framework */ = {isa = PBXFileReference; lastKnownFileType = wrapper.framework; name = AddressBook.framework; path = System/Library/Frameworks/AddressBook.framework; sourceTree = SDKROOT; };
		F60BBF8A1647C4900085B8FF /* AddressBookUI.framework */ = {isa = PBXFileReference; lastKnownFileType = wrapper.framework; name = AddressBookUI.framework; path = System/Library/Frameworks/AddressBookUI.framework; sourceTree = SDKROOT; };
		F60BBF8C1647C4900085B8FF /* AudioToolbox.framework */ = {isa = PBXFileReference; lastKnownFileType = wrapper.framework; name = AudioToolbox.framework; path = System/Library/Frameworks/AudioToolbox.framework; sourceTree = SDKROOT; };
		F60BBF8E1647C4900085B8FF /* AVFoundation.framework */ = {isa = PBXFileReference; lastKnownFileType = wrapper.framework; name = AVFoundation.framework; path = System/Library/Frameworks/AVFoundation.framework; sourceTree = SDKROOT; };
		F60BBF901647C4900085B8FF /* CoreLocation.framework */ = {isa = PBXFileReference; lastKnownFileType = wrapper.framework; name = CoreLocation.framework; path = System/Library/Frameworks/CoreLocation.framework; sourceTree = SDKROOT; };
		F60BBF921647C4900085B8FF /* MediaPlayer.framework */ = {isa = PBXFileReference; lastKnownFileType = wrapper.framework; name = MediaPlayer.framework; path = System/Library/Frameworks/MediaPlayer.framework; sourceTree = SDKROOT; };
		F60BBF941647C4900085B8FF /* QuartzCore.framework */ = {isa = PBXFileReference; lastKnownFileType = wrapper.framework; name = QuartzCore.framework; path = System/Library/Frameworks/QuartzCore.framework; sourceTree = SDKROOT; };
		F60BBF961647C4900085B8FF /* SystemConfiguration.framework */ = {isa = PBXFileReference; lastKnownFileType = wrapper.framework; name = SystemConfiguration.framework; path = System/Library/Frameworks/SystemConfiguration.framework; sourceTree = SDKROOT; };
		F60BBF981647C4900085B8FF /* MobileCoreServices.framework */ = {isa = PBXFileReference; lastKnownFileType = wrapper.framework; name = MobileCoreServices.framework; path = System/Library/Frameworks/MobileCoreServices.framework; sourceTree = SDKROOT; };
		F60BBF9A1647C4900085B8FF /* CoreMedia.framework */ = {isa = PBXFileReference; lastKnownFileType = wrapper.framework; name = CoreMedia.framework; path = System/Library/Frameworks/CoreMedia.framework; sourceTree = SDKROOT; };
		F60BBF9E1647C4900085B8FF /* exampleWizViewManager-Info.plist */ = {isa = PBXFileReference; lastKnownFileType = text.plist.xml; path = "exampleWizViewManager-Info.plist"; sourceTree = "<group>"; };
		F60BBFA01647C4900085B8FF /* en */ = {isa = PBXFileReference; lastKnownFileType = text.plist.strings; name = en; path = en.lproj/InfoPlist.strings; sourceTree = "<group>"; };
		F60BBFA21647C4910085B8FF /* main.m */ = {isa = PBXFileReference; lastKnownFileType = sourcecode.c.objc; path = main.m; sourceTree = "<group>"; };
		F60BBFA41647C4910085B8FF /* exampleWizViewManager-Prefix.pch */ = {isa = PBXFileReference; lastKnownFileType = sourcecode.c.h; path = "exampleWizViewManager-Prefix.pch"; sourceTree = "<group>"; };
		F60BBFAA1647C4910085B8FF /* en */ = {isa = PBXFileReference; lastKnownFileType = text.plist.strings; name = en; path = Resources/en.lproj/Localizable.strings; sourceTree = "<group>"; };
		F60BBFAE1647C4910085B8FF /* es */ = {isa = PBXFileReference; lastKnownFileType = text.plist.strings; name = es; path = Resources/es.lproj/Localizable.strings; sourceTree = "<group>"; };
		F60BBFB21647C4910085B8FF /* de */ = {isa = PBXFileReference; lastKnownFileType = text.plist.strings; name = de; path = Resources/de.lproj/Localizable.strings; sourceTree = "<group>"; };
		F60BBFB61647C4910085B8FF /* se */ = {isa = PBXFileReference; lastKnownFileType = text.plist.strings; name = se; path = Resources/se.lproj/Localizable.strings; sourceTree = "<group>"; };
		F60BBFB91647C4910085B8FF /* icon.png */ = {isa = PBXFileReference; lastKnownFileType = image.png; name = icon.png; path = Resources/icons/icon.png; sourceTree = "<group>"; };
		F60BBFBB1647C4910085B8FF /* icon@2x.png */ = {isa = PBXFileReference; lastKnownFileType = image.png; name = "icon@2x.png"; path = "Resources/icons/icon@2x.png"; sourceTree = "<group>"; };
		F60BBFBD1647C4910085B8FF /* icon-72.png */ = {isa = PBXFileReference; lastKnownFileType = image.png; name = "icon-72.png"; path = "Resources/icons/icon-72.png"; sourceTree = "<group>"; };
		F60BBFC01647C4910085B8FF /* Default~iphone.png */ = {isa = PBXFileReference; lastKnownFileType = image.png; name = "Default~iphone.png"; path = "Resources/splash/Default~iphone.png"; sourceTree = "<group>"; };
		F60BBFC21647C4910085B8FF /* Default@2x~iphone.png */ = {isa = PBXFileReference; lastKnownFileType = image.png; name = "Default@2x~iphone.png"; path = "Resources/splash/Default@2x~iphone.png"; sourceTree = "<group>"; };
		F60BBFC41647C4910085B8FF /* Capture.bundle */ = {isa = PBXFileReference; lastKnownFileType = "wrapper.plug-in"; name = Capture.bundle; path = Resources/Capture.bundle; sourceTree = "<group>"; };
		F60BBFC61647C4910085B8FF /* Cordova.plist */ = {isa = PBXFileReference; lastKnownFileType = text.plist.xml; path = Cordova.plist; sourceTree = "<group>"; };
		F60BBFC91647C4910085B8FF /* AppDelegate.h */ = {isa = PBXFileReference; lastKnownFileType = sourcecode.c.h; name = AppDelegate.h; path = Classes/AppDelegate.h; sourceTree = "<group>"; };
		F60BBFCA1647C4910085B8FF /* AppDelegate.m */ = {isa = PBXFileReference; lastKnownFileType = sourcecode.c.objc; name = AppDelegate.m; path = Classes/AppDelegate.m; sourceTree = "<group>"; };
		F60BBFCC1647C4910085B8FF /* MainViewController.h */ = {isa = PBXFileReference; lastKnownFileType = sourcecode.c.h; name = MainViewController.h; path = Classes/MainViewController.h; sourceTree = "<group>"; };
		F60BBFCD1647C4910085B8FF /* MainViewController.m */ = {isa = PBXFileReference; lastKnownFileType = sourcecode.c.objc; name = MainViewController.m; path = Classes/MainViewController.m; sourceTree = "<group>"; };
		F60BBFCF1647C4910085B8FF /* MainViewController.xib */ = {isa = PBXFileReference; lastKnownFileType = file.xib; name = MainViewController.xib; path = Classes/MainViewController.xib; sourceTree = "<group>"; };
		F60BBFD21647C4910085B8FF /* README */ = {isa = PBXFileReference; lastKnownFileType = text; name = README; path = Plugins/README; sourceTree = "<group>"; };
		F60BBFD31647C4910085B8FF /* verify.sh */ = {isa = PBXFileReference; lastKnownFileType = text.script.sh; path = verify.sh; sourceTree = "<group>"; };
		F60BBFE21647C7970085B8FF /* www */ = {isa = PBXFileReference; lastKnownFileType = folder; name = www; path = ../www; sourceTree = "<group>"; };
		F60BBFF71647C9D00085B8FF /* Default-568h@2x.png */ = {isa = PBXFileReference; lastKnownFileType = image.png; name = "Default-568h@2x.png"; path = "Resources/splash/Default-568h@2x.png"; sourceTree = "<group>"; };
/* End PBXFileReference section */

/* Begin PBXFrameworksBuildPhase section */
		F60BBF781647C4900085B8FF /* Frameworks */ = {
			isa = PBXFrameworksBuildPhase;
			buildActionMask = 2147483647;
			files = (
				41ADA0331656499F004F93A6 /* iAd.framework in Frameworks */,
				41ADA0311656492D004F93A6 /* GameKit.framework in Frameworks */,
				41ADA02F165648FF004F93A6 /* CoreText.framework in Frameworks */,
				411FA63216551D3B00411ABE /* libicucore.dylib in Frameworks */,
				411FA63016551D3200411ABE /* libstdc++.dylib in Frameworks */,
				411FA62D16551D1D00411ABE /* OpenAL.framework in Frameworks */,
				411FA62E16551D1D00411ABE /* OpenGLES.framework in Frameworks */,
				F60BBF831647C4900085B8FF /* Foundation.framework in Frameworks */,
				F60BBF851647C4900085B8FF /* UIKit.framework in Frameworks */,
				F60BBF871647C4900085B8FF /* CoreGraphics.framework in Frameworks */,
				F60BBF891647C4900085B8FF /* AddressBook.framework in Frameworks */,
				F60BBF8B1647C4900085B8FF /* AddressBookUI.framework in Frameworks */,
				F60BBF8D1647C4900085B8FF /* AudioToolbox.framework in Frameworks */,
				F60BBF8F1647C4900085B8FF /* AVFoundation.framework in Frameworks */,
				F60BBF911647C4900085B8FF /* CoreLocation.framework in Frameworks */,
				F60BBF931647C4900085B8FF /* MediaPlayer.framework in Frameworks */,
				F60BBF951647C4900085B8FF /* QuartzCore.framework in Frameworks */,
				F60BBF971647C4900085B8FF /* SystemConfiguration.framework in Frameworks */,
				F60BBF991647C4900085B8FF /* MobileCoreServices.framework in Frameworks */,
				F60BBF9B1647C4900085B8FF /* CoreMedia.framework in Frameworks */,
				41D70CA416647D1C008CAE2E /* libJavaScriptCore.a in Frameworks */,
			);
			runOnlyForDeploymentPostprocessing = 0;
		};
		F60BBF7B1647C4900085B8FF /* Frameworks */ = {
			isa = PBXFrameworksBuildPhase;
			buildActionMask = 2147483647;
			files = (
			);
			runOnlyForDeploymentPostprocessing = 0;
		};
/* End PBXFrameworksBuildPhase section */

/* Begin PBXGroup section */
		41D70C3316647D1C008CAE2E /* WizViewManagerPlugin */ = {
			isa = PBXGroup;
			children = (
				41D70C3416647D1C008CAE2E /* Ejecta */,
				41D70C7316647D1C008CAE2E /* JavaScriptCore */,
				41D70C7E16647D1C008CAE2E /* lodepng */,
				41D70C8116647D1C008CAE2E /* WizCanvasView.h */,
				41D70C8216647D1C008CAE2E /* WizCanvasView.m */,
				41D70C8316647D1C008CAE2E /* WizDebugLog.h */,
				41D70C8416647D1C008CAE2E /* WizViewManagerPlugin.h */,
				41D70C8516647D1C008CAE2E /* WizViewManagerPlugin.m */,
				41D70C8616647D1C008CAE2E /* WizWebView.h */,
				41D70C8716647D1C008CAE2E /* WizWebView.m */,
			);
			name = WizViewManagerPlugin;
			path = ../../../ios/project/Plugins/WizViewManagerPlugin;
			sourceTree = "<group>";
		};
		41D70C3416647D1C008CAE2E /* Ejecta */ = {
			isa = PBXGroup;
			children = (
				41D70C3516647D1C008CAE2E /* EJAudio */,
				41D70C4116647D1C008CAE2E /* EJBindingBase.h */,
				41D70C4216647D1C008CAE2E /* EJBindingBase.m */,
				41D70C4316647D1C008CAE2E /* EJBindingEjectaCore.h */,
				41D70C4416647D1C008CAE2E /* EJBindingEjectaCore.m */,
				41D70C4516647D1C008CAE2E /* EJBindingEventedBase.h */,
				41D70C4616647D1C008CAE2E /* EJBindingEventedBase.m */,
				41D70C4716647D1C008CAE2E /* EJCanvas */,
				41D70C6016647D1C008CAE2E /* EJConvert.h */,
				41D70C6116647D1C008CAE2E /* EJConvert.m */,
				41D70C6216647D1C008CAE2E /* EJTimer.h */,
				41D70C6316647D1C008CAE2E /* EJTimer.m */,
				41D70C6416647D1C008CAE2E /* EJUtils */,
			);
			path = Ejecta;
			sourceTree = "<group>";
		};
		41D70C3516647D1C008CAE2E /* EJAudio */ = {
			isa = PBXGroup;
			children = (
				41D70C3616647D1C008CAE2E /* EJAudioSource.h */,
				41D70C3716647D1C008CAE2E /* EJAudioSourceAVAudio.h */,
				41D70C3816647D1C008CAE2E /* EJAudioSourceAVAudio.m */,
				41D70C3916647D1C008CAE2E /* EJAudioSourceOpenAL.h */,
				41D70C3A16647D1C008CAE2E /* EJAudioSourceOpenAL.m */,
				41D70C3B16647D1C008CAE2E /* EJBindingAudio.h */,
				41D70C3C16647D1C008CAE2E /* EJBindingAudio.m */,
				41D70C3D16647D1C008CAE2E /* EJOpenALBuffer.h */,
				41D70C3E16647D1C008CAE2E /* EJOpenALBuffer.m */,
				41D70C3F16647D1C008CAE2E /* EJOpenALManager.h */,
				41D70C4016647D1C008CAE2E /* EJOpenALManager.m */,
			);
			path = EJAudio;
			sourceTree = "<group>";
		};
		41D70C4716647D1C008CAE2E /* EJCanvas */ = {
			isa = PBXGroup;
			children = (
				41D70C4816647D1C008CAE2E /* EAGLView.h */,
				41D70C4916647D1C008CAE2E /* EAGLView.m */,
				41D70C4A16647D1C008CAE2E /* EJBindingCanvas.h */,
				41D70C4B16647D1C008CAE2E /* EJBindingCanvas.m */,
				41D70C4C16647D1C008CAE2E /* EJBindingImage.h */,
				41D70C4D16647D1C008CAE2E /* EJBindingImage.m */,
				41D70C4E16647D1C008CAE2E /* EJBindingImageData.h */,
				41D70C4F16647D1C008CAE2E /* EJBindingImageData.m */,
				41D70C5016647D1C008CAE2E /* EJCanvasContext.h */,
				41D70C5116647D1C008CAE2E /* EJCanvasContext.m */,
				41D70C5216647D1C008CAE2E /* EJCanvasContextScreen.h */,
				41D70C5316647D1C008CAE2E /* EJCanvasContextScreen.m */,
				41D70C5416647D1C008CAE2E /* EJCanvasContextTexture.h */,
				41D70C5516647D1C008CAE2E /* EJCanvasContextTexture.m */,
				41D70C5616647D1C008CAE2E /* EJCanvasTypes.h */,
				41D70C5716647D1C008CAE2E /* EJDrawable.h */,
				41D70C5816647D1C008CAE2E /* EJFont.h */,
				41D70C5916647D1C008CAE2E /* EJFont.m */,
				41D70C5A16647D1C008CAE2E /* EJImageData.h */,
				41D70C5B16647D1C008CAE2E /* EJImageData.m */,
				41D70C5C16647D1C008CAE2E /* EJPath.h */,
				41D70C5D16647D1C008CAE2E /* EJPath.mm */,
				41D70C5E16647D1C008CAE2E /* EJTexture.h */,
				41D70C5F16647D1C008CAE2E /* EJTexture.m */,
			);
			path = EJCanvas;
			sourceTree = "<group>";
		};
		41D70C6416647D1C008CAE2E /* EJUtils */ = {
			isa = PBXGroup;
			children = (
				41D70C6516647D1C008CAE2E /* EJBindingAccelerometer.h */,
				41D70C6616647D1C008CAE2E /* EJBindingAccelerometer.m */,
				41D70C6716647D1C008CAE2E /* EJBindingAdBanner.h */,
				41D70C6816647D1C008CAE2E /* EJBindingAdBanner.m */,
				41D70C6916647D1C008CAE2E /* EJBindingGameCenter.h */,
				41D70C6A16647D1C008CAE2E /* EJBindingGameCenter.m */,
				41D70C6B16647D1C008CAE2E /* EJBindingHttpRequest.h */,
				41D70C6C16647D1C008CAE2E /* EJBindingHttpRequest.m */,
				41D70C6D16647D1C008CAE2E /* EJBindingLocalStorage.h */,
				41D70C6E16647D1C008CAE2E /* EJBindingLocalStorage.m */,
				41D70C6F16647D1C008CAE2E /* EJBindingTouchInput.h */,
				41D70C7016647D1C008CAE2E /* EJBindingTouchInput.m */,
				41D70C7116647D1C008CAE2E /* EJBindingWizViewManager.h */,
				41D70C7216647D1C008CAE2E /* EJBindingWizViewManager.m */,
			);
			path = EJUtils;
			sourceTree = "<group>";
		};
		41D70C7316647D1C008CAE2E /* JavaScriptCore */ = {
			isa = PBXGroup;
			children = (
				41D70C7416647D1C008CAE2E /* JavaScript.h */,
				41D70C7516647D1C008CAE2E /* JavaScriptCore.h */,
				41D70C7616647D1C008CAE2E /* JSBase.h */,
				41D70C7716647D1C008CAE2E /* JSContextRef.h */,
				41D70C7816647D1C008CAE2E /* JSObjectRef.h */,
				41D70C7916647D1C008CAE2E /* JSStringRef.h */,
				41D70C7A16647D1C008CAE2E /* JSStringRefCF.h */,
				41D70C7B16647D1C008CAE2E /* JSValueRef.h */,
				41D70C7C16647D1C008CAE2E /* libJavaScriptCore.a */,
				41D70C7D16647D1C008CAE2E /* WebKitAvailability.h */,
			);
			path = JavaScriptCore;
			sourceTree = "<group>";
		};
		41D70C7E16647D1C008CAE2E /* lodepng */ = {
			isa = PBXGroup;
			children = (
				41D70C7F16647D1C008CAE2E /* lodepng.c */,
				41D70C8016647D1C008CAE2E /* lodepng.h */,
			);
			path = lodepng;
			sourceTree = "<group>";
		};
		F60BBF701647C4900085B8FF = {
			isa = PBXGroup;
			children = (
				F60BBFE21647C7970085B8FF /* www */,
				F60BBF9C1647C4900085B8FF /* exampleWizViewManager */,
				F60BBF811647C4900085B8FF /* Frameworks */,
				F60BBF7F1647C4900085B8FF /* Products */,
			);
			sourceTree = "<group>";
		};
		F60BBF7F1647C4900085B8FF /* Products */ = {
			isa = PBXGroup;
			children = (
				F60BBF7E1647C4900085B8FF /* exampleWizViewManager.app */,
			);
			name = Products;
			sourceTree = "<group>";
		};
		F60BBF811647C4900085B8FF /* Frameworks */ = {
			isa = PBXGroup;
			children = (
				41ADA0321656499F004F93A6 /* iAd.framework */,
				41ADA0301656492C004F93A6 /* GameKit.framework */,
				41ADA02E165648FE004F93A6 /* CoreText.framework */,
				411FA63116551D3B00411ABE /* libicucore.dylib */,
				411FA62F16551D3200411ABE /* libstdc++.dylib */,
				411FA62B16551D1D00411ABE /* OpenAL.framework */,
				411FA62C16551D1D00411ABE /* OpenGLES.framework */,
				F60BBF821647C4900085B8FF /* Foundation.framework */,
				F60BBF841647C4900085B8FF /* UIKit.framework */,
				F60BBF861647C4900085B8FF /* CoreGraphics.framework */,
				F60BBF881647C4900085B8FF /* AddressBook.framework */,
				F60BBF8A1647C4900085B8FF /* AddressBookUI.framework */,
				F60BBF8C1647C4900085B8FF /* AudioToolbox.framework */,
				F60BBF8E1647C4900085B8FF /* AVFoundation.framework */,
				F60BBF901647C4900085B8FF /* CoreLocation.framework */,
				F60BBF921647C4900085B8FF /* MediaPlayer.framework */,
				F60BBF941647C4900085B8FF /* QuartzCore.framework */,
				F60BBF961647C4900085B8FF /* SystemConfiguration.framework */,
				F60BBF981647C4900085B8FF /* MobileCoreServices.framework */,
				F60BBF9A1647C4900085B8FF /* CoreMedia.framework */,
			);
			name = Frameworks;
			sourceTree = "<group>";
		};
		F60BBF9C1647C4900085B8FF /* exampleWizViewManager */ = {
			isa = PBXGroup;
			children = (
				F60BBFA71647C4910085B8FF /* Resources */,
				F60BBFC81647C4910085B8FF /* Classes */,
				F60BBFD11647C4910085B8FF /* Plugins */,
				F60BBF9D1647C4900085B8FF /* Supporting Files */,
			);
			path = exampleWizViewManager;
			sourceTree = "<group>";
		};
		F60BBF9D1647C4900085B8FF /* Supporting Files */ = {
			isa = PBXGroup;
			children = (
				F60BBF9E1647C4900085B8FF /* exampleWizViewManager-Info.plist */,
				F60BBF9F1647C4900085B8FF /* InfoPlist.strings */,
				F60BBFA21647C4910085B8FF /* main.m */,
				F60BBFA41647C4910085B8FF /* exampleWizViewManager-Prefix.pch */,
				F60BBFC61647C4910085B8FF /* Cordova.plist */,
				F60BBFCF1647C4910085B8FF /* MainViewController.xib */,
				F60BBFD31647C4910085B8FF /* verify.sh */,
			);
			name = "Supporting Files";
			sourceTree = "<group>";
		};
		F60BBFA71647C4910085B8FF /* Resources */ = {
			isa = PBXGroup;
			children = (
				F60BBFC41647C4910085B8FF /* Capture.bundle */,
				F60BBFA81647C4910085B8FF /* en.lproj */,
				F60BBFAC1647C4910085B8FF /* es.lproj */,
				F60BBFB01647C4910085B8FF /* de.lproj */,
				F60BBFB41647C4910085B8FF /* se.lproj */,
				F60BBFB81647C4910085B8FF /* icons */,
				F60BBFBF1647C4910085B8FF /* splash */,
			);
			name = Resources;
			sourceTree = "<group>";
		};
		F60BBFA81647C4910085B8FF /* en.lproj */ = {
			isa = PBXGroup;
			children = (
				F60BBFA91647C4910085B8FF /* Localizable.strings */,
			);
			name = en.lproj;
			sourceTree = "<group>";
		};
		F60BBFAC1647C4910085B8FF /* es.lproj */ = {
			isa = PBXGroup;
			children = (
				F60BBFAD1647C4910085B8FF /* Localizable.strings */,
			);
			name = es.lproj;
			sourceTree = "<group>";
		};
		F60BBFB01647C4910085B8FF /* de.lproj */ = {
			isa = PBXGroup;
			children = (
				F60BBFB11647C4910085B8FF /* Localizable.strings */,
			);
			name = de.lproj;
			sourceTree = "<group>";
		};
		F60BBFB41647C4910085B8FF /* se.lproj */ = {
			isa = PBXGroup;
			children = (
				F60BBFB51647C4910085B8FF /* Localizable.strings */,
			);
			name = se.lproj;
			sourceTree = "<group>";
		};
		F60BBFB81647C4910085B8FF /* icons */ = {
			isa = PBXGroup;
			children = (
				F60BBFB91647C4910085B8FF /* icon.png */,
				F60BBFBB1647C4910085B8FF /* icon@2x.png */,
				F60BBFBD1647C4910085B8FF /* icon-72.png */,
			);
			name = icons;
			sourceTree = "<group>";
		};
		F60BBFBF1647C4910085B8FF /* splash */ = {
			isa = PBXGroup;
			children = (
				F60BBFF71647C9D00085B8FF /* Default-568h@2x.png */,
				F60BBFC01647C4910085B8FF /* Default~iphone.png */,
				F60BBFC21647C4910085B8FF /* Default@2x~iphone.png */,
			);
			name = splash;
			sourceTree = "<group>";
		};
		F60BBFC81647C4910085B8FF /* Classes */ = {
			isa = PBXGroup;
			children = (
				F60BBFC91647C4910085B8FF /* AppDelegate.h */,
				F60BBFCA1647C4910085B8FF /* AppDelegate.m */,
				F60BBFCC1647C4910085B8FF /* MainViewController.h */,
				F60BBFCD1647C4910085B8FF /* MainViewController.m */,
			);
			name = Classes;
			sourceTree = "<group>";
		};
		F60BBFD11647C4910085B8FF /* Plugins */ = {
			isa = PBXGroup;
			children = (
				41D70C3316647D1C008CAE2E /* WizViewManagerPlugin */,
				F60BBFD21647C4910085B8FF /* README */,
			);
			name = Plugins;
			sourceTree = "<group>";
		};
/* End PBXGroup section */

/* Begin PBXNativeTarget section */
		F60BBF7D1647C4900085B8FF /* exampleWizViewManager */ = {
			isa = PBXNativeTarget;
			buildConfigurationList = F60BBFD61647C4910085B8FF /* Build configuration list for PBXNativeTarget "exampleWizViewManager" */;
			buildPhases = (
				41D70CB4166480F5008CAE2E /* ShellScript */,
				F60BBF771647C4900085B8FF /* Sources */,
				F60BBF781647C4900085B8FF /* Frameworks */,
				F60BBF791647C4900085B8FF /* Resources */,
				F60BBF7A1647C4900085B8FF /* Sources */,
				F60BBF7B1647C4900085B8FF /* Frameworks */,
			);
			buildRules = (
			);
			dependencies = (
			);
			name = exampleWizViewManager;
			productName = exampleWizViewManager;
			productReference = F60BBF7E1647C4900085B8FF /* exampleWizViewManager.app */;
			productType = "com.apple.product-type.application";
		};
/* End PBXNativeTarget section */

/* Begin PBXProject section */
		F60BBF721647C4900085B8FF /* Project object */ = {
			isa = PBXProject;
			attributes = {
				LastUpgradeCheck = 0450;
				ORGANIZATIONNAME = Wizcorp;
			};
			buildConfigurationList = F60BBF751647C4900085B8FF /* Build configuration list for PBXProject "exampleWizViewManager" */;
			compatibilityVersion = "Xcode 3.2";
			developmentRegion = English;
			hasScannedForEncodings = 0;
			knownRegions = (
				en,
				es,
				de,
				se,
			);
			mainGroup = F60BBF701647C4900085B8FF;
			productRefGroup = F60BBF7F1647C4900085B8FF /* Products */;
			projectDirPath = "";
			projectRoot = "";
			targets = (
				F60BBF7D1647C4900085B8FF /* exampleWizViewManager */,
			);
		};
/* End PBXProject section */

/* Begin PBXResourcesBuildPhase section */
		F60BBF791647C4900085B8FF /* Resources */ = {
			isa = PBXResourcesBuildPhase;
			buildActionMask = 2147483647;
			files = (
				F60BBFA11647C4900085B8FF /* InfoPlist.strings in Resources */,
				F60BBFAB1647C4910085B8FF /* Localizable.strings in Resources */,
				F60BBFAF1647C4910085B8FF /* Localizable.strings in Resources */,
				F60BBFB31647C4910085B8FF /* Localizable.strings in Resources */,
				F60BBFB71647C4910085B8FF /* Localizable.strings in Resources */,
				F60BBFBA1647C4910085B8FF /* icon.png in Resources */,
				F60BBFBC1647C4910085B8FF /* icon@2x.png in Resources */,
				F60BBFBE1647C4910085B8FF /* icon-72.png in Resources */,
				F60BBFC11647C4910085B8FF /* Default~iphone.png in Resources */,
				F60BBFC31647C4910085B8FF /* Default@2x~iphone.png in Resources */,
				F60BBFC51647C4910085B8FF /* Capture.bundle in Resources */,
				F60BBFC71647C4910085B8FF /* Cordova.plist in Resources */,
				F60BBFD01647C4910085B8FF /* MainViewController.xib in Resources */,
				F60BBFE31647C7970085B8FF /* www in Resources */,
				F60BBFF81647C9D00085B8FF /* Default-568h@2x.png in Resources */,
			);
			runOnlyForDeploymentPostprocessing = 0;
		};
/* End PBXResourcesBuildPhase section */

/* Begin PBXShellScriptBuildPhase section */
		41D70CB4166480F5008CAE2E /* ShellScript */ = {
			isa = PBXShellScriptBuildPhase;
			buildActionMask = 2147483647;
			files = (
			);
			inputPaths = (
			);
			outputPaths = (
			);
			runOnlyForDeploymentPostprocessing = 0;
			shellPath = /bin/sh;
			shellScript = "mkdir -p ../www/phonegap\ncp -r ../../www/phonegap ../www";
		};
/* End PBXShellScriptBuildPhase section */

/* Begin PBXSourcesBuildPhase section */
		F60BBF771647C4900085B8FF /* Sources */ = {
			isa = PBXSourcesBuildPhase;
			buildActionMask = 2147483647;
			files = (
				F60BBFA31647C4910085B8FF /* main.m in Sources */,
				F60BBFCB1647C4910085B8FF /* AppDelegate.m in Sources */,
				F60BBFCE1647C4910085B8FF /* MainViewController.m in Sources */,
				41D70C8816647D1C008CAE2E /* EJAudioSourceAVAudio.m in Sources */,
				41D70C8916647D1C008CAE2E /* EJAudioSourceOpenAL.m in Sources */,
				41D70C8A16647D1C008CAE2E /* EJBindingAudio.m in Sources */,
				41D70C8B16647D1C008CAE2E /* EJOpenALBuffer.m in Sources */,
				41D70C8C16647D1C008CAE2E /* EJOpenALManager.m in Sources */,
				41D70C8D16647D1C008CAE2E /* EJBindingBase.m in Sources */,
				41D70C8E16647D1C008CAE2E /* EJBindingEjectaCore.m in Sources */,
				41D70C8F16647D1C008CAE2E /* EJBindingEventedBase.m in Sources */,
				41D70C9016647D1C008CAE2E /* EAGLView.m in Sources */,
				41D70C9116647D1C008CAE2E /* EJBindingCanvas.m in Sources */,
				41D70C9216647D1C008CAE2E /* EJBindingImage.m in Sources */,
				41D70C9316647D1C008CAE2E /* EJBindingImageData.m in Sources */,
				41D70C9416647D1C008CAE2E /* EJCanvasContext.m in Sources */,
				41D70C9516647D1C008CAE2E /* EJCanvasContextScreen.m in Sources */,
				41D70C9616647D1C008CAE2E /* EJCanvasContextTexture.m in Sources */,
				41D70C9716647D1C008CAE2E /* EJFont.m in Sources */,
				41D70C9816647D1C008CAE2E /* EJImageData.m in Sources */,
				41D70C9916647D1C008CAE2E /* EJPath.mm in Sources */,
				41D70C9A16647D1C008CAE2E /* EJTexture.m in Sources */,
				41D70C9B16647D1C008CAE2E /* EJConvert.m in Sources */,
				41D70C9C16647D1C008CAE2E /* EJTimer.m in Sources */,
				41D70C9D16647D1C008CAE2E /* EJBindingAccelerometer.m in Sources */,
				41D70C9E16647D1C008CAE2E /* EJBindingAdBanner.m in Sources */,
				41D70C9F16647D1C008CAE2E /* EJBindingGameCenter.m in Sources */,
				41D70CA016647D1C008CAE2E /* EJBindingHttpRequest.m in Sources */,
				41D70CA116647D1C008CAE2E /* EJBindingLocalStorage.m in Sources */,
				41D70CA216647D1C008CAE2E /* EJBindingTouchInput.m in Sources */,
				41D70CA316647D1C008CAE2E /* EJBindingWizViewManager.m in Sources */,
				41D70CA516647D1C008CAE2E /* lodepng.c in Sources */,
				41D70CA616647D1C008CAE2E /* WizCanvasView.m in Sources */,
				41D70CA716647D1C008CAE2E /* WizViewManagerPlugin.m in Sources */,
				41D70CA816647D1C008CAE2E /* WizWebView.m in Sources */,
			);
			runOnlyForDeploymentPostprocessing = 0;
		};
		F60BBF7A1647C4900085B8FF /* Sources */ = {
			isa = PBXSourcesBuildPhase;
			buildActionMask = 2147483647;
			files = (
			);
			runOnlyForDeploymentPostprocessing = 0;
		};
/* End PBXSourcesBuildPhase section */

/* Begin PBXVariantGroup section */
		F60BBF9F1647C4900085B8FF /* InfoPlist.strings */ = {
			isa = PBXVariantGroup;
			children = (
				F60BBFA01647C4900085B8FF /* en */,
			);
			name = InfoPlist.strings;
			sourceTree = "<group>";
		};
		F60BBFA91647C4910085B8FF /* Localizable.strings */ = {
			isa = PBXVariantGroup;
			children = (
				F60BBFAA1647C4910085B8FF /* en */,
			);
			name = Localizable.strings;
			sourceTree = "<group>";
		};
		F60BBFAD1647C4910085B8FF /* Localizable.strings */ = {
			isa = PBXVariantGroup;
			children = (
				F60BBFAE1647C4910085B8FF /* es */,
			);
			name = Localizable.strings;
			sourceTree = "<group>";
		};
		F60BBFB11647C4910085B8FF /* Localizable.strings */ = {
			isa = PBXVariantGroup;
			children = (
				F60BBFB21647C4910085B8FF /* de */,
			);
			name = Localizable.strings;
			sourceTree = "<group>";
		};
		F60BBFB51647C4910085B8FF /* Localizable.strings */ = {
			isa = PBXVariantGroup;
			children = (
				F60BBFB61647C4910085B8FF /* se */,
			);
			name = Localizable.strings;
			sourceTree = "<group>";
		};
/* End PBXVariantGroup section */

/* Begin XCBuildConfiguration section */
		F60BBFD41647C4910085B8FF /* Debug */ = {
			isa = XCBuildConfiguration;
			buildSettings = {
				ALWAYS_SEARCH_USER_PATHS = NO;
				ARCHS = (
					armv6,
					"$(ARCHS_STANDARD_32_BIT)",
				);
				CLANG_CXX_LANGUAGE_STANDARD = "gnu++0x";
				CLANG_CXX_LIBRARY = "libc++";
				CLANG_WARN_EMPTY_BODY = YES;
				CLANG_WARN__DUPLICATE_METHOD_MATCH = YES;
				CODE_SIGN_IDENTITY = "iPhone Developer";
				"CODE_SIGN_IDENTITY[sdk=iphoneos*]" = "iPhone Developer";
				COPY_PHASE_STRIP = NO;
				GCC_C_LANGUAGE_STANDARD = c99;
				GCC_DYNAMIC_NO_PIC = NO;
				GCC_OPTIMIZATION_LEVEL = 0;
				GCC_PREPROCESSOR_DEFINITIONS = (
					"DEBUG=1",
					"$(inherited)",
					NS_BLOCK_ASSERTIONS,
				);
				GCC_SYMBOLS_PRIVATE_EXTERN = NO;
				GCC_VERSION = com.apple.compilers.llvm.clang.1_0;
				GCC_WARN_ABOUT_RETURN_TYPE = YES;
				GCC_WARN_UNINITIALIZED_AUTOS = YES;
				GCC_WARN_UNUSED_VARIABLE = YES;
				IPHONEOS_DEPLOYMENT_TARGET = 4.3;
				ONLY_ACTIVE_ARCH = YES;
				PROVISIONING_PROFILE = "";
				SDKROOT = iphoneos;
			};
			name = Debug;
		};
		F60BBFD51647C4910085B8FF /* Release */ = {
			isa = XCBuildConfiguration;
			buildSettings = {
				ALWAYS_SEARCH_USER_PATHS = NO;
				ARCHS = (
					armv6,
					"$(ARCHS_STANDARD_32_BIT)",
				);
				CLANG_CXX_LANGUAGE_STANDARD = "gnu++0x";
				CLANG_CXX_LIBRARY = "libc++";
				CLANG_WARN_EMPTY_BODY = YES;
				CLANG_WARN__DUPLICATE_METHOD_MATCH = YES;
				CODE_SIGN_IDENTITY = "iPhone Developer";
				"CODE_SIGN_IDENTITY[sdk=iphoneos*]" = "iPhone Developer";
				COPY_PHASE_STRIP = YES;
				GCC_C_LANGUAGE_STANDARD = c99;
				GCC_VERSION = com.apple.compilers.llvm.clang.1_0;
				GCC_WARN_ABOUT_RETURN_TYPE = YES;
				GCC_WARN_UNINITIALIZED_AUTOS = YES;
				GCC_WARN_UNUSED_VARIABLE = YES;
				IPHONEOS_DEPLOYMENT_TARGET = 4.3;
				PROVISIONING_PROFILE = "";
				SDKROOT = iphoneos;
				VALIDATE_PRODUCT = YES;
			};
			name = Release;
		};
		F60BBFD71647C4910085B8FF /* Debug */ = {
			isa = XCBuildConfiguration;
			buildSettings = {
				ALWAYS_SEARCH_USER_PATHS = YES;
				COPY_PHASE_STRIP = NO;
				FRAMEWORK_SEARCH_PATHS = "$(inherited)";
				GCC_DYNAMIC_NO_PIC = NO;
				GCC_PRECOMPILE_PREFIX_HEADER = YES;
				GCC_PREFIX_HEADER = "exampleWizViewManager/exampleWizViewManager-Prefix.pch";
				GCC_PREPROCESSOR_DEFINITIONS = (
					"DEBUG=1,",
					"CORDOVA_FRAMEWORK=1",
				);
				HEADER_SEARCH_PATHS = "\"$(SRCROOT)/../../ios/project/Plugins/WizViewManagerPlugin\"";
				INFOPLIST_FILE = "exampleWizViewManager/exampleWizViewManager-Info.plist";
				IPHONEOS_DEPLOYMENT_TARGET = 5.0;
				LIBRARY_SEARCH_PATHS = (
					"$(inherited)",
					"\"$(SRCROOT)/../../ios/project/Plugins/WizViewManagerPlugin/JavaScriptCore\"",
				);
				OTHER_LDFLAGS = (
					"-weak_framework",
					UIKit,
					"-weak_framework",
					AVFoundation,
					"-weak_framework",
					CoreMedia,
					"-weak-lSystem",
				);
				PRODUCT_NAME = "$(TARGET_NAME)";
				TARGETED_DEVICE_FAMILY = "1,2";
				WRAPPER_EXTENSION = app;
			};
			name = Debug;
		};
		F60BBFD81647C4910085B8FF /* Release */ = {
			isa = XCBuildConfiguration;
			buildSettings = {
				ALWAYS_SEARCH_USER_PATHS = YES;
				COPY_PHASE_STRIP = YES;
				DEBUG_INFORMATION_FORMAT = "dwarf-with-dsym";
				FRAMEWORK_SEARCH_PATHS = "$(inherited)";
				GCC_PRECOMPILE_PREFIX_HEADER = YES;
				GCC_PREFIX_HEADER = "exampleWizViewManager/exampleWizViewManager-Prefix.pch";
				GCC_PREPROCESSOR_DEFINITIONS = (
					"NDEBUG=1,",
					"CORDOVA_FRAMEWORK=1",
				);
				HEADER_SEARCH_PATHS = "\"$(SRCROOT)/../../ios/project/Plugins/WizViewManagerPlugin\"";
				INFOPLIST_FILE = "exampleWizViewManager/exampleWizViewManager-Info.plist";
				IPHONEOS_DEPLOYMENT_TARGET = 5.0;
				LIBRARY_SEARCH_PATHS = (
					"$(inherited)",
					"\"$(SRCROOT)/../../ios/project/Plugins/WizViewManagerPlugin/JavaScriptCore\"",
				);
				OTHER_LDFLAGS = (
					"-weak_framework",
					UIKit,
					"-weak_framework",
					AVFoundation,
					"-weak_framework",
					CoreMedia,
					"-weak-lSystem",
				);
				PRODUCT_NAME = "$(TARGET_NAME)";
				TARGETED_DEVICE_FAMILY = "1,2";
				VALIDATE_PRODUCT = YES;
				WRAPPER_EXTENSION = app;
			};
			name = Release;
		};
/* End XCBuildConfiguration section */

/* Begin XCConfigurationList section */
		F60BBF751647C4900085B8FF /* Build configuration list for PBXProject "exampleWizViewManager" */ = {
			isa = XCConfigurationList;
			buildConfigurations = (
				F60BBFD41647C4910085B8FF /* Debug */,
				F60BBFD51647C4910085B8FF /* Release */,
			);
			defaultConfigurationIsVisible = 0;
			defaultConfigurationName = Release;
		};
		F60BBFD61647C4910085B8FF /* Build configuration list for PBXNativeTarget "exampleWizViewManager" */ = {
			isa = XCConfigurationList;
			buildConfigurations = (
				F60BBFD71647C4910085B8FF /* Debug */,
				F60BBFD81647C4910085B8FF /* Release */,
			);
			defaultConfigurationIsVisible = 0;
			defaultConfigurationName = Release;
		};
/* End XCConfigurationList section */
	};
	rootObject = F60BBF721647C4900085B8FF /* Project object */;
}
