// !$*UTF8*$!
{
	archiveVersion = 1;
	classes = {
	};
	objectVersion = 46;
	objects = {

/* Begin PBXBuildFile section */
		1D3623260D0F684500981E51 /* AppDelegate.m in Sources */ = {isa = PBXBuildFile; fileRef = 1D3623250D0F684500981E51 /* AppDelegate.m */; };
		1D60589B0D05DD56006BFB54 /* main.m in Sources */ = {isa = PBXBuildFile; fileRef = 29B97316FDCFA39411CA2CEA /* main.m */; };
		1D60589F0D05DD5A006BFB54 /* Foundation.framework in Frameworks */ = {isa = PBXBuildFile; fileRef = 1D30AB110D05D00D00671497 /* Foundation.framework */; };
		1DF5F4E00D08C38300B7A737 /* UIKit.framework in Frameworks */ = {isa = PBXBuildFile; fileRef = 1DF5F4DF0D08C38300B7A737 /* UIKit.framework */; settings = {ATTRIBUTES = (Weak, ); }; };
		1F766FE113BBADB100FB74C0 /* Localizable.strings in Resources */ = {isa = PBXBuildFile; fileRef = 1F766FDC13BBADB100FB74C0 /* Localizable.strings */; };
		288765FD0DF74451002DB57D /* CoreGraphics.framework in Frameworks */ = {isa = PBXBuildFile; fileRef = 288765FC0DF74451002DB57D /* CoreGraphics.framework */; };
		301BF552109A68D80062928A /* libCordova.a in Frameworks */ = {isa = PBXBuildFile; fileRef = 301BF535109A57CC0062928A /* libCordova.a */; };
		301BF570109A69640062928A /* www in Resources */ = {isa = PBXBuildFile; fileRef = 301BF56E109A69640062928A /* www */; };
		301BF5B5109A6A2B0062928A /* AddressBook.framework in Frameworks */ = {isa = PBXBuildFile; fileRef = 301BF5B4109A6A2B0062928A /* AddressBook.framework */; };
		301BF5B7109A6A2B0062928A /* AddressBookUI.framework in Frameworks */ = {isa = PBXBuildFile; fileRef = 301BF5B6109A6A2B0062928A /* AddressBookUI.framework */; };
		301BF5B9109A6A2B0062928A /* AudioToolbox.framework in Frameworks */ = {isa = PBXBuildFile; fileRef = 301BF5B8109A6A2B0062928A /* AudioToolbox.framework */; };
		301BF5BB109A6A2B0062928A /* AVFoundation.framework in Frameworks */ = {isa = PBXBuildFile; fileRef = 301BF5BA109A6A2B0062928A /* AVFoundation.framework */; settings = {ATTRIBUTES = (Weak, ); }; };
		301BF5BD109A6A2B0062928A /* CFNetwork.framework in Frameworks */ = {isa = PBXBuildFile; fileRef = 301BF5BC109A6A2B0062928A /* CFNetwork.framework */; };
		301BF5BF109A6A2B0062928A /* CoreLocation.framework in Frameworks */ = {isa = PBXBuildFile; fileRef = 301BF5BE109A6A2B0062928A /* CoreLocation.framework */; };
		301BF5C1109A6A2B0062928A /* MediaPlayer.framework in Frameworks */ = {isa = PBXBuildFile; fileRef = 301BF5C0109A6A2B0062928A /* MediaPlayer.framework */; };
		301BF5C3109A6A2B0062928A /* QuartzCore.framework in Frameworks */ = {isa = PBXBuildFile; fileRef = 301BF5C2109A6A2B0062928A /* QuartzCore.framework */; };
		301BF5C5109A6A2B0062928A /* SystemConfiguration.framework in Frameworks */ = {isa = PBXBuildFile; fileRef = 301BF5C4109A6A2B0062928A /* SystemConfiguration.framework */; };
		302D95F114D2391D003F00A1 /* MainViewController.m in Sources */ = {isa = PBXBuildFile; fileRef = 302D95EF14D2391D003F00A1 /* MainViewController.m */; };
		302D95F214D2391D003F00A1 /* MainViewController.xib in Resources */ = {isa = PBXBuildFile; fileRef = 302D95F014D2391D003F00A1 /* MainViewController.xib */; };
		305D5FD1115AB8F900A74A75 /* MobileCoreServices.framework in Frameworks */ = {isa = PBXBuildFile; fileRef = 305D5FD0115AB8F900A74A75 /* MobileCoreServices.framework */; };
		3072F99713A8081B00425683 /* Capture.bundle in Resources */ = {isa = PBXBuildFile; fileRef = 3072F99613A8081B00425683 /* Capture.bundle */; };
		3088BBBD154F3926009F9C59 /* Default-Landscape@2x~ipad.png in Resources */ = {isa = PBXBuildFile; fileRef = 3088BBB7154F3926009F9C59 /* Default-Landscape@2x~ipad.png */; };
		3088BBBE154F3926009F9C59 /* Default-Landscape~ipad.png in Resources */ = {isa = PBXBuildFile; fileRef = 3088BBB8154F3926009F9C59 /* Default-Landscape~ipad.png */; };
		3088BBBF154F3926009F9C59 /* Default-Portrait@2x~ipad.png in Resources */ = {isa = PBXBuildFile; fileRef = 3088BBB9154F3926009F9C59 /* Default-Portrait@2x~ipad.png */; };
		3088BBC0154F3926009F9C59 /* Default-Portrait~ipad.png in Resources */ = {isa = PBXBuildFile; fileRef = 3088BBBA154F3926009F9C59 /* Default-Portrait~ipad.png */; };
		3088BBC1154F3926009F9C59 /* Default@2x~iphone.png in Resources */ = {isa = PBXBuildFile; fileRef = 3088BBBB154F3926009F9C59 /* Default@2x~iphone.png */; };
		3088BBC2154F3926009F9C59 /* Default~iphone.png in Resources */ = {isa = PBXBuildFile; fileRef = 3088BBBC154F3926009F9C59 /* Default~iphone.png */; };
		308D05371370CCF300D202BF /* icon-72.png in Resources */ = {isa = PBXBuildFile; fileRef = 308D052E1370CCF300D202BF /* icon-72.png */; };
		308D05381370CCF300D202BF /* icon.png in Resources */ = {isa = PBXBuildFile; fileRef = 308D052F1370CCF300D202BF /* icon.png */; };
		308D05391370CCF300D202BF /* icon@2x.png in Resources */ = {isa = PBXBuildFile; fileRef = 308D05301370CCF300D202BF /* icon@2x.png */; };
		30E5649213A7FCAF007403D8 /* CoreMedia.framework in Frameworks */ = {isa = PBXBuildFile; fileRef = 30E5649113A7FCAF007403D8 /* CoreMedia.framework */; settings = {ATTRIBUTES = (Weak, ); }; };
		41CF5DD1178D008300001BC8 /* libstdc++.dylib in Frameworks */ = {isa = PBXBuildFile; fileRef = 41CF5DD0178D008300001BC8 /* libstdc++.dylib */; };
		41CF5E78178D06CF00001BC8 /* EJAudioSourceAVAudio.m in Sources */ = {isa = PBXBuildFile; fileRef = 41CF5DD9178D06CF00001BC8 /* EJAudioSourceAVAudio.m */; };
		41CF5E79178D06CF00001BC8 /* EJAudioSourceOpenAL.m in Sources */ = {isa = PBXBuildFile; fileRef = 41CF5DDB178D06CF00001BC8 /* EJAudioSourceOpenAL.m */; };
		41CF5E7A178D06CF00001BC8 /* EJBindingAudio.m in Sources */ = {isa = PBXBuildFile; fileRef = 41CF5DDD178D06CF00001BC8 /* EJBindingAudio.m */; };
		41CF5E7B178D06CF00001BC8 /* EJOpenALBuffer.m in Sources */ = {isa = PBXBuildFile; fileRef = 41CF5DDF178D06CF00001BC8 /* EJOpenALBuffer.m */; };
		41CF5E7C178D06CF00001BC8 /* EJSharedOpenALManager.m in Sources */ = {isa = PBXBuildFile; fileRef = 41CF5DE1178D06CF00001BC8 /* EJSharedOpenALManager.m */; };
		41CF5E7D178D06CF00001BC8 /* EJBindingBase.m in Sources */ = {isa = PBXBuildFile; fileRef = 41CF5DE3178D06CF00001BC8 /* EJBindingBase.m */; };
		41CF5E7E178D06CF00001BC8 /* EJBindingEjectaCore.m in Sources */ = {isa = PBXBuildFile; fileRef = 41CF5DE5178D06CF00001BC8 /* EJBindingEjectaCore.m */; };
		41CF5E7F178D06CF00001BC8 /* EJBindingEventedBase.m in Sources */ = {isa = PBXBuildFile; fileRef = 41CF5DE7178D06CF00001BC8 /* EJBindingEventedBase.m */; };
		41CF5E80178D06CF00001BC8 /* EJBindingVideo.m in Sources */ = {isa = PBXBuildFile; fileRef = 41CF5DE9178D06CF00001BC8 /* EJBindingVideo.m */; };
		41CF5E81178D06CF00001BC8 /* EJBindingCanvasContext2D.m in Sources */ = {isa = PBXBuildFile; fileRef = 41CF5DED178D06CF00001BC8 /* EJBindingCanvasContext2D.m */; };
		41CF5E82178D06CF00001BC8 /* EJBindingCanvasGradient.m in Sources */ = {isa = PBXBuildFile; fileRef = 41CF5DEF178D06CF00001BC8 /* EJBindingCanvasGradient.m */; };
		41CF5E83178D06CF00001BC8 /* EJBindingCanvasPattern.m in Sources */ = {isa = PBXBuildFile; fileRef = 41CF5DF1178D06CF00001BC8 /* EJBindingCanvasPattern.m */; };
		41CF5E84178D06CF00001BC8 /* EJBindingImageData.m in Sources */ = {isa = PBXBuildFile; fileRef = 41CF5DF3178D06CF00001BC8 /* EJBindingImageData.m */; };
		41CF5E85178D06CF00001BC8 /* EJBindingTextMetrics.m in Sources */ = {isa = PBXBuildFile; fileRef = 41CF5DF5178D06CF00001BC8 /* EJBindingTextMetrics.m */; };
		41CF5E86178D06CF00001BC8 /* EJCanvasContext2D.m in Sources */ = {isa = PBXBuildFile; fileRef = 41CF5DF8178D06CF00001BC8 /* EJCanvasContext2D.m */; };
		41CF5E87178D06CF00001BC8 /* EJCanvasContext2DScreen.m in Sources */ = {isa = PBXBuildFile; fileRef = 41CF5DFA178D06CF00001BC8 /* EJCanvasContext2DScreen.m */; };
		41CF5E88178D06CF00001BC8 /* EJCanvasContext2DTexture.m in Sources */ = {isa = PBXBuildFile; fileRef = 41CF5DFC178D06CF00001BC8 /* EJCanvasContext2DTexture.m */; };
		41CF5E89178D06CF00001BC8 /* EJCanvasGradient.m in Sources */ = {isa = PBXBuildFile; fileRef = 41CF5DFE178D06CF00001BC8 /* EJCanvasGradient.m */; };
		41CF5E8A178D06CF00001BC8 /* EJCanvasPattern.m in Sources */ = {isa = PBXBuildFile; fileRef = 41CF5E00178D06CF00001BC8 /* EJCanvasPattern.m */; };
		41CF5E8B178D06CF00001BC8 /* EJConvertColorRGBA.m in Sources */ = {isa = PBXBuildFile; fileRef = 41CF5E02178D06CF00001BC8 /* EJConvertColorRGBA.m */; };
		41CF5E8C178D06CF00001BC8 /* EJFont.mm in Sources */ = {isa = PBXBuildFile; fileRef = 41CF5E04178D06CF00001BC8 /* EJFont.mm */; };
		41CF5E8D178D06CF00001BC8 /* EJGLProgram2D.m in Sources */ = {isa = PBXBuildFile; fileRef = 41CF5E06178D06CF00001BC8 /* EJGLProgram2D.m */; };
		41CF5E8E178D06CF00001BC8 /* EJGLProgram2DRadialGradient.m in Sources */ = {isa = PBXBuildFile; fileRef = 41CF5E08178D06CF00001BC8 /* EJGLProgram2DRadialGradient.m */; };
		41CF5E8F178D06CF00001BC8 /* EJImageData.m in Sources */ = {isa = PBXBuildFile; fileRef = 41CF5E0A178D06CF00001BC8 /* EJImageData.m */; };
		41CF5E90178D06CF00001BC8 /* EJPath.mm in Sources */ = {isa = PBXBuildFile; fileRef = 41CF5E0C178D06CF00001BC8 /* EJPath.mm */; };
		41CF5E91178D06CF00001BC8 /* AlphaTexture.fsh in Sources */ = {isa = PBXBuildFile; fileRef = 41CF5E0E178D06CF00001BC8 /* AlphaTexture.fsh */; };
		41CF5E92178D06CF00001BC8 /* Flat.fsh in Sources */ = {isa = PBXBuildFile; fileRef = 41CF5E0F178D06CF00001BC8 /* Flat.fsh */; };
		41CF5E93178D06CF00001BC8 /* Pattern.fsh in Sources */ = {isa = PBXBuildFile; fileRef = 41CF5E10178D06CF00001BC8 /* Pattern.fsh */; };
		41CF5E94178D06CF00001BC8 /* RadialGradient.fsh in Sources */ = {isa = PBXBuildFile; fileRef = 41CF5E11178D06CF00001BC8 /* RadialGradient.fsh */; };
		41CF5E95178D06CF00001BC8 /* Texture.fsh in Sources */ = {isa = PBXBuildFile; fileRef = 41CF5E12178D06CF00001BC8 /* Texture.fsh */; };
		41CF5E96178D06CF00001BC8 /* Vertex.vsh in Sources */ = {isa = PBXBuildFile; fileRef = 41CF5E13178D06CF00001BC8 /* Vertex.vsh */; };
		41CF5E97178D06CF00001BC8 /* EAGLView.m in Sources */ = {isa = PBXBuildFile; fileRef = 41CF5E15178D06CF00001BC8 /* EAGLView.m */; };
		41CF5E98178D06CF00001BC8 /* EJBindingCanvas.m in Sources */ = {isa = PBXBuildFile; fileRef = 41CF5E17178D06CF00001BC8 /* EJBindingCanvas.m */; };
		41CF5E99178D06CF00001BC8 /* EJBindingCanvasStyle.m in Sources */ = {isa = PBXBuildFile; fileRef = 41CF5E19178D06CF00001BC8 /* EJBindingCanvasStyle.m */; };
		41CF5E9A178D06CF00001BC8 /* EJBindingImage.m in Sources */ = {isa = PBXBuildFile; fileRef = 41CF5E1B178D06CF00001BC8 /* EJBindingImage.m */; };
		41CF5E9B178D06CF00001BC8 /* EJCanvasContext.m in Sources */ = {isa = PBXBuildFile; fileRef = 41CF5E1D178D06CF00001BC8 /* EJCanvasContext.m */; };
		41CF5E9C178D06CF00001BC8 /* EJSharedTextureCache.m in Sources */ = {isa = PBXBuildFile; fileRef = 41CF5E21178D06CF00001BC8 /* EJSharedTextureCache.m */; };
		41CF5E9D178D06CF00001BC8 /* EJTexture.m in Sources */ = {isa = PBXBuildFile; fileRef = 41CF5E23178D06CF00001BC8 /* EJTexture.m */; };
		41CF5E9E178D06CF00001BC8 /* EJTextureStorage.m in Sources */ = {isa = PBXBuildFile; fileRef = 41CF5E25178D06CF00001BC8 /* EJTextureStorage.m */; };
		41CF5E9F178D06CF00001BC8 /* EJBindingCanvasContextWebGL.m in Sources */ = {isa = PBXBuildFile; fileRef = 41CF5E28178D06CF00001BC8 /* EJBindingCanvasContextWebGL.m */; };
		41CF5EA0178D06CF00001BC8 /* EJBindingWebGLExtensions.m in Sources */ = {isa = PBXBuildFile; fileRef = 41CF5E2A178D06CF00001BC8 /* EJBindingWebGLExtensions.m */; };
		41CF5EA1178D06CF00001BC8 /* EJBindingWebGLObjects.m in Sources */ = {isa = PBXBuildFile; fileRef = 41CF5E2C178D06CF00001BC8 /* EJBindingWebGLObjects.m */; };
		41CF5EA2178D06CF00001BC8 /* EJCanvasContextWebGL.m in Sources */ = {isa = PBXBuildFile; fileRef = 41CF5E2E178D06CF00001BC8 /* EJCanvasContextWebGL.m */; };
		41CF5EA3178D06CF00001BC8 /* EJConvertWebGL.m in Sources */ = {isa = PBXBuildFile; fileRef = 41CF5E30178D06CF00001BC8 /* EJConvertWebGL.m */; };
		41CF5EA4178D06CF00001BC8 /* EJClassLoader.m in Sources */ = {isa = PBXBuildFile; fileRef = 41CF5E32178D06CF00001BC8 /* EJClassLoader.m */; };
		41CF5EA5178D06CF00001BC8 /* EJConvert.m in Sources */ = {isa = PBXBuildFile; fileRef = 41CF5E34178D06CF00001BC8 /* EJConvert.m */; };
		41CF5EA7178D06CF00001BC8 /* EJNonRetainingProxy.m in Sources */ = {isa = PBXBuildFile; fileRef = 41CF5E38178D06CF00001BC8 /* EJNonRetainingProxy.m */; };
		41CF5EA8178D06CF00001BC8 /* EJSharedOpenGLContext.m in Sources */ = {isa = PBXBuildFile; fileRef = 41CF5E3A178D06CF00001BC8 /* EJSharedOpenGLContext.m */; };
		41CF5EA9178D06CF00001BC8 /* EJTimer.m in Sources */ = {isa = PBXBuildFile; fileRef = 41CF5E3C178D06CF00001BC8 /* EJTimer.m */; };
		41CF5EAA178D06CF00001BC8 /* EJBindingAccelerometer.m in Sources */ = {isa = PBXBuildFile; fileRef = 41CF5E3F178D06CF00001BC8 /* EJBindingAccelerometer.m */; };
		41CF5EAB178D06CF00001BC8 /* EJBindingAdBanner.m in Sources */ = {isa = PBXBuildFile; fileRef = 41CF5E41178D06CF00001BC8 /* EJBindingAdBanner.m */; };
		41CF5EAC178D06CF00001BC8 /* EJBindingDeviceMotion.m in Sources */ = {isa = PBXBuildFile; fileRef = 41CF5E43178D06CF00001BC8 /* EJBindingDeviceMotion.m */; };
		41CF5EAD178D06CF00001BC8 /* EJBindingGameCenter.m in Sources */ = {isa = PBXBuildFile; fileRef = 41CF5E45178D06CF00001BC8 /* EJBindingGameCenter.m */; };
		41CF5EAE178D06CF00001BC8 /* EJBindingHttpRequest.m in Sources */ = {isa = PBXBuildFile; fileRef = 41CF5E47178D06CF00001BC8 /* EJBindingHttpRequest.m */; };
		41CF5EAF178D06CF00001BC8 /* EJBindingKeyInput.m in Sources */ = {isa = PBXBuildFile; fileRef = 41CF5E49178D06CF00001BC8 /* EJBindingKeyInput.m */; };
		41CF5EB0178D06CF00001BC8 /* EJBindingLocalStorage.m in Sources */ = {isa = PBXBuildFile; fileRef = 41CF5E4B178D06CF00001BC8 /* EJBindingLocalStorage.m */; };
		41CF5EB1178D06CF00001BC8 /* EJBindingTouchInput.m in Sources */ = {isa = PBXBuildFile; fileRef = 41CF5E4D178D06CF00001BC8 /* EJBindingTouchInput.m */; };
		41CF5EB2178D06CF00001BC8 /* EJBindingWebSocket.m in Sources */ = {isa = PBXBuildFile; fileRef = 41CF5E4F178D06CF00001BC8 /* EJBindingWebSocket.m */; };
		41CF5EB3178D06CF00001BC8 /* EJBindingWindowEvents.m in Sources */ = {isa = PBXBuildFile; fileRef = 41CF5E51178D06CF00001BC8 /* EJBindingWindowEvents.m */; };
		41CF5EB4178D06CF00001BC8 /* EJBindingWizViewManager.m in Sources */ = {isa = PBXBuildFile; fileRef = 41CF5E53178D06CF00001BC8 /* EJBindingWizViewManager.m */; };
		41CF5EB5178D06CF00001BC8 /* EJBindingIAPManager.m in Sources */ = {isa = PBXBuildFile; fileRef = 41CF5E56178D06CF00001BC8 /* EJBindingIAPManager.m */; };
		41CF5EB6178D06CF00001BC8 /* EJBindingIAPProduct.m in Sources */ = {isa = PBXBuildFile; fileRef = 41CF5E58178D06CF00001BC8 /* EJBindingIAPProduct.m */; };
		41CF5EB7178D06CF00001BC8 /* EJBindingIAPTransaction.m in Sources */ = {isa = PBXBuildFile; fileRef = 41CF5E5A178D06CF00001BC8 /* EJBindingIAPTransaction.m */; };
		41CF5EB9178D06CF00001BC8 /* base64.c in Sources */ = {isa = PBXBuildFile; fileRef = 41CF5E69178D06CF00001BC8 /* base64.c */; };
		41CF5EBA178D06CF00001BC8 /* NSData+SRB64Additions.m in Sources */ = {isa = PBXBuildFile; fileRef = 41CF5E6C178D06CF00001BC8 /* NSData+SRB64Additions.m */; };
		41CF5EBB178D06CF00001BC8 /* SRWebSocket.m in Sources */ = {isa = PBXBuildFile; fileRef = 41CF5E6F178D06CF00001BC8 /* SRWebSocket.m */; settings = {COMPILER_FLAGS = "-fobjc-arc"; }; };
		41CF5EBC178D06D000001BC8 /* WizCanvasView.m in Sources */ = {isa = PBXBuildFile; fileRef = 41CF5E71178D06CF00001BC8 /* WizCanvasView.m */; };
		41CF5EBD178D06D000001BC8 /* WizViewManagerPlugin.m in Sources */ = {isa = PBXBuildFile; fileRef = 41CF5E74178D06CF00001BC8 /* WizViewManagerPlugin.m */; };
		41CF5EBE178D06D000001BC8 /* WizWebView.m in Sources */ = {isa = PBXBuildFile; fileRef = 41CF5E76178D06CF00001BC8 /* WizWebView.m */; };
		41CF5EBF178D07D200001BC8 /* libJavaScriptCore.a in Frameworks */ = {isa = PBXBuildFile; fileRef = 41CF5E67178D06CF00001BC8 /* libJavaScriptCore.a */; };
		41CF5EC1178D0B3B00001BC8 /* Security.framework in Frameworks */ = {isa = PBXBuildFile; fileRef = 41CF5EC0178D0B3B00001BC8 /* Security.framework */; };
		41CF5EC3178D0B6C00001BC8 /* StoreKit.framework in Frameworks */ = {isa = PBXBuildFile; fileRef = 41CF5EC2178D0B6C00001BC8 /* StoreKit.framework */; };
		41CF5EC5178D0B8700001BC8 /* CoreMotion.framework in Frameworks */ = {isa = PBXBuildFile; fileRef = 41CF5EC4178D0B8700001BC8 /* CoreMotion.framework */; };
		41CF5EC7178D32E500001BC8 /* AlphaTexture.fsh in Resources */ = {isa = PBXBuildFile; fileRef = 41CF5E0E178D06CF00001BC8 /* AlphaTexture.fsh */; };
		41CF5EC8178D32E500001BC8 /* Flat.fsh in Resources */ = {isa = PBXBuildFile; fileRef = 41CF5E0F178D06CF00001BC8 /* Flat.fsh */; };
		41CF5EC9178D32E500001BC8 /* Pattern.fsh in Resources */ = {isa = PBXBuildFile; fileRef = 41CF5E10178D06CF00001BC8 /* Pattern.fsh */; };
		41CF5ECA178D32E500001BC8 /* RadialGradient.fsh in Resources */ = {isa = PBXBuildFile; fileRef = 41CF5E11178D06CF00001BC8 /* RadialGradient.fsh */; };
		41CF5ECB178D32E500001BC8 /* Texture.fsh in Resources */ = {isa = PBXBuildFile; fileRef = 41CF5E12178D06CF00001BC8 /* Texture.fsh */; };
		41CF5ECC178D32E500001BC8 /* Vertex.vsh in Resources */ = {isa = PBXBuildFile; fileRef = 41CF5E13178D06CF00001BC8 /* Vertex.vsh */; };
		D4A0D8761607E02300AEF8BB /* Default-568h@2x~iphone.png in Resources */ = {isa = PBXBuildFile; fileRef = D4A0D8751607E02300AEF8BB /* Default-568h@2x~iphone.png */; };
		F6FA7CDF16AFDEC200AD8974 /* iAd.framework in Frameworks */ = {isa = PBXBuildFile; fileRef = F6FA7CDE16AFDEC200AD8974 /* iAd.framework */; };
		F6FA7CE116AFDEF000AD8974 /* CoreText.framework in Frameworks */ = {isa = PBXBuildFile; fileRef = F6FA7CE016AFDEF000AD8974 /* CoreText.framework */; };
		F6FA7CE316AFDF0F00AD8974 /* OpenGLES.framework in Frameworks */ = {isa = PBXBuildFile; fileRef = F6FA7CE216AFDF0F00AD8974 /* OpenGLES.framework */; };
		F6FA7CE516AFDF1C00AD8974 /* GameKit.framework in Frameworks */ = {isa = PBXBuildFile; fileRef = F6FA7CE416AFDF1C00AD8974 /* GameKit.framework */; };
		F6FA7CE716AFDF6200AD8974 /* OpenAL.framework in Frameworks */ = {isa = PBXBuildFile; fileRef = F6FA7CE616AFDF6200AD8974 /* OpenAL.framework */; };
		F6FA7CE916AFDFA300AD8974 /* libicucore.dylib in Frameworks */ = {isa = PBXBuildFile; fileRef = F6FA7CE816AFDFA300AD8974 /* libicucore.dylib */; };
		F840E1F1165FE0F500CFE078 /* config.xml in Resources */ = {isa = PBXBuildFile; fileRef = F840E1F0165FE0F500CFE078 /* config.xml */; };
/* End PBXBuildFile section */

/* Begin PBXContainerItemProxy section */
		301BF534109A57CC0062928A /* PBXContainerItemProxy */ = {
			isa = PBXContainerItemProxy;
			containerPortal = 301BF52D109A57CC0062928A /* CordovaLib.xcodeproj */;
			proxyType = 2;
			remoteGlobalIDString = D2AAC07E0554694100DB518D;
			remoteInfo = CordovaLib;
		};
		301BF550109A68C00062928A /* PBXContainerItemProxy */ = {
			isa = PBXContainerItemProxy;
			containerPortal = 301BF52D109A57CC0062928A /* CordovaLib.xcodeproj */;
			proxyType = 1;
			remoteGlobalIDString = D2AAC07D0554694100DB518D;
			remoteInfo = CordovaLib;
		};
/* End PBXContainerItemProxy section */

/* Begin PBXFileReference section */
		1D30AB110D05D00D00671497 /* Foundation.framework */ = {isa = PBXFileReference; lastKnownFileType = wrapper.framework; name = Foundation.framework; path = System/Library/Frameworks/Foundation.framework; sourceTree = SDKROOT; };
		1D3623240D0F684500981E51 /* AppDelegate.h */ = {isa = PBXFileReference; fileEncoding = 4; lastKnownFileType = sourcecode.c.h; path = AppDelegate.h; sourceTree = "<group>"; };
		1D3623250D0F684500981E51 /* AppDelegate.m */ = {isa = PBXFileReference; fileEncoding = 4; lastKnownFileType = sourcecode.c.objc; path = AppDelegate.m; sourceTree = "<group>"; };
		1D6058910D05DD3D006BFB54 /* exampleWizViewManager.app */ = {isa = PBXFileReference; explicitFileType = wrapper.application; includeInIndex = 0; path = exampleWizViewManager.app; sourceTree = BUILT_PRODUCTS_DIR; };
		1DF5F4DF0D08C38300B7A737 /* UIKit.framework */ = {isa = PBXFileReference; lastKnownFileType = wrapper.framework; name = UIKit.framework; path = System/Library/Frameworks/UIKit.framework; sourceTree = SDKROOT; };
		1F766FDD13BBADB100FB74C0 /* en */ = {isa = PBXFileReference; lastKnownFileType = text.plist.strings; name = en; path = Localizable.strings; sourceTree = "<group>"; };
		1F766FE013BBADB100FB74C0 /* es */ = {isa = PBXFileReference; lastKnownFileType = text.plist.strings; name = es; path = Localizable.strings; sourceTree = "<group>"; };
		288765FC0DF74451002DB57D /* CoreGraphics.framework */ = {isa = PBXFileReference; lastKnownFileType = wrapper.framework; name = CoreGraphics.framework; path = System/Library/Frameworks/CoreGraphics.framework; sourceTree = SDKROOT; };
		29B97316FDCFA39411CA2CEA /* main.m */ = {isa = PBXFileReference; fileEncoding = 4; lastKnownFileType = sourcecode.c.objc; path = main.m; sourceTree = "<group>"; };
		301BF52D109A57CC0062928A /* CordovaLib.xcodeproj */ = {isa = PBXFileReference; lastKnownFileType = "wrapper.pb-project"; name = CordovaLib.xcodeproj; path = CordovaLib/CordovaLib.xcodeproj; sourceTree = "<group>"; };
		301BF56E109A69640062928A /* www */ = {isa = PBXFileReference; lastKnownFileType = folder; path = www; sourceTree = SOURCE_ROOT; };
		301BF5B4109A6A2B0062928A /* AddressBook.framework */ = {isa = PBXFileReference; lastKnownFileType = wrapper.framework; name = AddressBook.framework; path = System/Library/Frameworks/AddressBook.framework; sourceTree = SDKROOT; };
		301BF5B6109A6A2B0062928A /* AddressBookUI.framework */ = {isa = PBXFileReference; lastKnownFileType = wrapper.framework; name = AddressBookUI.framework; path = System/Library/Frameworks/AddressBookUI.framework; sourceTree = SDKROOT; };
		301BF5B8109A6A2B0062928A /* AudioToolbox.framework */ = {isa = PBXFileReference; lastKnownFileType = wrapper.framework; name = AudioToolbox.framework; path = System/Library/Frameworks/AudioToolbox.framework; sourceTree = SDKROOT; };
		301BF5BA109A6A2B0062928A /* AVFoundation.framework */ = {isa = PBXFileReference; lastKnownFileType = wrapper.framework; name = AVFoundation.framework; path = System/Library/Frameworks/AVFoundation.framework; sourceTree = SDKROOT; };
		301BF5BC109A6A2B0062928A /* CFNetwork.framework */ = {isa = PBXFileReference; lastKnownFileType = wrapper.framework; name = CFNetwork.framework; path = System/Library/Frameworks/CFNetwork.framework; sourceTree = SDKROOT; };
		301BF5BE109A6A2B0062928A /* CoreLocation.framework */ = {isa = PBXFileReference; lastKnownFileType = wrapper.framework; name = CoreLocation.framework; path = System/Library/Frameworks/CoreLocation.framework; sourceTree = SDKROOT; };
		301BF5C0109A6A2B0062928A /* MediaPlayer.framework */ = {isa = PBXFileReference; lastKnownFileType = wrapper.framework; name = MediaPlayer.framework; path = System/Library/Frameworks/MediaPlayer.framework; sourceTree = SDKROOT; };
		301BF5C2109A6A2B0062928A /* QuartzCore.framework */ = {isa = PBXFileReference; lastKnownFileType = wrapper.framework; name = QuartzCore.framework; path = System/Library/Frameworks/QuartzCore.framework; sourceTree = SDKROOT; };
		301BF5C4109A6A2B0062928A /* SystemConfiguration.framework */ = {isa = PBXFileReference; lastKnownFileType = wrapper.framework; name = SystemConfiguration.framework; path = System/Library/Frameworks/SystemConfiguration.framework; sourceTree = SDKROOT; };
		302D95EE14D2391D003F00A1 /* MainViewController.h */ = {isa = PBXFileReference; fileEncoding = 4; lastKnownFileType = sourcecode.c.h; path = MainViewController.h; sourceTree = "<group>"; };
		302D95EF14D2391D003F00A1 /* MainViewController.m */ = {isa = PBXFileReference; fileEncoding = 4; lastKnownFileType = sourcecode.c.objc; path = MainViewController.m; sourceTree = "<group>"; };
		302D95F014D2391D003F00A1 /* MainViewController.xib */ = {isa = PBXFileReference; fileEncoding = 4; lastKnownFileType = file.xib; path = MainViewController.xib; sourceTree = "<group>"; };
		305D5FD0115AB8F900A74A75 /* MobileCoreServices.framework */ = {isa = PBXFileReference; lastKnownFileType = wrapper.framework; name = MobileCoreServices.framework; path = System/Library/Frameworks/MobileCoreServices.framework; sourceTree = SDKROOT; };
		3072F99613A8081B00425683 /* Capture.bundle */ = {isa = PBXFileReference; lastKnownFileType = "wrapper.plug-in"; path = Capture.bundle; sourceTree = "<group>"; };
		3088BBB7154F3926009F9C59 /* Default-Landscape@2x~ipad.png */ = {isa = PBXFileReference; lastKnownFileType = image.png; path = "Default-Landscape@2x~ipad.png"; sourceTree = "<group>"; };
		3088BBB8154F3926009F9C59 /* Default-Landscape~ipad.png */ = {isa = PBXFileReference; lastKnownFileType = image.png; path = "Default-Landscape~ipad.png"; sourceTree = "<group>"; };
		3088BBB9154F3926009F9C59 /* Default-Portrait@2x~ipad.png */ = {isa = PBXFileReference; lastKnownFileType = image.png; path = "Default-Portrait@2x~ipad.png"; sourceTree = "<group>"; };
		3088BBBA154F3926009F9C59 /* Default-Portrait~ipad.png */ = {isa = PBXFileReference; lastKnownFileType = image.png; path = "Default-Portrait~ipad.png"; sourceTree = "<group>"; };
		3088BBBB154F3926009F9C59 /* Default@2x~iphone.png */ = {isa = PBXFileReference; lastKnownFileType = image.png; path = "Default@2x~iphone.png"; sourceTree = "<group>"; };
		3088BBBC154F3926009F9C59 /* Default~iphone.png */ = {isa = PBXFileReference; lastKnownFileType = image.png; path = "Default~iphone.png"; sourceTree = "<group>"; };
		308D052E1370CCF300D202BF /* icon-72.png */ = {isa = PBXFileReference; lastKnownFileType = image.png; path = "icon-72.png"; sourceTree = "<group>"; };
		308D052F1370CCF300D202BF /* icon.png */ = {isa = PBXFileReference; lastKnownFileType = image.png; path = icon.png; sourceTree = "<group>"; };
		308D05301370CCF300D202BF /* icon@2x.png */ = {isa = PBXFileReference; lastKnownFileType = image.png; path = "icon@2x.png"; sourceTree = "<group>"; };
		30A0434414DC770100060A13 /* de */ = {isa = PBXFileReference; lastKnownFileType = text.plist.strings; name = de; path = Localizable.strings; sourceTree = "<group>"; };
		30A0434714DC770100060A13 /* se */ = {isa = PBXFileReference; lastKnownFileType = text.plist.strings; name = se; path = Localizable.strings; sourceTree = "<group>"; };
		30E5649113A7FCAF007403D8 /* CoreMedia.framework */ = {isa = PBXFileReference; lastKnownFileType = wrapper.framework; name = CoreMedia.framework; path = System/Library/Frameworks/CoreMedia.framework; sourceTree = SDKROOT; };
		32CA4F630368D1EE00C91783 /* exampleWizViewManager-Prefix.pch */ = {isa = PBXFileReference; fileEncoding = 4; lastKnownFileType = sourcecode.c.h; path = "exampleWizViewManager-Prefix.pch"; sourceTree = "<group>"; };
		41CF5DD0178D008300001BC8 /* libstdc++.dylib */ = {isa = PBXFileReference; lastKnownFileType = "compiled.mach-o.dylib"; name = "libstdc++.dylib"; path = "usr/lib/libstdc++.dylib"; sourceTree = SDKROOT; };
		41CF5DD7178D06CF00001BC8 /* EJAudioSource.h */ = {isa = PBXFileReference; fileEncoding = 4; lastKnownFileType = sourcecode.c.h; path = EJAudioSource.h; sourceTree = "<group>"; };
		41CF5DD8178D06CF00001BC8 /* EJAudioSourceAVAudio.h */ = {isa = PBXFileReference; fileEncoding = 4; lastKnownFileType = sourcecode.c.h; path = EJAudioSourceAVAudio.h; sourceTree = "<group>"; };
		41CF5DD9178D06CF00001BC8 /* EJAudioSourceAVAudio.m */ = {isa = PBXFileReference; fileEncoding = 4; lastKnownFileType = sourcecode.c.objc; path = EJAudioSourceAVAudio.m; sourceTree = "<group>"; };
		41CF5DDA178D06CF00001BC8 /* EJAudioSourceOpenAL.h */ = {isa = PBXFileReference; fileEncoding = 4; lastKnownFileType = sourcecode.c.h; path = EJAudioSourceOpenAL.h; sourceTree = "<group>"; };
		41CF5DDB178D06CF00001BC8 /* EJAudioSourceOpenAL.m */ = {isa = PBXFileReference; fileEncoding = 4; lastKnownFileType = sourcecode.c.objc; path = EJAudioSourceOpenAL.m; sourceTree = "<group>"; };
		41CF5DDC178D06CF00001BC8 /* EJBindingAudio.h */ = {isa = PBXFileReference; fileEncoding = 4; lastKnownFileType = sourcecode.c.h; path = EJBindingAudio.h; sourceTree = "<group>"; };
		41CF5DDD178D06CF00001BC8 /* EJBindingAudio.m */ = {isa = PBXFileReference; fileEncoding = 4; lastKnownFileType = sourcecode.c.objc; path = EJBindingAudio.m; sourceTree = "<group>"; };
		41CF5DDE178D06CF00001BC8 /* EJOpenALBuffer.h */ = {isa = PBXFileReference; fileEncoding = 4; lastKnownFileType = sourcecode.c.h; path = EJOpenALBuffer.h; sourceTree = "<group>"; };
		41CF5DDF178D06CF00001BC8 /* EJOpenALBuffer.m */ = {isa = PBXFileReference; fileEncoding = 4; lastKnownFileType = sourcecode.c.objc; path = EJOpenALBuffer.m; sourceTree = "<group>"; };
		41CF5DE0178D06CF00001BC8 /* EJSharedOpenALManager.h */ = {isa = PBXFileReference; fileEncoding = 4; lastKnownFileType = sourcecode.c.h; path = EJSharedOpenALManager.h; sourceTree = "<group>"; };
		41CF5DE1178D06CF00001BC8 /* EJSharedOpenALManager.m */ = {isa = PBXFileReference; fileEncoding = 4; lastKnownFileType = sourcecode.c.objc; path = EJSharedOpenALManager.m; sourceTree = "<group>"; };
		41CF5DE2178D06CF00001BC8 /* EJBindingBase.h */ = {isa = PBXFileReference; fileEncoding = 4; lastKnownFileType = sourcecode.c.h; path = EJBindingBase.h; sourceTree = "<group>"; };
		41CF5DE3178D06CF00001BC8 /* EJBindingBase.m */ = {isa = PBXFileReference; fileEncoding = 4; lastKnownFileType = sourcecode.c.objc; path = EJBindingBase.m; sourceTree = "<group>"; };
		41CF5DE4178D06CF00001BC8 /* EJBindingEjectaCore.h */ = {isa = PBXFileReference; fileEncoding = 4; lastKnownFileType = sourcecode.c.h; path = EJBindingEjectaCore.h; sourceTree = "<group>"; };
		41CF5DE5178D06CF00001BC8 /* EJBindingEjectaCore.m */ = {isa = PBXFileReference; fileEncoding = 4; lastKnownFileType = sourcecode.c.objc; path = EJBindingEjectaCore.m; sourceTree = "<group>"; };
		41CF5DE6178D06CF00001BC8 /* EJBindingEventedBase.h */ = {isa = PBXFileReference; fileEncoding = 4; lastKnownFileType = sourcecode.c.h; path = EJBindingEventedBase.h; sourceTree = "<group>"; };
		41CF5DE7178D06CF00001BC8 /* EJBindingEventedBase.m */ = {isa = PBXFileReference; fileEncoding = 4; lastKnownFileType = sourcecode.c.objc; path = EJBindingEventedBase.m; sourceTree = "<group>"; };
		41CF5DE8178D06CF00001BC8 /* EJBindingVideo.h */ = {isa = PBXFileReference; fileEncoding = 4; lastKnownFileType = sourcecode.c.h; path = EJBindingVideo.h; sourceTree = "<group>"; };
		41CF5DE9178D06CF00001BC8 /* EJBindingVideo.m */ = {isa = PBXFileReference; fileEncoding = 4; lastKnownFileType = sourcecode.c.objc; path = EJBindingVideo.m; sourceTree = "<group>"; };
		41CF5DEC178D06CF00001BC8 /* EJBindingCanvasContext2D.h */ = {isa = PBXFileReference; fileEncoding = 4; lastKnownFileType = sourcecode.c.h; path = EJBindingCanvasContext2D.h; sourceTree = "<group>"; };
		41CF5DED178D06CF00001BC8 /* EJBindingCanvasContext2D.m */ = {isa = PBXFileReference; fileEncoding = 4; lastKnownFileType = sourcecode.c.objc; path = EJBindingCanvasContext2D.m; sourceTree = "<group>"; };
		41CF5DEE178D06CF00001BC8 /* EJBindingCanvasGradient.h */ = {isa = PBXFileReference; fileEncoding = 4; lastKnownFileType = sourcecode.c.h; path = EJBindingCanvasGradient.h; sourceTree = "<group>"; };
		41CF5DEF178D06CF00001BC8 /* EJBindingCanvasGradient.m */ = {isa = PBXFileReference; fileEncoding = 4; lastKnownFileType = sourcecode.c.objc; path = EJBindingCanvasGradient.m; sourceTree = "<group>"; };
		41CF5DF0178D06CF00001BC8 /* EJBindingCanvasPattern.h */ = {isa = PBXFileReference; fileEncoding = 4; lastKnownFileType = sourcecode.c.h; path = EJBindingCanvasPattern.h; sourceTree = "<group>"; };
		41CF5DF1178D06CF00001BC8 /* EJBindingCanvasPattern.m */ = {isa = PBXFileReference; fileEncoding = 4; lastKnownFileType = sourcecode.c.objc; path = EJBindingCanvasPattern.m; sourceTree = "<group>"; };
		41CF5DF2178D06CF00001BC8 /* EJBindingImageData.h */ = {isa = PBXFileReference; fileEncoding = 4; lastKnownFileType = sourcecode.c.h; path = EJBindingImageData.h; sourceTree = "<group>"; };
		41CF5DF3178D06CF00001BC8 /* EJBindingImageData.m */ = {isa = PBXFileReference; fileEncoding = 4; lastKnownFileType = sourcecode.c.objc; path = EJBindingImageData.m; sourceTree = "<group>"; };
		41CF5DF4178D06CF00001BC8 /* EJBindingTextMetrics.h */ = {isa = PBXFileReference; fileEncoding = 4; lastKnownFileType = sourcecode.c.h; path = EJBindingTextMetrics.h; sourceTree = "<group>"; };
		41CF5DF5178D06CF00001BC8 /* EJBindingTextMetrics.m */ = {isa = PBXFileReference; fileEncoding = 4; lastKnownFileType = sourcecode.c.objc; path = EJBindingTextMetrics.m; sourceTree = "<group>"; };
		41CF5DF6178D06CF00001BC8 /* EJCanvas2DTypes.h */ = {isa = PBXFileReference; fileEncoding = 4; lastKnownFileType = sourcecode.c.h; path = EJCanvas2DTypes.h; sourceTree = "<group>"; };
		41CF5DF7178D06CF00001BC8 /* EJCanvasContext2D.h */ = {isa = PBXFileReference; fileEncoding = 4; lastKnownFileType = sourcecode.c.h; path = EJCanvasContext2D.h; sourceTree = "<group>"; };
		41CF5DF8178D06CF00001BC8 /* EJCanvasContext2D.m */ = {isa = PBXFileReference; fileEncoding = 4; lastKnownFileType = sourcecode.c.objc; path = EJCanvasContext2D.m; sourceTree = "<group>"; };
		41CF5DF9178D06CF00001BC8 /* EJCanvasContext2DScreen.h */ = {isa = PBXFileReference; fileEncoding = 4; lastKnownFileType = sourcecode.c.h; path = EJCanvasContext2DScreen.h; sourceTree = "<group>"; };
		41CF5DFA178D06CF00001BC8 /* EJCanvasContext2DScreen.m */ = {isa = PBXFileReference; fileEncoding = 4; lastKnownFileType = sourcecode.c.objc; path = EJCanvasContext2DScreen.m; sourceTree = "<group>"; };
		41CF5DFB178D06CF00001BC8 /* EJCanvasContext2DTexture.h */ = {isa = PBXFileReference; fileEncoding = 4; lastKnownFileType = sourcecode.c.h; path = EJCanvasContext2DTexture.h; sourceTree = "<group>"; };
		41CF5DFC178D06CF00001BC8 /* EJCanvasContext2DTexture.m */ = {isa = PBXFileReference; fileEncoding = 4; lastKnownFileType = sourcecode.c.objc; path = EJCanvasContext2DTexture.m; sourceTree = "<group>"; };
		41CF5DFD178D06CF00001BC8 /* EJCanvasGradient.h */ = {isa = PBXFileReference; fileEncoding = 4; lastKnownFileType = sourcecode.c.h; path = EJCanvasGradient.h; sourceTree = "<group>"; };
		41CF5DFE178D06CF00001BC8 /* EJCanvasGradient.m */ = {isa = PBXFileReference; fileEncoding = 4; lastKnownFileType = sourcecode.c.objc; path = EJCanvasGradient.m; sourceTree = "<group>"; };
		41CF5DFF178D06CF00001BC8 /* EJCanvasPattern.h */ = {isa = PBXFileReference; fileEncoding = 4; lastKnownFileType = sourcecode.c.h; path = EJCanvasPattern.h; sourceTree = "<group>"; };
		41CF5E00178D06CF00001BC8 /* EJCanvasPattern.m */ = {isa = PBXFileReference; fileEncoding = 4; lastKnownFileType = sourcecode.c.objc; path = EJCanvasPattern.m; sourceTree = "<group>"; };
		41CF5E01178D06CF00001BC8 /* EJConvertColorRGBA.h */ = {isa = PBXFileReference; fileEncoding = 4; lastKnownFileType = sourcecode.c.h; path = EJConvertColorRGBA.h; sourceTree = "<group>"; };
		41CF5E02178D06CF00001BC8 /* EJConvertColorRGBA.m */ = {isa = PBXFileReference; fileEncoding = 4; lastKnownFileType = sourcecode.c.objc; path = EJConvertColorRGBA.m; sourceTree = "<group>"; };
		41CF5E03178D06CF00001BC8 /* EJFont.h */ = {isa = PBXFileReference; fileEncoding = 4; lastKnownFileType = sourcecode.c.h; path = EJFont.h; sourceTree = "<group>"; };
		41CF5E04178D06CF00001BC8 /* EJFont.mm */ = {isa = PBXFileReference; fileEncoding = 4; lastKnownFileType = sourcecode.cpp.objcpp; path = EJFont.mm; sourceTree = "<group>"; };
		41CF5E05178D06CF00001BC8 /* EJGLProgram2D.h */ = {isa = PBXFileReference; fileEncoding = 4; lastKnownFileType = sourcecode.c.h; path = EJGLProgram2D.h; sourceTree = "<group>"; };
		41CF5E06178D06CF00001BC8 /* EJGLProgram2D.m */ = {isa = PBXFileReference; fileEncoding = 4; lastKnownFileType = sourcecode.c.objc; path = EJGLProgram2D.m; sourceTree = "<group>"; };
		41CF5E07178D06CF00001BC8 /* EJGLProgram2DRadialGradient.h */ = {isa = PBXFileReference; fileEncoding = 4; lastKnownFileType = sourcecode.c.h; path = EJGLProgram2DRadialGradient.h; sourceTree = "<group>"; };
		41CF5E08178D06CF00001BC8 /* EJGLProgram2DRadialGradient.m */ = {isa = PBXFileReference; fileEncoding = 4; lastKnownFileType = sourcecode.c.objc; path = EJGLProgram2DRadialGradient.m; sourceTree = "<group>"; };
		41CF5E09178D06CF00001BC8 /* EJImageData.h */ = {isa = PBXFileReference; fileEncoding = 4; lastKnownFileType = sourcecode.c.h; path = EJImageData.h; sourceTree = "<group>"; };
		41CF5E0A178D06CF00001BC8 /* EJImageData.m */ = {isa = PBXFileReference; fileEncoding = 4; lastKnownFileType = sourcecode.c.objc; path = EJImageData.m; sourceTree = "<group>"; };
		41CF5E0B178D06CF00001BC8 /* EJPath.h */ = {isa = PBXFileReference; fileEncoding = 4; lastKnownFileType = sourcecode.c.h; path = EJPath.h; sourceTree = "<group>"; };
		41CF5E0C178D06CF00001BC8 /* EJPath.mm */ = {isa = PBXFileReference; fileEncoding = 4; lastKnownFileType = sourcecode.cpp.objcpp; path = EJPath.mm; sourceTree = "<group>"; };
		41CF5E0E178D06CF00001BC8 /* AlphaTexture.fsh */ = {isa = PBXFileReference; fileEncoding = 4; lastKnownFileType = sourcecode.glsl; path = AlphaTexture.fsh; sourceTree = "<group>"; };
		41CF5E0F178D06CF00001BC8 /* Flat.fsh */ = {isa = PBXFileReference; fileEncoding = 4; lastKnownFileType = sourcecode.glsl; path = Flat.fsh; sourceTree = "<group>"; };
		41CF5E10178D06CF00001BC8 /* Pattern.fsh */ = {isa = PBXFileReference; fileEncoding = 4; lastKnownFileType = sourcecode.glsl; path = Pattern.fsh; sourceTree = "<group>"; };
		41CF5E11178D06CF00001BC8 /* RadialGradient.fsh */ = {isa = PBXFileReference; fileEncoding = 4; lastKnownFileType = sourcecode.glsl; path = RadialGradient.fsh; sourceTree = "<group>"; };
		41CF5E12178D06CF00001BC8 /* Texture.fsh */ = {isa = PBXFileReference; fileEncoding = 4; lastKnownFileType = sourcecode.glsl; path = Texture.fsh; sourceTree = "<group>"; };
		41CF5E13178D06CF00001BC8 /* Vertex.vsh */ = {isa = PBXFileReference; fileEncoding = 4; lastKnownFileType = sourcecode.glsl; path = Vertex.vsh; sourceTree = "<group>"; };
		41CF5E14178D06CF00001BC8 /* EAGLView.h */ = {isa = PBXFileReference; fileEncoding = 4; lastKnownFileType = sourcecode.c.h; path = EAGLView.h; sourceTree = "<group>"; };
		41CF5E15178D06CF00001BC8 /* EAGLView.m */ = {isa = PBXFileReference; fileEncoding = 4; lastKnownFileType = sourcecode.c.objc; path = EAGLView.m; sourceTree = "<group>"; };
		41CF5E16178D06CF00001BC8 /* EJBindingCanvas.h */ = {isa = PBXFileReference; fileEncoding = 4; lastKnownFileType = sourcecode.c.h; path = EJBindingCanvas.h; sourceTree = "<group>"; };
		41CF5E17178D06CF00001BC8 /* EJBindingCanvas.m */ = {isa = PBXFileReference; fileEncoding = 4; lastKnownFileType = sourcecode.c.objc; path = EJBindingCanvas.m; sourceTree = "<group>"; };
		41CF5E18178D06CF00001BC8 /* EJBindingCanvasStyle.h */ = {isa = PBXFileReference; fileEncoding = 4; lastKnownFileType = sourcecode.c.h; path = EJBindingCanvasStyle.h; sourceTree = "<group>"; };
		41CF5E19178D06CF00001BC8 /* EJBindingCanvasStyle.m */ = {isa = PBXFileReference; fileEncoding = 4; lastKnownFileType = sourcecode.c.objc; path = EJBindingCanvasStyle.m; sourceTree = "<group>"; };
		41CF5E1A178D06CF00001BC8 /* EJBindingImage.h */ = {isa = PBXFileReference; fileEncoding = 4; lastKnownFileType = sourcecode.c.h; path = EJBindingImage.h; sourceTree = "<group>"; };
		41CF5E1B178D06CF00001BC8 /* EJBindingImage.m */ = {isa = PBXFileReference; fileEncoding = 4; lastKnownFileType = sourcecode.c.objc; path = EJBindingImage.m; sourceTree = "<group>"; };
		41CF5E1C178D06CF00001BC8 /* EJCanvasContext.h */ = {isa = PBXFileReference; fileEncoding = 4; lastKnownFileType = sourcecode.c.h; path = EJCanvasContext.h; sourceTree = "<group>"; };
		41CF5E1D178D06CF00001BC8 /* EJCanvasContext.m */ = {isa = PBXFileReference; fileEncoding = 4; lastKnownFileType = sourcecode.c.objc; path = EJCanvasContext.m; sourceTree = "<group>"; };
		41CF5E1E178D06CF00001BC8 /* EJDrawable.h */ = {isa = PBXFileReference; fileEncoding = 4; lastKnownFileType = sourcecode.c.h; path = EJDrawable.h; sourceTree = "<group>"; };
		41CF5E1F178D06CF00001BC8 /* EJPresentable.h */ = {isa = PBXFileReference; fileEncoding = 4; lastKnownFileType = sourcecode.c.h; path = EJPresentable.h; sourceTree = "<group>"; };
		41CF5E20178D06CF00001BC8 /* EJSharedTextureCache.h */ = {isa = PBXFileReference; fileEncoding = 4; lastKnownFileType = sourcecode.c.h; path = EJSharedTextureCache.h; sourceTree = "<group>"; };
		41CF5E21178D06CF00001BC8 /* EJSharedTextureCache.m */ = {isa = PBXFileReference; fileEncoding = 4; lastKnownFileType = sourcecode.c.objc; path = EJSharedTextureCache.m; sourceTree = "<group>"; };
		41CF5E22178D06CF00001BC8 /* EJTexture.h */ = {isa = PBXFileReference; fileEncoding = 4; lastKnownFileType = sourcecode.c.h; path = EJTexture.h; sourceTree = "<group>"; };
		41CF5E23178D06CF00001BC8 /* EJTexture.m */ = {isa = PBXFileReference; fileEncoding = 4; lastKnownFileType = sourcecode.c.objc; path = EJTexture.m; sourceTree = "<group>"; };
		41CF5E24178D06CF00001BC8 /* EJTextureStorage.h */ = {isa = PBXFileReference; fileEncoding = 4; lastKnownFileType = sourcecode.c.h; path = EJTextureStorage.h; sourceTree = "<group>"; };
		41CF5E25178D06CF00001BC8 /* EJTextureStorage.m */ = {isa = PBXFileReference; fileEncoding = 4; lastKnownFileType = sourcecode.c.objc; path = EJTextureStorage.m; sourceTree = "<group>"; };
		41CF5E27178D06CF00001BC8 /* EJBindingCanvasContextWebGL.h */ = {isa = PBXFileReference; fileEncoding = 4; lastKnownFileType = sourcecode.c.h; path = EJBindingCanvasContextWebGL.h; sourceTree = "<group>"; };
		41CF5E28178D06CF00001BC8 /* EJBindingCanvasContextWebGL.m */ = {isa = PBXFileReference; fileEncoding = 4; lastKnownFileType = sourcecode.c.objc; path = EJBindingCanvasContextWebGL.m; sourceTree = "<group>"; };
		41CF5E29178D06CF00001BC8 /* EJBindingWebGLExtensions.h */ = {isa = PBXFileReference; fileEncoding = 4; lastKnownFileType = sourcecode.c.h; path = EJBindingWebGLExtensions.h; sourceTree = "<group>"; };
		41CF5E2A178D06CF00001BC8 /* EJBindingWebGLExtensions.m */ = {isa = PBXFileReference; fileEncoding = 4; lastKnownFileType = sourcecode.c.objc; path = EJBindingWebGLExtensions.m; sourceTree = "<group>"; };
		41CF5E2B178D06CF00001BC8 /* EJBindingWebGLObjects.h */ = {isa = PBXFileReference; fileEncoding = 4; lastKnownFileType = sourcecode.c.h; path = EJBindingWebGLObjects.h; sourceTree = "<group>"; };
		41CF5E2C178D06CF00001BC8 /* EJBindingWebGLObjects.m */ = {isa = PBXFileReference; fileEncoding = 4; lastKnownFileType = sourcecode.c.objc; path = EJBindingWebGLObjects.m; sourceTree = "<group>"; };
		41CF5E2D178D06CF00001BC8 /* EJCanvasContextWebGL.h */ = {isa = PBXFileReference; fileEncoding = 4; lastKnownFileType = sourcecode.c.h; path = EJCanvasContextWebGL.h; sourceTree = "<group>"; };
		41CF5E2E178D06CF00001BC8 /* EJCanvasContextWebGL.m */ = {isa = PBXFileReference; fileEncoding = 4; lastKnownFileType = sourcecode.c.objc; path = EJCanvasContextWebGL.m; sourceTree = "<group>"; };
		41CF5E2F178D06CF00001BC8 /* EJConvertWebGL.h */ = {isa = PBXFileReference; fileEncoding = 4; lastKnownFileType = sourcecode.c.h; path = EJConvertWebGL.h; sourceTree = "<group>"; };
		41CF5E30178D06CF00001BC8 /* EJConvertWebGL.m */ = {isa = PBXFileReference; fileEncoding = 4; lastKnownFileType = sourcecode.c.objc; path = EJConvertWebGL.m; sourceTree = "<group>"; };
		41CF5E31178D06CF00001BC8 /* EJClassLoader.h */ = {isa = PBXFileReference; fileEncoding = 4; lastKnownFileType = sourcecode.c.h; path = EJClassLoader.h; sourceTree = "<group>"; };
		41CF5E32178D06CF00001BC8 /* EJClassLoader.m */ = {isa = PBXFileReference; fileEncoding = 4; lastKnownFileType = sourcecode.c.objc; path = EJClassLoader.m; sourceTree = "<group>"; };
		41CF5E33178D06CF00001BC8 /* EJConvert.h */ = {isa = PBXFileReference; fileEncoding = 4; lastKnownFileType = sourcecode.c.h; path = EJConvert.h; sourceTree = "<group>"; };
		41CF5E34178D06CF00001BC8 /* EJConvert.m */ = {isa = PBXFileReference; fileEncoding = 4; lastKnownFileType = sourcecode.c.objc; path = EJConvert.m; sourceTree = "<group>"; };
		41CF5E37178D06CF00001BC8 /* EJNonRetainingProxy.h */ = {isa = PBXFileReference; fileEncoding = 4; lastKnownFileType = sourcecode.c.h; path = EJNonRetainingProxy.h; sourceTree = "<group>"; };
		41CF5E38178D06CF00001BC8 /* EJNonRetainingProxy.m */ = {isa = PBXFileReference; fileEncoding = 4; lastKnownFileType = sourcecode.c.objc; path = EJNonRetainingProxy.m; sourceTree = "<group>"; };
		41CF5E39178D06CF00001BC8 /* EJSharedOpenGLContext.h */ = {isa = PBXFileReference; fileEncoding = 4; lastKnownFileType = sourcecode.c.h; path = EJSharedOpenGLContext.h; sourceTree = "<group>"; };
		41CF5E3A178D06CF00001BC8 /* EJSharedOpenGLContext.m */ = {isa = PBXFileReference; fileEncoding = 4; lastKnownFileType = sourcecode.c.objc; path = EJSharedOpenGLContext.m; sourceTree = "<group>"; };
		41CF5E3B178D06CF00001BC8 /* EJTimer.h */ = {isa = PBXFileReference; fileEncoding = 4; lastKnownFileType = sourcecode.c.h; path = EJTimer.h; sourceTree = "<group>"; };
		41CF5E3C178D06CF00001BC8 /* EJTimer.m */ = {isa = PBXFileReference; fileEncoding = 4; lastKnownFileType = sourcecode.c.objc; path = EJTimer.m; sourceTree = "<group>"; };
		41CF5E3E178D06CF00001BC8 /* EJBindingAccelerometer.h */ = {isa = PBXFileReference; fileEncoding = 4; lastKnownFileType = sourcecode.c.h; path = EJBindingAccelerometer.h; sourceTree = "<group>"; };
		41CF5E3F178D06CF00001BC8 /* EJBindingAccelerometer.m */ = {isa = PBXFileReference; fileEncoding = 4; lastKnownFileType = sourcecode.c.objc; path = EJBindingAccelerometer.m; sourceTree = "<group>"; };
		41CF5E40178D06CF00001BC8 /* EJBindingAdBanner.h */ = {isa = PBXFileReference; fileEncoding = 4; lastKnownFileType = sourcecode.c.h; path = EJBindingAdBanner.h; sourceTree = "<group>"; };
		41CF5E41178D06CF00001BC8 /* EJBindingAdBanner.m */ = {isa = PBXFileReference; fileEncoding = 4; lastKnownFileType = sourcecode.c.objc; path = EJBindingAdBanner.m; sourceTree = "<group>"; };
		41CF5E42178D06CF00001BC8 /* EJBindingDeviceMotion.h */ = {isa = PBXFileReference; fileEncoding = 4; lastKnownFileType = sourcecode.c.h; path = EJBindingDeviceMotion.h; sourceTree = "<group>"; };
		41CF5E43178D06CF00001BC8 /* EJBindingDeviceMotion.m */ = {isa = PBXFileReference; fileEncoding = 4; lastKnownFileType = sourcecode.c.objc; path = EJBindingDeviceMotion.m; sourceTree = "<group>"; };
		41CF5E44178D06CF00001BC8 /* EJBindingGameCenter.h */ = {isa = PBXFileReference; fileEncoding = 4; lastKnownFileType = sourcecode.c.h; path = EJBindingGameCenter.h; sourceTree = "<group>"; };
		41CF5E45178D06CF00001BC8 /* EJBindingGameCenter.m */ = {isa = PBXFileReference; fileEncoding = 4; lastKnownFileType = sourcecode.c.objc; path = EJBindingGameCenter.m; sourceTree = "<group>"; };
		41CF5E46178D06CF00001BC8 /* EJBindingHttpRequest.h */ = {isa = PBXFileReference; fileEncoding = 4; lastKnownFileType = sourcecode.c.h; path = EJBindingHttpRequest.h; sourceTree = "<group>"; };
		41CF5E47178D06CF00001BC8 /* EJBindingHttpRequest.m */ = {isa = PBXFileReference; fileEncoding = 4; lastKnownFileType = sourcecode.c.objc; path = EJBindingHttpRequest.m; sourceTree = "<group>"; };
		41CF5E48178D06CF00001BC8 /* EJBindingKeyInput.h */ = {isa = PBXFileReference; fileEncoding = 4; lastKnownFileType = sourcecode.c.h; path = EJBindingKeyInput.h; sourceTree = "<group>"; };
		41CF5E49178D06CF00001BC8 /* EJBindingKeyInput.m */ = {isa = PBXFileReference; fileEncoding = 4; lastKnownFileType = sourcecode.c.objc; path = EJBindingKeyInput.m; sourceTree = "<group>"; };
		41CF5E4A178D06CF00001BC8 /* EJBindingLocalStorage.h */ = {isa = PBXFileReference; fileEncoding = 4; lastKnownFileType = sourcecode.c.h; path = EJBindingLocalStorage.h; sourceTree = "<group>"; };
		41CF5E4B178D06CF00001BC8 /* EJBindingLocalStorage.m */ = {isa = PBXFileReference; fileEncoding = 4; lastKnownFileType = sourcecode.c.objc; path = EJBindingLocalStorage.m; sourceTree = "<group>"; };
		41CF5E4C178D06CF00001BC8 /* EJBindingTouchInput.h */ = {isa = PBXFileReference; fileEncoding = 4; lastKnownFileType = sourcecode.c.h; path = EJBindingTouchInput.h; sourceTree = "<group>"; };
		41CF5E4D178D06CF00001BC8 /* EJBindingTouchInput.m */ = {isa = PBXFileReference; fileEncoding = 4; lastKnownFileType = sourcecode.c.objc; path = EJBindingTouchInput.m; sourceTree = "<group>"; };
		41CF5E4E178D06CF00001BC8 /* EJBindingWebSocket.h */ = {isa = PBXFileReference; fileEncoding = 4; lastKnownFileType = sourcecode.c.h; path = EJBindingWebSocket.h; sourceTree = "<group>"; };
		41CF5E4F178D06CF00001BC8 /* EJBindingWebSocket.m */ = {isa = PBXFileReference; fileEncoding = 4; lastKnownFileType = sourcecode.c.objc; path = EJBindingWebSocket.m; sourceTree = "<group>"; };
		41CF5E50178D06CF00001BC8 /* EJBindingWindowEvents.h */ = {isa = PBXFileReference; fileEncoding = 4; lastKnownFileType = sourcecode.c.h; path = EJBindingWindowEvents.h; sourceTree = "<group>"; };
		41CF5E51178D06CF00001BC8 /* EJBindingWindowEvents.m */ = {isa = PBXFileReference; fileEncoding = 4; lastKnownFileType = sourcecode.c.objc; path = EJBindingWindowEvents.m; sourceTree = "<group>"; };
		41CF5E52178D06CF00001BC8 /* EJBindingWizViewManager.h */ = {isa = PBXFileReference; fileEncoding = 4; lastKnownFileType = sourcecode.c.h; path = EJBindingWizViewManager.h; sourceTree = "<group>"; };
		41CF5E53178D06CF00001BC8 /* EJBindingWizViewManager.m */ = {isa = PBXFileReference; fileEncoding = 4; lastKnownFileType = sourcecode.c.objc; path = EJBindingWizViewManager.m; sourceTree = "<group>"; };
		41CF5E55178D06CF00001BC8 /* EJBindingIAPManager.h */ = {isa = PBXFileReference; fileEncoding = 4; lastKnownFileType = sourcecode.c.h; path = EJBindingIAPManager.h; sourceTree = "<group>"; };
		41CF5E56178D06CF00001BC8 /* EJBindingIAPManager.m */ = {isa = PBXFileReference; fileEncoding = 4; lastKnownFileType = sourcecode.c.objc; path = EJBindingIAPManager.m; sourceTree = "<group>"; };
		41CF5E57178D06CF00001BC8 /* EJBindingIAPProduct.h */ = {isa = PBXFileReference; fileEncoding = 4; lastKnownFileType = sourcecode.c.h; path = EJBindingIAPProduct.h; sourceTree = "<group>"; };
		41CF5E58178D06CF00001BC8 /* EJBindingIAPProduct.m */ = {isa = PBXFileReference; fileEncoding = 4; lastKnownFileType = sourcecode.c.objc; path = EJBindingIAPProduct.m; sourceTree = "<group>"; };
		41CF5E59178D06CF00001BC8 /* EJBindingIAPTransaction.h */ = {isa = PBXFileReference; fileEncoding = 4; lastKnownFileType = sourcecode.c.h; path = EJBindingIAPTransaction.h; sourceTree = "<group>"; };
		41CF5E5A178D06CF00001BC8 /* EJBindingIAPTransaction.m */ = {isa = PBXFileReference; fileEncoding = 4; lastKnownFileType = sourcecode.c.objc; path = EJBindingIAPTransaction.m; sourceTree = "<group>"; };
		41CF5E5D178D06CF00001BC8 /* JavaScript.h */ = {isa = PBXFileReference; fileEncoding = 4; lastKnownFileType = sourcecode.c.h; path = JavaScript.h; sourceTree = "<group>"; };
		41CF5E5E178D06CF00001BC8 /* JavaScriptCore.h */ = {isa = PBXFileReference; fileEncoding = 4; lastKnownFileType = sourcecode.c.h; path = JavaScriptCore.h; sourceTree = "<group>"; };
		41CF5E5F178D06CF00001BC8 /* JSBase.h */ = {isa = PBXFileReference; fileEncoding = 4; lastKnownFileType = sourcecode.c.h; path = JSBase.h; sourceTree = "<group>"; };
		41CF5E60178D06CF00001BC8 /* JSContextRef.h */ = {isa = PBXFileReference; fileEncoding = 4; lastKnownFileType = sourcecode.c.h; path = JSContextRef.h; sourceTree = "<group>"; };
		41CF5E61178D06CF00001BC8 /* JSObjectRef.h */ = {isa = PBXFileReference; fileEncoding = 4; lastKnownFileType = sourcecode.c.h; path = JSObjectRef.h; sourceTree = "<group>"; };
		41CF5E62178D06CF00001BC8 /* JSStringRef.h */ = {isa = PBXFileReference; fileEncoding = 4; lastKnownFileType = sourcecode.c.h; path = JSStringRef.h; sourceTree = "<group>"; };
		41CF5E63178D06CF00001BC8 /* JSStringRefCF.h */ = {isa = PBXFileReference; fileEncoding = 4; lastKnownFileType = sourcecode.c.h; path = JSStringRefCF.h; sourceTree = "<group>"; };
		41CF5E64178D06CF00001BC8 /* JSTypedArray.h */ = {isa = PBXFileReference; fileEncoding = 4; lastKnownFileType = sourcecode.c.h; path = JSTypedArray.h; sourceTree = "<group>"; };
		41CF5E65178D06CF00001BC8 /* JSValueRef.h */ = {isa = PBXFileReference; fileEncoding = 4; lastKnownFileType = sourcecode.c.h; path = JSValueRef.h; sourceTree = "<group>"; };
		41CF5E66178D06CF00001BC8 /* WebKitAvailability.h */ = {isa = PBXFileReference; fileEncoding = 4; lastKnownFileType = sourcecode.c.h; path = WebKitAvailability.h; sourceTree = "<group>"; };
		41CF5E67178D06CF00001BC8 /* libJavaScriptCore.a */ = {isa = PBXFileReference; lastKnownFileType = archive.ar; path = libJavaScriptCore.a; sourceTree = "<group>"; };
		41CF5E69178D06CF00001BC8 /* base64.c */ = {isa = PBXFileReference; fileEncoding = 4; lastKnownFileType = sourcecode.c.c; path = base64.c; sourceTree = "<group>"; };
		41CF5E6A178D06CF00001BC8 /* base64.h */ = {isa = PBXFileReference; fileEncoding = 4; lastKnownFileType = sourcecode.c.h; path = base64.h; sourceTree = "<group>"; };
		41CF5E6B178D06CF00001BC8 /* NSData+SRB64Additions.h */ = {isa = PBXFileReference; fileEncoding = 4; lastKnownFileType = sourcecode.c.h; path = "NSData+SRB64Additions.h"; sourceTree = "<group>"; };
		41CF5E6C178D06CF00001BC8 /* NSData+SRB64Additions.m */ = {isa = PBXFileReference; fileEncoding = 4; lastKnownFileType = sourcecode.c.objc; path = "NSData+SRB64Additions.m"; sourceTree = "<group>"; };
		41CF5E6D178D06CF00001BC8 /* SocketRocket-Prefix.pch */ = {isa = PBXFileReference; fileEncoding = 4; lastKnownFileType = sourcecode.c.h; path = "SocketRocket-Prefix.pch"; sourceTree = "<group>"; };
		41CF5E6E178D06CF00001BC8 /* SRWebSocket.h */ = {isa = PBXFileReference; fileEncoding = 4; lastKnownFileType = sourcecode.c.h; path = SRWebSocket.h; sourceTree = "<group>"; };
		41CF5E6F178D06CF00001BC8 /* SRWebSocket.m */ = {isa = PBXFileReference; fileEncoding = 4; lastKnownFileType = sourcecode.c.objc; path = SRWebSocket.m; sourceTree = "<group>"; };
		41CF5E70178D06CF00001BC8 /* WizCanvasView.h */ = {isa = PBXFileReference; fileEncoding = 4; lastKnownFileType = sourcecode.c.h; path = WizCanvasView.h; sourceTree = "<group>"; };
		41CF5E71178D06CF00001BC8 /* WizCanvasView.m */ = {isa = PBXFileReference; fileEncoding = 4; lastKnownFileType = sourcecode.c.objc; path = WizCanvasView.m; sourceTree = "<group>"; };
		41CF5E72178D06CF00001BC8 /* WizDebugLog.h */ = {isa = PBXFileReference; fileEncoding = 4; lastKnownFileType = sourcecode.c.h; path = WizDebugLog.h; sourceTree = "<group>"; };
		41CF5E73178D06CF00001BC8 /* WizViewManagerPlugin.h */ = {isa = PBXFileReference; fileEncoding = 4; lastKnownFileType = sourcecode.c.h; path = WizViewManagerPlugin.h; sourceTree = "<group>"; };
		41CF5E74178D06CF00001BC8 /* WizViewManagerPlugin.m */ = {isa = PBXFileReference; fileEncoding = 4; lastKnownFileType = sourcecode.c.objc; path = WizViewManagerPlugin.m; sourceTree = "<group>"; };
		41CF5E75178D06CF00001BC8 /* WizWebView.h */ = {isa = PBXFileReference; fileEncoding = 4; lastKnownFileType = sourcecode.c.h; path = WizWebView.h; sourceTree = "<group>"; };
		41CF5E76178D06CF00001BC8 /* WizWebView.m */ = {isa = PBXFileReference; fileEncoding = 4; lastKnownFileType = sourcecode.c.objc; path = WizWebView.m; sourceTree = "<group>"; };
		41CF5EC0178D0B3B00001BC8 /* Security.framework */ = {isa = PBXFileReference; lastKnownFileType = wrapper.framework; name = Security.framework; path = System/Library/Frameworks/Security.framework; sourceTree = SDKROOT; };
		41CF5EC2178D0B6C00001BC8 /* StoreKit.framework */ = {isa = PBXFileReference; lastKnownFileType = wrapper.framework; name = StoreKit.framework; path = System/Library/Frameworks/StoreKit.framework; sourceTree = SDKROOT; };
		41CF5EC4178D0B8700001BC8 /* CoreMotion.framework */ = {isa = PBXFileReference; lastKnownFileType = wrapper.framework; name = CoreMotion.framework; path = System/Library/Frameworks/CoreMotion.framework; sourceTree = SDKROOT; };
		8D1107310486CEB800E47090 /* exampleWizViewManager-Info.plist */ = {isa = PBXFileReference; fileEncoding = 4; lastKnownFileType = text.plist.xml; name = "exampleWizViewManager-Info.plist"; path = "../exampleWizViewManager-Info.plist"; plistStructureDefinitionIdentifier = "com.apple.xcode.plist.structure-definition.iphone.info-plist"; sourceTree = "<group>"; };
		D4A0D8751607E02300AEF8BB /* Default-568h@2x~iphone.png */ = {isa = PBXFileReference; lastKnownFileType = image.png; path = "Default-568h@2x~iphone.png"; sourceTree = "<group>"; };
		F6FA7CDE16AFDEC200AD8974 /* iAd.framework */ = {isa = PBXFileReference; lastKnownFileType = wrapper.framework; name = iAd.framework; path = System/Library/Frameworks/iAd.framework; sourceTree = SDKROOT; };
		F6FA7CE016AFDEF000AD8974 /* CoreText.framework */ = {isa = PBXFileReference; lastKnownFileType = wrapper.framework; name = CoreText.framework; path = System/Library/Frameworks/CoreText.framework; sourceTree = SDKROOT; };
		F6FA7CE216AFDF0F00AD8974 /* OpenGLES.framework */ = {isa = PBXFileReference; lastKnownFileType = wrapper.framework; name = OpenGLES.framework; path = System/Library/Frameworks/OpenGLES.framework; sourceTree = SDKROOT; };
		F6FA7CE416AFDF1C00AD8974 /* GameKit.framework */ = {isa = PBXFileReference; lastKnownFileType = wrapper.framework; name = GameKit.framework; path = System/Library/Frameworks/GameKit.framework; sourceTree = SDKROOT; };
		F6FA7CE616AFDF6200AD8974 /* OpenAL.framework */ = {isa = PBXFileReference; lastKnownFileType = wrapper.framework; name = OpenAL.framework; path = System/Library/Frameworks/OpenAL.framework; sourceTree = SDKROOT; };
		F6FA7CE816AFDFA300AD8974 /* libicucore.dylib */ = {isa = PBXFileReference; lastKnownFileType = "compiled.mach-o.dylib"; name = libicucore.dylib; path = usr/lib/libicucore.dylib; sourceTree = SDKROOT; };
		F840E1F0165FE0F500CFE078 /* config.xml */ = {isa = PBXFileReference; lastKnownFileType = text.xml; name = config.xml; path = exampleWizViewManager/config.xml; sourceTree = "<group>"; };
/* End PBXFileReference section */

/* Begin PBXFrameworksBuildPhase section */
		1D60588F0D05DD3D006BFB54 /* Frameworks */ = {
			isa = PBXFrameworksBuildPhase;
			buildActionMask = 2147483647;
			files = (
				41CF5EC5178D0B8700001BC8 /* CoreMotion.framework in Frameworks */,
				41CF5EC3178D0B6C00001BC8 /* StoreKit.framework in Frameworks */,
				41CF5EC1178D0B3B00001BC8 /* Security.framework in Frameworks */,
				41CF5EBF178D07D200001BC8 /* libJavaScriptCore.a in Frameworks */,
				41CF5DD1178D008300001BC8 /* libstdc++.dylib in Frameworks */,
				F6FA7CE916AFDFA300AD8974 /* libicucore.dylib in Frameworks */,
				F6FA7CE716AFDF6200AD8974 /* OpenAL.framework in Frameworks */,
				F6FA7CE516AFDF1C00AD8974 /* GameKit.framework in Frameworks */,
				F6FA7CE316AFDF0F00AD8974 /* OpenGLES.framework in Frameworks */,
				F6FA7CE116AFDEF000AD8974 /* CoreText.framework in Frameworks */,
				F6FA7CDF16AFDEC200AD8974 /* iAd.framework in Frameworks */,
				301BF552109A68D80062928A /* libCordova.a in Frameworks */,
				1D60589F0D05DD5A006BFB54 /* Foundation.framework in Frameworks */,
				1DF5F4E00D08C38300B7A737 /* UIKit.framework in Frameworks */,
				288765FD0DF74451002DB57D /* CoreGraphics.framework in Frameworks */,
				301BF5B5109A6A2B0062928A /* AddressBook.framework in Frameworks */,
				301BF5B7109A6A2B0062928A /* AddressBookUI.framework in Frameworks */,
				301BF5B9109A6A2B0062928A /* AudioToolbox.framework in Frameworks */,
				301BF5BB109A6A2B0062928A /* AVFoundation.framework in Frameworks */,
				301BF5BD109A6A2B0062928A /* CFNetwork.framework in Frameworks */,
				301BF5BF109A6A2B0062928A /* CoreLocation.framework in Frameworks */,
				301BF5C1109A6A2B0062928A /* MediaPlayer.framework in Frameworks */,
				301BF5C3109A6A2B0062928A /* QuartzCore.framework in Frameworks */,
				301BF5C5109A6A2B0062928A /* SystemConfiguration.framework in Frameworks */,
				305D5FD1115AB8F900A74A75 /* MobileCoreServices.framework in Frameworks */,
				30E5649213A7FCAF007403D8 /* CoreMedia.framework in Frameworks */,
			);
			runOnlyForDeploymentPostprocessing = 0;
		};
/* End PBXFrameworksBuildPhase section */

/* Begin PBXGroup section */
		080E96DDFE201D6D7F000001 /* Classes */ = {
			isa = PBXGroup;
			children = (
				302D95EE14D2391D003F00A1 /* MainViewController.h */,
				302D95EF14D2391D003F00A1 /* MainViewController.m */,
				302D95F014D2391D003F00A1 /* MainViewController.xib */,
				1D3623240D0F684500981E51 /* AppDelegate.h */,
				1D3623250D0F684500981E51 /* AppDelegate.m */,
			);
			name = Classes;
			path = exampleWizViewManager/Classes;
			sourceTree = SOURCE_ROOT;
		};
		19C28FACFE9D520D11CA2CBB /* Products */ = {
			isa = PBXGroup;
			children = (
				1D6058910D05DD3D006BFB54 /* exampleWizViewManager.app */,
			);
			name = Products;
			sourceTree = "<group>";
		};
		1F766FDB13BBADB100FB74C0 /* en.lproj */ = {
			isa = PBXGroup;
			children = (
				1F766FDC13BBADB100FB74C0 /* Localizable.strings */,
			);
			path = en.lproj;
			sourceTree = "<group>";
		};
		1F766FDE13BBADB100FB74C0 /* es.lproj */ = {
			isa = PBXGroup;
			children = (
				1F766FDF13BBADB100FB74C0 /* Localizable.strings */,
			);
			path = es.lproj;
			sourceTree = "<group>";
		};
		29B97314FDCFA39411CA2CEA /* CustomTemplate */ = {
			isa = PBXGroup;
			children = (
				080E96DDFE201D6D7F000001 /* Classes */,
				F840E1F0165FE0F500CFE078 /* config.xml */,
				301BF52D109A57CC0062928A /* CordovaLib.xcodeproj */,
				29B97323FDCFA39411CA2CEA /* Frameworks */,
				29B97315FDCFA39411CA2CEA /* Other Sources */,
				307C750510C5A3420062BCA9 /* Plugins */,
				19C28FACFE9D520D11CA2CBB /* Products */,
				29B97317FDCFA39411CA2CEA /* Resources */,
				301BF56E109A69640062928A /* www */,
			);
			name = CustomTemplate;
			sourceTree = "<group>";
		};
		29B97315FDCFA39411CA2CEA /* Other Sources */ = {
			isa = PBXGroup;
			children = (
				32CA4F630368D1EE00C91783 /* exampleWizViewManager-Prefix.pch */,
				29B97316FDCFA39411CA2CEA /* main.m */,
			);
			name = "Other Sources";
			path = exampleWizViewManager;
			sourceTree = "<group>";
		};
		29B97317FDCFA39411CA2CEA /* Resources */ = {
			isa = PBXGroup;
			children = (
				30A0434214DC770100060A13 /* de.lproj */,
				30A0434514DC770100060A13 /* se.lproj */,
				1F766FDB13BBADB100FB74C0 /* en.lproj */,
				1F766FDE13BBADB100FB74C0 /* es.lproj */,
				3072F99613A8081B00425683 /* Capture.bundle */,
				308D052D1370CCF300D202BF /* icons */,
				308D05311370CCF300D202BF /* splash */,
				8D1107310486CEB800E47090 /* exampleWizViewManager-Info.plist */,
			);
			name = Resources;
			path = exampleWizViewManager/Resources;
			sourceTree = "<group>";
		};
		29B97323FDCFA39411CA2CEA /* Frameworks */ = {
			isa = PBXGroup;
			children = (
				41CF5EC4178D0B8700001BC8 /* CoreMotion.framework */,
				41CF5EC2178D0B6C00001BC8 /* StoreKit.framework */,
				41CF5EC0178D0B3B00001BC8 /* Security.framework */,
				41CF5DD0178D008300001BC8 /* libstdc++.dylib */,
				301BF5B4109A6A2B0062928A /* AddressBook.framework */,
				301BF5B6109A6A2B0062928A /* AddressBookUI.framework */,
				301BF5B8109A6A2B0062928A /* AudioToolbox.framework */,
				301BF5BA109A6A2B0062928A /* AVFoundation.framework */,
				301BF5BC109A6A2B0062928A /* CFNetwork.framework */,
				288765FC0DF74451002DB57D /* CoreGraphics.framework */,
				301BF5BE109A6A2B0062928A /* CoreLocation.framework */,
				30E5649113A7FCAF007403D8 /* CoreMedia.framework */,
				F6FA7CE016AFDEF000AD8974 /* CoreText.framework */,
				1D30AB110D05D00D00671497 /* Foundation.framework */,
				F6FA7CE416AFDF1C00AD8974 /* GameKit.framework */,
				F6FA7CDE16AFDEC200AD8974 /* iAd.framework */,
				F6FA7CE816AFDFA300AD8974 /* libicucore.dylib */,
				301BF5C0109A6A2B0062928A /* MediaPlayer.framework */,
				305D5FD0115AB8F900A74A75 /* MobileCoreServices.framework */,
				F6FA7CE616AFDF6200AD8974 /* OpenAL.framework */,
				F6FA7CE216AFDF0F00AD8974 /* OpenGLES.framework */,
				301BF5C2109A6A2B0062928A /* QuartzCore.framework */,
				301BF5C4109A6A2B0062928A /* SystemConfiguration.framework */,
				1DF5F4DF0D08C38300B7A737 /* UIKit.framework */,
			);
			name = Frameworks;
			sourceTree = "<group>";
		};
		301BF52E109A57CC0062928A /* Products */ = {
			isa = PBXGroup;
			children = (
				301BF535109A57CC0062928A /* libCordova.a */,
			);
			name = Products;
			sourceTree = "<group>";
		};
		307C750510C5A3420062BCA9 /* Plugins */ = {
			isa = PBXGroup;
			children = (
				41CF5DD2178D06CF00001BC8 /* WizViewManagerPlugin */,
			);
			name = Plugins;
			path = exampleWizViewManager/Plugins;
			sourceTree = SOURCE_ROOT;
		};
		308D052D1370CCF300D202BF /* icons */ = {
			isa = PBXGroup;
			children = (
				308D052E1370CCF300D202BF /* icon-72.png */,
				308D052F1370CCF300D202BF /* icon.png */,
				308D05301370CCF300D202BF /* icon@2x.png */,
			);
			path = icons;
			sourceTree = "<group>";
		};
		308D05311370CCF300D202BF /* splash */ = {
			isa = PBXGroup;
			children = (
				D4A0D8751607E02300AEF8BB /* Default-568h@2x~iphone.png */,
				3088BBB7154F3926009F9C59 /* Default-Landscape@2x~ipad.png */,
				3088BBB8154F3926009F9C59 /* Default-Landscape~ipad.png */,
				3088BBB9154F3926009F9C59 /* Default-Portrait@2x~ipad.png */,
				3088BBBA154F3926009F9C59 /* Default-Portrait~ipad.png */,
				3088BBBB154F3926009F9C59 /* Default@2x~iphone.png */,
				3088BBBC154F3926009F9C59 /* Default~iphone.png */,
			);
			path = splash;
			sourceTree = "<group>";
		};
		30A0434214DC770100060A13 /* de.lproj */ = {
			isa = PBXGroup;
			children = (
				30A0434314DC770100060A13 /* Localizable.strings */,
			);
			path = de.lproj;
			sourceTree = "<group>";
		};
		30A0434514DC770100060A13 /* se.lproj */ = {
			isa = PBXGroup;
			children = (
				30A0434614DC770100060A13 /* Localizable.strings */,
			);
			path = se.lproj;
			sourceTree = "<group>";
		};
		41CF5DD2178D06CF00001BC8 /* WizViewManagerPlugin */ = {
			isa = PBXGroup;
			children = (
				41CF5DD3178D06CF00001BC8 /* Ejecta */,
				41CF5E5B178D06CF00001BC8 /* lib */,
				41CF5E70178D06CF00001BC8 /* WizCanvasView.h */,
				41CF5E71178D06CF00001BC8 /* WizCanvasView.m */,
				41CF5E72178D06CF00001BC8 /* WizDebugLog.h */,
				41CF5E73178D06CF00001BC8 /* WizViewManagerPlugin.h */,
				41CF5E74178D06CF00001BC8 /* WizViewManagerPlugin.m */,
				41CF5E75178D06CF00001BC8 /* WizWebView.h */,
				41CF5E76178D06CF00001BC8 /* WizWebView.m */,
			);
			name = WizViewManagerPlugin;
			path = ../../../../ios/project/Plugins/WizViewManagerPlugin;
			sourceTree = "<group>";
		};
		41CF5DD3178D06CF00001BC8 /* Ejecta */ = {
			isa = PBXGroup;
			children = (
				41CF5DD6178D06CF00001BC8 /* EJAudio */,
				41CF5DE2178D06CF00001BC8 /* EJBindingBase.h */,
				41CF5DE3178D06CF00001BC8 /* EJBindingBase.m */,
				41CF5DE4178D06CF00001BC8 /* EJBindingEjectaCore.h */,
				41CF5DE5178D06CF00001BC8 /* EJBindingEjectaCore.m */,
				41CF5DE6178D06CF00001BC8 /* EJBindingEventedBase.h */,
				41CF5DE7178D06CF00001BC8 /* EJBindingEventedBase.m */,
				41CF5DE8178D06CF00001BC8 /* EJBindingVideo.h */,
				41CF5DE9178D06CF00001BC8 /* EJBindingVideo.m */,
				41CF5DEA178D06CF00001BC8 /* EJCanvas */,
				41CF5E31178D06CF00001BC8 /* EJClassLoader.h */,
				41CF5E32178D06CF00001BC8 /* EJClassLoader.m */,
				41CF5E33178D06CF00001BC8 /* EJConvert.h */,
				41CF5E34178D06CF00001BC8 /* EJConvert.m */,
				41CF5E37178D06CF00001BC8 /* EJNonRetainingProxy.h */,
				41CF5E38178D06CF00001BC8 /* EJNonRetainingProxy.m */,
				41CF5E39178D06CF00001BC8 /* EJSharedOpenGLContext.h */,
				41CF5E3A178D06CF00001BC8 /* EJSharedOpenGLContext.m */,
				41CF5E3B178D06CF00001BC8 /* EJTimer.h */,
				41CF5E3C178D06CF00001BC8 /* EJTimer.m */,
				41CF5E3D178D06CF00001BC8 /* EJUtils */,
			);
			path = Ejecta;
			sourceTree = "<group>";
		};
		41CF5DD6178D06CF00001BC8 /* EJAudio */ = {
			isa = PBXGroup;
			children = (
				41CF5DD7178D06CF00001BC8 /* EJAudioSource.h */,
				41CF5DD8178D06CF00001BC8 /* EJAudioSourceAVAudio.h */,
				41CF5DD9178D06CF00001BC8 /* EJAudioSourceAVAudio.m */,
				41CF5DDA178D06CF00001BC8 /* EJAudioSourceOpenAL.h */,
				41CF5DDB178D06CF00001BC8 /* EJAudioSourceOpenAL.m */,
				41CF5DDC178D06CF00001BC8 /* EJBindingAudio.h */,
				41CF5DDD178D06CF00001BC8 /* EJBindingAudio.m */,
				41CF5DDE178D06CF00001BC8 /* EJOpenALBuffer.h */,
				41CF5DDF178D06CF00001BC8 /* EJOpenALBuffer.m */,
				41CF5DE0178D06CF00001BC8 /* EJSharedOpenALManager.h */,
				41CF5DE1178D06CF00001BC8 /* EJSharedOpenALManager.m */,
			);
			path = EJAudio;
			sourceTree = "<group>";
		};
		41CF5DEA178D06CF00001BC8 /* EJCanvas */ = {
			isa = PBXGroup;
			children = (
				41CF5DEB178D06CF00001BC8 /* 2D */,
				41CF5E14178D06CF00001BC8 /* EAGLView.h */,
				41CF5E15178D06CF00001BC8 /* EAGLView.m */,
				41CF5E16178D06CF00001BC8 /* EJBindingCanvas.h */,
				41CF5E17178D06CF00001BC8 /* EJBindingCanvas.m */,
				41CF5E18178D06CF00001BC8 /* EJBindingCanvasStyle.h */,
				41CF5E19178D06CF00001BC8 /* EJBindingCanvasStyle.m */,
				41CF5E1A178D06CF00001BC8 /* EJBindingImage.h */,
				41CF5E1B178D06CF00001BC8 /* EJBindingImage.m */,
				41CF5E1C178D06CF00001BC8 /* EJCanvasContext.h */,
				41CF5E1D178D06CF00001BC8 /* EJCanvasContext.m */,
				41CF5E1E178D06CF00001BC8 /* EJDrawable.h */,
				41CF5E1F178D06CF00001BC8 /* EJPresentable.h */,
				41CF5E20178D06CF00001BC8 /* EJSharedTextureCache.h */,
				41CF5E21178D06CF00001BC8 /* EJSharedTextureCache.m */,
				41CF5E22178D06CF00001BC8 /* EJTexture.h */,
				41CF5E23178D06CF00001BC8 /* EJTexture.m */,
				41CF5E24178D06CF00001BC8 /* EJTextureStorage.h */,
				41CF5E25178D06CF00001BC8 /* EJTextureStorage.m */,
				41CF5E26178D06CF00001BC8 /* WebGL */,
			);
			path = EJCanvas;
			sourceTree = "<group>";
		};
		41CF5DEB178D06CF00001BC8 /* 2D */ = {
			isa = PBXGroup;
			children = (
				41CF5DEC178D06CF00001BC8 /* EJBindingCanvasContext2D.h */,
				41CF5DED178D06CF00001BC8 /* EJBindingCanvasContext2D.m */,
				41CF5DEE178D06CF00001BC8 /* EJBindingCanvasGradient.h */,
				41CF5DEF178D06CF00001BC8 /* EJBindingCanvasGradient.m */,
				41CF5DF0178D06CF00001BC8 /* EJBindingCanvasPattern.h */,
				41CF5DF1178D06CF00001BC8 /* EJBindingCanvasPattern.m */,
				41CF5DF2178D06CF00001BC8 /* EJBindingImageData.h */,
				41CF5DF3178D06CF00001BC8 /* EJBindingImageData.m */,
				41CF5DF4178D06CF00001BC8 /* EJBindingTextMetrics.h */,
				41CF5DF5178D06CF00001BC8 /* EJBindingTextMetrics.m */,
				41CF5DF6178D06CF00001BC8 /* EJCanvas2DTypes.h */,
				41CF5DF7178D06CF00001BC8 /* EJCanvasContext2D.h */,
				41CF5DF8178D06CF00001BC8 /* EJCanvasContext2D.m */,
				41CF5DF9178D06CF00001BC8 /* EJCanvasContext2DScreen.h */,
				41CF5DFA178D06CF00001BC8 /* EJCanvasContext2DScreen.m */,
				41CF5DFB178D06CF00001BC8 /* EJCanvasContext2DTexture.h */,
				41CF5DFC178D06CF00001BC8 /* EJCanvasContext2DTexture.m */,
				41CF5DFD178D06CF00001BC8 /* EJCanvasGradient.h */,
				41CF5DFE178D06CF00001BC8 /* EJCanvasGradient.m */,
				41CF5DFF178D06CF00001BC8 /* EJCanvasPattern.h */,
				41CF5E00178D06CF00001BC8 /* EJCanvasPattern.m */,
				41CF5E01178D06CF00001BC8 /* EJConvertColorRGBA.h */,
				41CF5E02178D06CF00001BC8 /* EJConvertColorRGBA.m */,
				41CF5E03178D06CF00001BC8 /* EJFont.h */,
				41CF5E04178D06CF00001BC8 /* EJFont.mm */,
				41CF5E05178D06CF00001BC8 /* EJGLProgram2D.h */,
				41CF5E06178D06CF00001BC8 /* EJGLProgram2D.m */,
				41CF5E07178D06CF00001BC8 /* EJGLProgram2DRadialGradient.h */,
				41CF5E08178D06CF00001BC8 /* EJGLProgram2DRadialGradient.m */,
				41CF5E09178D06CF00001BC8 /* EJImageData.h */,
				41CF5E0A178D06CF00001BC8 /* EJImageData.m */,
				41CF5E0B178D06CF00001BC8 /* EJPath.h */,
				41CF5E0C178D06CF00001BC8 /* EJPath.mm */,
				41CF5E0D178D06CF00001BC8 /* Shaders */,
			);
			path = 2D;
			sourceTree = "<group>";
		};
		41CF5E0D178D06CF00001BC8 /* Shaders */ = {
			isa = PBXGroup;
			children = (
				41CF5E0E178D06CF00001BC8 /* AlphaTexture.fsh */,
				41CF5E0F178D06CF00001BC8 /* Flat.fsh */,
				41CF5E10178D06CF00001BC8 /* Pattern.fsh */,
				41CF5E11178D06CF00001BC8 /* RadialGradient.fsh */,
				41CF5E12178D06CF00001BC8 /* Texture.fsh */,
				41CF5E13178D06CF00001BC8 /* Vertex.vsh */,
			);
			path = Shaders;
			sourceTree = "<group>";
		};
		41CF5E26178D06CF00001BC8 /* WebGL */ = {
			isa = PBXGroup;
			children = (
				41CF5E27178D06CF00001BC8 /* EJBindingCanvasContextWebGL.h */,
				41CF5E28178D06CF00001BC8 /* EJBindingCanvasContextWebGL.m */,
				41CF5E29178D06CF00001BC8 /* EJBindingWebGLExtensions.h */,
				41CF5E2A178D06CF00001BC8 /* EJBindingWebGLExtensions.m */,
				41CF5E2B178D06CF00001BC8 /* EJBindingWebGLObjects.h */,
				41CF5E2C178D06CF00001BC8 /* EJBindingWebGLObjects.m */,
				41CF5E2D178D06CF00001BC8 /* EJCanvasContextWebGL.h */,
				41CF5E2E178D06CF00001BC8 /* EJCanvasContextWebGL.m */,
				41CF5E2F178D06CF00001BC8 /* EJConvertWebGL.h */,
				41CF5E30178D06CF00001BC8 /* EJConvertWebGL.m */,
			);
			path = WebGL;
			sourceTree = "<group>";
		};
		41CF5E3D178D06CF00001BC8 /* EJUtils */ = {
			isa = PBXGroup;
			children = (
				41CF5E3E178D06CF00001BC8 /* EJBindingAccelerometer.h */,
				41CF5E3F178D06CF00001BC8 /* EJBindingAccelerometer.m */,
				41CF5E40178D06CF00001BC8 /* EJBindingAdBanner.h */,
				41CF5E41178D06CF00001BC8 /* EJBindingAdBanner.m */,
				41CF5E42178D06CF00001BC8 /* EJBindingDeviceMotion.h */,
				41CF5E43178D06CF00001BC8 /* EJBindingDeviceMotion.m */,
				41CF5E44178D06CF00001BC8 /* EJBindingGameCenter.h */,
				41CF5E45178D06CF00001BC8 /* EJBindingGameCenter.m */,
				41CF5E46178D06CF00001BC8 /* EJBindingHttpRequest.h */,
				41CF5E47178D06CF00001BC8 /* EJBindingHttpRequest.m */,
				41CF5E48178D06CF00001BC8 /* EJBindingKeyInput.h */,
				41CF5E49178D06CF00001BC8 /* EJBindingKeyInput.m */,
				41CF5E4A178D06CF00001BC8 /* EJBindingLocalStorage.h */,
				41CF5E4B178D06CF00001BC8 /* EJBindingLocalStorage.m */,
				41CF5E4C178D06CF00001BC8 /* EJBindingTouchInput.h */,
				41CF5E4D178D06CF00001BC8 /* EJBindingTouchInput.m */,
				41CF5E4E178D06CF00001BC8 /* EJBindingWebSocket.h */,
				41CF5E4F178D06CF00001BC8 /* EJBindingWebSocket.m */,
				41CF5E50178D06CF00001BC8 /* EJBindingWindowEvents.h */,
				41CF5E51178D06CF00001BC8 /* EJBindingWindowEvents.m */,
				41CF5E52178D06CF00001BC8 /* EJBindingWizViewManager.h */,
				41CF5E53178D06CF00001BC8 /* EJBindingWizViewManager.m */,
				41CF5E54178D06CF00001BC8 /* IAP */,
			);
			path = EJUtils;
			sourceTree = "<group>";
		};
		41CF5E54178D06CF00001BC8 /* IAP */ = {
			isa = PBXGroup;
			children = (
				41CF5E55178D06CF00001BC8 /* EJBindingIAPManager.h */,
				41CF5E56178D06CF00001BC8 /* EJBindingIAPManager.m */,
				41CF5E57178D06CF00001BC8 /* EJBindingIAPProduct.h */,
				41CF5E58178D06CF00001BC8 /* EJBindingIAPProduct.m */,
				41CF5E59178D06CF00001BC8 /* EJBindingIAPTransaction.h */,
				41CF5E5A178D06CF00001BC8 /* EJBindingIAPTransaction.m */,
			);
			path = IAP;
			sourceTree = "<group>";
		};
		41CF5E5B178D06CF00001BC8 /* lib */ = {
			isa = PBXGroup;
			children = (
				41CF5E5C178D06CF00001BC8 /* JavaScriptCore */,
				41CF5E67178D06CF00001BC8 /* libJavaScriptCore.a */,
				41CF5E68178D06CF00001BC8 /* SocketRocket */,
			);
			path = lib;
			sourceTree = "<group>";
		};
		41CF5E5C178D06CF00001BC8 /* JavaScriptCore */ = {
			isa = PBXGroup;
			children = (
				41CF5E5D178D06CF00001BC8 /* JavaScript.h */,
				41CF5E5E178D06CF00001BC8 /* JavaScriptCore.h */,
				41CF5E5F178D06CF00001BC8 /* JSBase.h */,
				41CF5E60178D06CF00001BC8 /* JSContextRef.h */,
				41CF5E61178D06CF00001BC8 /* JSObjectRef.h */,
				41CF5E62178D06CF00001BC8 /* JSStringRef.h */,
				41CF5E63178D06CF00001BC8 /* JSStringRefCF.h */,
				41CF5E64178D06CF00001BC8 /* JSTypedArray.h */,
				41CF5E65178D06CF00001BC8 /* JSValueRef.h */,
				41CF5E66178D06CF00001BC8 /* WebKitAvailability.h */,
			);
			path = JavaScriptCore;
			sourceTree = "<group>";
		};
		41CF5E68178D06CF00001BC8 /* SocketRocket */ = {
			isa = PBXGroup;
			children = (
				41CF5E69178D06CF00001BC8 /* base64.c */,
				41CF5E6A178D06CF00001BC8 /* base64.h */,
				41CF5E6B178D06CF00001BC8 /* NSData+SRB64Additions.h */,
				41CF5E6C178D06CF00001BC8 /* NSData+SRB64Additions.m */,
				41CF5E6D178D06CF00001BC8 /* SocketRocket-Prefix.pch */,
				41CF5E6E178D06CF00001BC8 /* SRWebSocket.h */,
				41CF5E6F178D06CF00001BC8 /* SRWebSocket.m */,
			);
			path = SocketRocket;
			sourceTree = "<group>";
		};
/* End PBXGroup section */

/* Begin PBXNativeTarget section */
		1D6058900D05DD3D006BFB54 /* exampleWizViewManager */ = {
			isa = PBXNativeTarget;
			buildConfigurationList = 1D6058960D05DD3E006BFB54 /* Build configuration list for PBXNativeTarget "exampleWizViewManager" */;
			buildPhases = (
				F6FA7BE416AFD70C00AD8974 /* Copy content to www folder */,
				304B58A110DAC018002A0835 /* Touch www folder */,
				1D60588D0D05DD3D006BFB54 /* Resources */,
				1D60588E0D05DD3D006BFB54 /* Sources */,
				1D60588F0D05DD3D006BFB54 /* Frameworks */,
			);
			buildRules = (
			);
			dependencies = (
				301BF551109A68C00062928A /* PBXTargetDependency */,
			);
			name = exampleWizViewManager;
			productName = exampleWizViewManager;
			productReference = 1D6058910D05DD3D006BFB54 /* exampleWizViewManager.app */;
			productType = "com.apple.product-type.application";
		};
/* End PBXNativeTarget section */

/* Begin PBXProject section */
		29B97313FDCFA39411CA2CEA /* Project object */ = {
			isa = PBXProject;
			attributes = {
				LastUpgradeCheck = 0430;
			};
			buildConfigurationList = C01FCF4E08A954540054247B /* Build configuration list for PBXProject "exampleWizViewManager" */;
			compatibilityVersion = "Xcode 3.2";
			developmentRegion = English;
			hasScannedForEncodings = 1;
			knownRegions = (
				English,
				Japanese,
				French,
				German,
				en,
				es,
				de,
				se,
			);
			mainGroup = 29B97314FDCFA39411CA2CEA /* CustomTemplate */;
			projectDirPath = "";
			projectReferences = (
				{
					ProductGroup = 301BF52E109A57CC0062928A /* Products */;
					ProjectRef = 301BF52D109A57CC0062928A /* CordovaLib.xcodeproj */;
				},
			);
			projectRoot = "";
			targets = (
				1D6058900D05DD3D006BFB54 /* exampleWizViewManager */,
			);
		};
/* End PBXProject section */

/* Begin PBXReferenceProxy section */
		301BF535109A57CC0062928A /* libCordova.a */ = {
			isa = PBXReferenceProxy;
			fileType = archive.ar;
			path = libCordova.a;
			remoteRef = 301BF534109A57CC0062928A /* PBXContainerItemProxy */;
			sourceTree = BUILT_PRODUCTS_DIR;
		};
/* End PBXReferenceProxy section */

/* Begin PBXResourcesBuildPhase section */
		1D60588D0D05DD3D006BFB54 /* Resources */ = {
			isa = PBXResourcesBuildPhase;
			buildActionMask = 2147483647;
			files = (
				41CF5EC7178D32E500001BC8 /* AlphaTexture.fsh in Resources */,
				41CF5EC8178D32E500001BC8 /* Flat.fsh in Resources */,
				41CF5EC9178D32E500001BC8 /* Pattern.fsh in Resources */,
				41CF5ECA178D32E500001BC8 /* RadialGradient.fsh in Resources */,
				41CF5ECB178D32E500001BC8 /* Texture.fsh in Resources */,
				41CF5ECC178D32E500001BC8 /* Vertex.vsh in Resources */,
				F840E1F1165FE0F500CFE078 /* config.xml in Resources */,
				301BF570109A69640062928A /* www in Resources */,
				308D05371370CCF300D202BF /* icon-72.png in Resources */,
				308D05381370CCF300D202BF /* icon.png in Resources */,
				308D05391370CCF300D202BF /* icon@2x.png in Resources */,
				3072F99713A8081B00425683 /* Capture.bundle in Resources */,
				1F766FE113BBADB100FB74C0 /* Localizable.strings in Resources */,
				302D95F214D2391D003F00A1 /* MainViewController.xib in Resources */,
				3088BBBD154F3926009F9C59 /* Default-Landscape@2x~ipad.png in Resources */,
				3088BBBE154F3926009F9C59 /* Default-Landscape~ipad.png in Resources */,
				3088BBBF154F3926009F9C59 /* Default-Portrait@2x~ipad.png in Resources */,
				3088BBC0154F3926009F9C59 /* Default-Portrait~ipad.png in Resources */,
				3088BBC1154F3926009F9C59 /* Default@2x~iphone.png in Resources */,
				3088BBC2154F3926009F9C59 /* Default~iphone.png in Resources */,
				D4A0D8761607E02300AEF8BB /* Default-568h@2x~iphone.png in Resources */,
			);
			runOnlyForDeploymentPostprocessing = 0;
		};
/* End PBXResourcesBuildPhase section */

/* Begin PBXShellScriptBuildPhase section */
		304B58A110DAC018002A0835 /* Touch www folder */ = {
			isa = PBXShellScriptBuildPhase;
			buildActionMask = 2147483647;
			files = (
			);
			inputPaths = (
			);
			name = "Touch www folder";
			outputPaths = (
			);
			runOnlyForDeploymentPostprocessing = 0;
			shellPath = /bin/sh;
			shellScript = "touch -cm ${PROJECT_DIR}/www";
		};
		F6FA7BE416AFD70C00AD8974 /* Copy content to www folder */ = {
			isa = PBXShellScriptBuildPhase;
			buildActionMask = 2147483647;
			files = (
			);
			inputPaths = (
			);
			name = "Copy content to www folder";
			outputPaths = (
			);
			runOnlyForDeploymentPostprocessing = 0;
			shellPath = /bin/sh;
			shellScript = "cp -r $PROJECT_DIR/../www $PROJECT_DIR\ncp -r $PROJECT_DIR/../../www/phonegap $PROJECT_DIR/www";
		};
/* End PBXShellScriptBuildPhase section */

/* Begin PBXSourcesBuildPhase section */
		1D60588E0D05DD3D006BFB54 /* Sources */ = {
			isa = PBXSourcesBuildPhase;
			buildActionMask = 2147483647;
			files = (
				1D60589B0D05DD56006BFB54 /* main.m in Sources */,
				1D3623260D0F684500981E51 /* AppDelegate.m in Sources */,
				302D95F114D2391D003F00A1 /* MainViewController.m in Sources */,
				41CF5E78178D06CF00001BC8 /* EJAudioSourceAVAudio.m in Sources */,
				41CF5E79178D06CF00001BC8 /* EJAudioSourceOpenAL.m in Sources */,
				41CF5E7A178D06CF00001BC8 /* EJBindingAudio.m in Sources */,
				41CF5E7B178D06CF00001BC8 /* EJOpenALBuffer.m in Sources */,
				41CF5E7C178D06CF00001BC8 /* EJSharedOpenALManager.m in Sources */,
				41CF5E7D178D06CF00001BC8 /* EJBindingBase.m in Sources */,
				41CF5E7E178D06CF00001BC8 /* EJBindingEjectaCore.m in Sources */,
				41CF5E7F178D06CF00001BC8 /* EJBindingEventedBase.m in Sources */,
				41CF5E80178D06CF00001BC8 /* EJBindingVideo.m in Sources */,
				41CF5E81178D06CF00001BC8 /* EJBindingCanvasContext2D.m in Sources */,
				41CF5E82178D06CF00001BC8 /* EJBindingCanvasGradient.m in Sources */,
				41CF5E83178D06CF00001BC8 /* EJBindingCanvasPattern.m in Sources */,
				41CF5E84178D06CF00001BC8 /* EJBindingImageData.m in Sources */,
				41CF5E85178D06CF00001BC8 /* EJBindingTextMetrics.m in Sources */,
				41CF5E86178D06CF00001BC8 /* EJCanvasContext2D.m in Sources */,
				41CF5E87178D06CF00001BC8 /* EJCanvasContext2DScreen.m in Sources */,
				41CF5E88178D06CF00001BC8 /* EJCanvasContext2DTexture.m in Sources */,
				41CF5E89178D06CF00001BC8 /* EJCanvasGradient.m in Sources */,
				41CF5E8A178D06CF00001BC8 /* EJCanvasPattern.m in Sources */,
				41CF5E8B178D06CF00001BC8 /* EJConvertColorRGBA.m in Sources */,
				41CF5E8C178D06CF00001BC8 /* EJFont.mm in Sources */,
				41CF5E8D178D06CF00001BC8 /* EJGLProgram2D.m in Sources */,
				41CF5E8E178D06CF00001BC8 /* EJGLProgram2DRadialGradient.m in Sources */,
				41CF5E8F178D06CF00001BC8 /* EJImageData.m in Sources */,
				41CF5E90178D06CF00001BC8 /* EJPath.mm in Sources */,
				41CF5E91178D06CF00001BC8 /* AlphaTexture.fsh in Sources */,
				41CF5E92178D06CF00001BC8 /* Flat.fsh in Sources */,
				41CF5E93178D06CF00001BC8 /* Pattern.fsh in Sources */,
				41CF5E94178D06CF00001BC8 /* RadialGradient.fsh in Sources */,
				41CF5E95178D06CF00001BC8 /* Texture.fsh in Sources */,
				41CF5E96178D06CF00001BC8 /* Vertex.vsh in Sources */,
				41CF5E97178D06CF00001BC8 /* EAGLView.m in Sources */,
				41CF5E98178D06CF00001BC8 /* EJBindingCanvas.m in Sources */,
				41CF5E99178D06CF00001BC8 /* EJBindingCanvasStyle.m in Sources */,
				41CF5E9A178D06CF00001BC8 /* EJBindingImage.m in Sources */,
				41CF5E9B178D06CF00001BC8 /* EJCanvasContext.m in Sources */,
				41CF5E9C178D06CF00001BC8 /* EJSharedTextureCache.m in Sources */,
				41CF5E9D178D06CF00001BC8 /* EJTexture.m in Sources */,
				41CF5E9E178D06CF00001BC8 /* EJTextureStorage.m in Sources */,
				41CF5E9F178D06CF00001BC8 /* EJBindingCanvasContextWebGL.m in Sources */,
				41CF5EA0178D06CF00001BC8 /* EJBindingWebGLExtensions.m in Sources */,
				41CF5EA1178D06CF00001BC8 /* EJBindingWebGLObjects.m in Sources */,
				41CF5EA2178D06CF00001BC8 /* EJCanvasContextWebGL.m in Sources */,
				41CF5EA3178D06CF00001BC8 /* EJConvertWebGL.m in Sources */,
				41CF5EA4178D06CF00001BC8 /* EJClassLoader.m in Sources */,
				41CF5EA5178D06CF00001BC8 /* EJConvert.m in Sources */,
				41CF5EA7178D06CF00001BC8 /* EJNonRetainingProxy.m in Sources */,
				41CF5EA8178D06CF00001BC8 /* EJSharedOpenGLContext.m in Sources */,
				41CF5EA9178D06CF00001BC8 /* EJTimer.m in Sources */,
				41CF5EAA178D06CF00001BC8 /* EJBindingAccelerometer.m in Sources */,
				41CF5EAB178D06CF00001BC8 /* EJBindingAdBanner.m in Sources */,
				41CF5EAC178D06CF00001BC8 /* EJBindingDeviceMotion.m in Sources */,
				41CF5EAD178D06CF00001BC8 /* EJBindingGameCenter.m in Sources */,
				41CF5EAE178D06CF00001BC8 /* EJBindingHttpRequest.m in Sources */,
				41CF5EAF178D06CF00001BC8 /* EJBindingKeyInput.m in Sources */,
				41CF5EB0178D06CF00001BC8 /* EJBindingLocalStorage.m in Sources */,
				41CF5EB1178D06CF00001BC8 /* EJBindingTouchInput.m in Sources */,
				41CF5EB2178D06CF00001BC8 /* EJBindingWebSocket.m in Sources */,
				41CF5EB3178D06CF00001BC8 /* EJBindingWindowEvents.m in Sources */,
				41CF5EB4178D06CF00001BC8 /* EJBindingWizViewManager.m in Sources */,
				41CF5EB5178D06CF00001BC8 /* EJBindingIAPManager.m in Sources */,
				41CF5EB6178D06CF00001BC8 /* EJBindingIAPProduct.m in Sources */,
				41CF5EB7178D06CF00001BC8 /* EJBindingIAPTransaction.m in Sources */,
				41CF5EB9178D06CF00001BC8 /* base64.c in Sources */,
				41CF5EBA178D06CF00001BC8 /* NSData+SRB64Additions.m in Sources */,
				41CF5EBB178D06CF00001BC8 /* SRWebSocket.m in Sources */,
				41CF5EBC178D06D000001BC8 /* WizCanvasView.m in Sources */,
				41CF5EBD178D06D000001BC8 /* WizViewManagerPlugin.m in Sources */,
				41CF5EBE178D06D000001BC8 /* WizWebView.m in Sources */,
			);
			runOnlyForDeploymentPostprocessing = 0;
		};
/* End PBXSourcesBuildPhase section */

/* Begin PBXTargetDependency section */
		301BF551109A68C00062928A /* PBXTargetDependency */ = {
			isa = PBXTargetDependency;
			name = CordovaLib;
			targetProxy = 301BF550109A68C00062928A /* PBXContainerItemProxy */;
		};
/* End PBXTargetDependency section */

/* Begin PBXVariantGroup section */
		1F766FDC13BBADB100FB74C0 /* Localizable.strings */ = {
			isa = PBXVariantGroup;
			children = (
				1F766FDD13BBADB100FB74C0 /* en */,
			);
			name = Localizable.strings;
			sourceTree = "<group>";
		};
		1F766FDF13BBADB100FB74C0 /* Localizable.strings */ = {
			isa = PBXVariantGroup;
			children = (
				1F766FE013BBADB100FB74C0 /* es */,
			);
			name = Localizable.strings;
			sourceTree = "<group>";
		};
		30A0434314DC770100060A13 /* Localizable.strings */ = {
			isa = PBXVariantGroup;
			children = (
				30A0434414DC770100060A13 /* de */,
			);
			name = Localizable.strings;
			sourceTree = "<group>";
		};
		30A0434614DC770100060A13 /* Localizable.strings */ = {
			isa = PBXVariantGroup;
			children = (
				30A0434714DC770100060A13 /* se */,
			);
			name = Localizable.strings;
			sourceTree = "<group>";
		};
/* End PBXVariantGroup section */

/* Begin XCBuildConfiguration section */
		1D6058940D05DD3E006BFB54 /* Debug */ = {
			isa = XCBuildConfiguration;
			buildSettings = {
				ALWAYS_SEARCH_USER_PATHS = NO;
				CLANG_ENABLE_OBJC_ARC = NO;
				CLANG_WARN_OBJCPP_ARC_ABI = YES;
				COPY_PHASE_STRIP = NO;
				GCC_DYNAMIC_NO_PIC = NO;
				GCC_OPTIMIZATION_LEVEL = 0;
				GCC_PRECOMPILE_PREFIX_HEADER = YES;
				GCC_PREFIX_HEADER = "exampleWizViewManager/exampleWizViewManager-Prefix.pch";
				GCC_THUMB_SUPPORT = NO;
				GCC_VERSION = com.apple.compilers.llvm.clang.1_0;
				HEADER_SEARCH_PATHS = (
					"${SOURCE_ROOT}",
					"${SOURCE_ROOT}/../../ios/project/Plugins/WizViewManagerPlugin/Ejecta",
					"/Users/Ally/Documents/Wizcorp/phonegap-plugin-wizViewManager/ios/project/Plugins/WizViewManagerPlugin/lib",
				);
				INFOPLIST_FILE = "exampleWizViewManager/exampleWizViewManager-Info.plist";
				IPHONEOS_DEPLOYMENT_TARGET = 5.0;
				LIBRARY_SEARCH_PATHS = (
					"\"$(inherited)\"",
					"/Users/Ally/Documents/Wizcorp/phonegap-plugin-wizViewManager/ios/project/Plugins/WizViewManagerPlugin/Ejecta",
					"/Users/Ally/Documents/Wizcorp/phonegap-plugin-wizViewManager/ios/project/Plugins/WizViewManagerPlugin/lib",
				);
				PRODUCT_NAME = exampleWizViewManager;
				TARGETED_DEVICE_FAMILY = "1,2";
				VALID_ARCHS = armv7;
			};
			name = Debug;
		};
		1D6058950D05DD3E006BFB54 /* Release */ = {
			isa = XCBuildConfiguration;
			buildSettings = {
				ALWAYS_SEARCH_USER_PATHS = NO;
				CLANG_ENABLE_OBJC_ARC = NO;
				CLANG_WARN_OBJCPP_ARC_ABI = YES;
				COPY_PHASE_STRIP = YES;
				GCC_PRECOMPILE_PREFIX_HEADER = YES;
				GCC_PREFIX_HEADER = "exampleWizViewManager/exampleWizViewManager-Prefix.pch";
				GCC_THUMB_SUPPORT = NO;
				GCC_VERSION = com.apple.compilers.llvm.clang.1_0;
				HEADER_SEARCH_PATHS = (
					"${SOURCE_ROOT}",
					"${SOURCE_ROOT}/../../ios/project/Plugins/WizViewManagerPlugin/Ejecta",
					"/Users/Ally/Documents/Wizcorp/phonegap-plugin-wizViewManager/ios/project/Plugins/WizViewManagerPlugin/lib",
				);
				INFOPLIST_FILE = "exampleWizViewManager/exampleWizViewManager-Info.plist";
				IPHONEOS_DEPLOYMENT_TARGET = 5.0;
				LIBRARY_SEARCH_PATHS = (
					"\"$(inherited)\"",
					"/Users/Ally/Documents/Wizcorp/phonegap-plugin-wizViewManager/ios/project/Plugins/WizViewManagerPlugin/Ejecta",
					"/Users/Ally/Documents/Wizcorp/phonegap-plugin-wizViewManager/ios/project/Plugins/WizViewManagerPlugin/lib",
				);
				PRODUCT_NAME = exampleWizViewManager;
				TARGETED_DEVICE_FAMILY = "1,2";
				VALID_ARCHS = armv7;
			};
			name = Release;
		};
		C01FCF4F08A954540054247B /* Debug */ = {
			isa = XCBuildConfiguration;
			buildSettings = {
				ARCHS = "$(ARCHS_STANDARD_32_BIT)";
				"CODE_SIGN_IDENTITY[sdk=iphoneos*]" = "iPhone Developer";
				GCC_C_LANGUAGE_STANDARD = c99;
				GCC_THUMB_SUPPORT = NO;
				GCC_VERSION = com.apple.compilers.llvm.clang.1_0;
				GCC_WARN_ABOUT_RETURN_TYPE = YES;
				GCC_WARN_UNUSED_VARIABLE = YES;
				IPHONEOS_DEPLOYMENT_TARGET = 5.0;
				OTHER_LDFLAGS = (
					"-weak_framework",
					CoreFoundation,
					"-weak_framework",
					UIKit,
					"-weak_framework",
					AVFoundation,
					"-weak_framework",
					CoreMedia,
					"-weak-lSystem",
					"-all_load",
					"-Obj-C",
				);
				SDKROOT = iphoneos;
				SKIP_INSTALL = NO;
				USER_HEADER_SEARCH_PATHS = "";
			};
			name = Debug;
		};
		C01FCF5008A954540054247B /* Release */ = {
			isa = XCBuildConfiguration;
			buildSettings = {
				ARCHS = "$(ARCHS_STANDARD_32_BIT)";
				"CODE_SIGN_IDENTITY[sdk=iphoneos*]" = "iPhone Developer";
				GCC_C_LANGUAGE_STANDARD = c99;
				GCC_THUMB_SUPPORT = NO;
				GCC_VERSION = com.apple.compilers.llvm.clang.1_0;
				GCC_WARN_ABOUT_RETURN_TYPE = YES;
				GCC_WARN_UNUSED_VARIABLE = YES;
				IPHONEOS_DEPLOYMENT_TARGET = 5.0;
				OTHER_LDFLAGS = (
					"-weak_framework",
					CoreFoundation,
					"-weak_framework",
					UIKit,
					"-weak_framework",
					AVFoundation,
					"-weak_framework",
					CoreMedia,
					"-weak-lSystem",
					"-all_load",
					"-Obj-C",
				);
				SDKROOT = iphoneos;
				SKIP_INSTALL = NO;
				USER_HEADER_SEARCH_PATHS = "";
			};
			name = Release;
		};
/* End XCBuildConfiguration section */

/* Begin XCConfigurationList section */
		1D6058960D05DD3E006BFB54 /* Build configuration list for PBXNativeTarget "exampleWizViewManager" */ = {
			isa = XCConfigurationList;
			buildConfigurations = (
				1D6058940D05DD3E006BFB54 /* Debug */,
				1D6058950D05DD3E006BFB54 /* Release */,
			);
			defaultConfigurationIsVisible = 0;
			defaultConfigurationName = Release;
		};
		C01FCF4E08A954540054247B /* Build configuration list for PBXProject "exampleWizViewManager" */ = {
			isa = XCConfigurationList;
			buildConfigurations = (
				C01FCF4F08A954540054247B /* Debug */,
				C01FCF5008A954540054247B /* Release */,
			);
			defaultConfigurationIsVisible = 0;
			defaultConfigurationName = Release;
		};
/* End XCConfigurationList section */
	};
	rootObject = 29B97313FDCFA39411CA2CEA /* Project object */;
}
